// !$*UTF8*$!
{
	archiveVersion = 1;
	classes = {
	};
	objectVersion = 56;
	objects = {

/* Begin PBXBuildFile section */
		1839745F2A525B1A00F0101A /* Network.swift in Sources */ = {isa = PBXBuildFile; fileRef = 1839745E2A525B1A00F0101A /* Network.swift */; };
		183974612A525B3300F0101A /* NetworkManager.swift in Sources */ = {isa = PBXBuildFile; fileRef = 183974602A525B3300F0101A /* NetworkManager.swift */; };
		183974632A525B4500F0101A /* NetworkError.swift in Sources */ = {isa = PBXBuildFile; fileRef = 183974622A525B4500F0101A /* NetworkError.swift */; };
		183974662A52636B00F0101A /* LikeService.swift in Sources */ = {isa = PBXBuildFile; fileRef = 183974652A52636B00F0101A /* LikeService.swift */; };
		183974692A52637700F0101A /* Service.swift in Sources */ = {isa = PBXBuildFile; fileRef = 183974682A52637700F0101A /* Service.swift */; };
		1839746D2A52A28100F0101A /* HTTPMethod.swift in Sources */ = {isa = PBXBuildFile; fileRef = 1839746C2A52A28100F0101A /* HTTPMethod.swift */; };
		1839746F2A52A29D00F0101A /* APIError.swift in Sources */ = {isa = PBXBuildFile; fileRef = 1839746E2A52A29D00F0101A /* APIError.swift */; };
		183974722A52A2B900F0101A /* URLRequestBuilder.swift in Sources */ = {isa = PBXBuildFile; fileRef = 183974712A52A2B900F0101A /* URLRequestBuilder.swift */; };
		183974742A52A32A00F0101A /* LikeRequestDirector.swift in Sources */ = {isa = PBXBuildFile; fileRef = 183974732A52A32A00F0101A /* LikeRequestDirector.swift */; };
		183974772A52A3A800F0101A /* LikeDTO.swift in Sources */ = {isa = PBXBuildFile; fileRef = 183974762A52A3A800F0101A /* LikeDTO.swift */; };
		185602252A4DEEDD00748617 /* FanFollowTests.swift in Sources */ = {isa = PBXBuildFile; fileRef = 185602242A4DEEDD00748617 /* FanFollowTests.swift */; };
		185DB85F2A52F5660071023B /* ChatRequestDirector.swift in Sources */ = {isa = PBXBuildFile; fileRef = 185DB85E2A52F5660071023B /* ChatRequestDirector.swift */; };
		188CC4042A4D7FD900BAB85A /* AppDelegate.swift in Sources */ = {isa = PBXBuildFile; fileRef = 188CC4032A4D7FD900BAB85A /* AppDelegate.swift */; };
		188CC4062A4D7FD900BAB85A /* SceneDelegate.swift in Sources */ = {isa = PBXBuildFile; fileRef = 188CC4052A4D7FD900BAB85A /* SceneDelegate.swift */; };
		188CC4082A4D7FD900BAB85A /* ViewController.swift in Sources */ = {isa = PBXBuildFile; fileRef = 188CC4072A4D7FD900BAB85A /* ViewController.swift */; };
		188CC40D2A4D7FDB00BAB85A /* Assets.xcassets in Resources */ = {isa = PBXBuildFile; fileRef = 188CC40C2A4D7FDB00BAB85A /* Assets.xcassets */; };
		188CC4102A4D7FDB00BAB85A /* LaunchScreen.storyboard in Resources */ = {isa = PBXBuildFile; fileRef = 188CC40E2A4D7FDB00BAB85A /* LaunchScreen.storyboard */; };
		188CC4192A4D81F200BAB85A /* RxCocoa in Frameworks */ = {isa = PBXBuildFile; productRef = 188CC4182A4D81F200BAB85A /* RxCocoa */; };
		188CC41B2A4D81F200BAB85A /* RxRelay in Frameworks */ = {isa = PBXBuildFile; productRef = 188CC41A2A4D81F200BAB85A /* RxRelay */; };
		188CC41D2A4D81F200BAB85A /* RxSwift in Frameworks */ = {isa = PBXBuildFile; productRef = 188CC41C2A4D81F200BAB85A /* RxSwift */; };
		188CC4202A4D820F00BAB85A /* SnapKit in Frameworks */ = {isa = PBXBuildFile; productRef = 188CC41F2A4D820F00BAB85A /* SnapKit */; };
		188CC4232A4D824800BAB85A /* Then in Frameworks */ = {isa = PBXBuildFile; productRef = 188CC4222A4D824800BAB85A /* Then */; };
		18E6703A2A53BCC400C52942 /* ChatDTO.swift in Sources */ = {isa = PBXBuildFile; fileRef = 18E670392A53BCC400C52942 /* ChatDTO.swift */; };
		18E6703C2A53BD1400C52942 /* ChatService.swift in Sources */ = {isa = PBXBuildFile; fileRef = 18E6703B2A53BD1400C52942 /* ChatService.swift */; };
		3C45B0192A52A7C600307DCF /* Bundle+Extension.swift in Sources */ = {isa = PBXBuildFile; fileRef = 3C45B0182A52A7C600307DCF /* Bundle+Extension.swift */; };
		3C45B01B2A52A7E000307DCF /* SupabaseInfo.plist in Resources */ = {isa = PBXBuildFile; fileRef = 3C45B01A2A52A7E000307DCF /* SupabaseInfo.plist */; };
/* End PBXBuildFile section */

/* Begin PBXContainerItemProxy section */
		185602262A4DEEDD00748617 /* PBXContainerItemProxy */ = {
			isa = PBXContainerItemProxy;
			containerPortal = 188CC3F82A4D7FD900BAB85A /* Project object */;
			proxyType = 1;
			remoteGlobalIDString = 188CC3FF2A4D7FD900BAB85A;
			remoteInfo = FanFollow;
		};
/* End PBXContainerItemProxy section */

/* Begin PBXFileReference section */
		1839745E2A525B1A00F0101A /* Network.swift */ = {isa = PBXFileReference; lastKnownFileType = sourcecode.swift; path = Network.swift; sourceTree = "<group>"; };
		183974602A525B3300F0101A /* NetworkManager.swift */ = {isa = PBXFileReference; lastKnownFileType = sourcecode.swift; path = NetworkManager.swift; sourceTree = "<group>"; };
		183974622A525B4500F0101A /* NetworkError.swift */ = {isa = PBXFileReference; lastKnownFileType = sourcecode.swift; path = NetworkError.swift; sourceTree = "<group>"; };
		183974652A52636B00F0101A /* LikeService.swift */ = {isa = PBXFileReference; lastKnownFileType = sourcecode.swift; path = LikeService.swift; sourceTree = "<group>"; };
		183974682A52637700F0101A /* Service.swift */ = {isa = PBXFileReference; lastKnownFileType = sourcecode.swift; path = Service.swift; sourceTree = "<group>"; };
		1839746C2A52A28100F0101A /* HTTPMethod.swift */ = {isa = PBXFileReference; lastKnownFileType = sourcecode.swift; path = HTTPMethod.swift; sourceTree = "<group>"; };
		1839746E2A52A29D00F0101A /* APIError.swift */ = {isa = PBXFileReference; lastKnownFileType = sourcecode.swift; path = APIError.swift; sourceTree = "<group>"; };
		183974712A52A2B900F0101A /* URLRequestBuilder.swift */ = {isa = PBXFileReference; lastKnownFileType = sourcecode.swift; path = URLRequestBuilder.swift; sourceTree = "<group>"; };
		183974732A52A32A00F0101A /* LikeRequestDirector.swift */ = {isa = PBXFileReference; lastKnownFileType = sourcecode.swift; path = LikeRequestDirector.swift; sourceTree = "<group>"; };
		183974762A52A3A800F0101A /* LikeDTO.swift */ = {isa = PBXFileReference; lastKnownFileType = sourcecode.swift; path = LikeDTO.swift; sourceTree = "<group>"; };
		185602222A4DEEDD00748617 /* FanFollowTests.xctest */ = {isa = PBXFileReference; explicitFileType = wrapper.cfbundle; includeInIndex = 0; path = FanFollowTests.xctest; sourceTree = BUILT_PRODUCTS_DIR; };
		185602242A4DEEDD00748617 /* FanFollowTests.swift */ = {isa = PBXFileReference; lastKnownFileType = sourcecode.swift; path = FanFollowTests.swift; sourceTree = "<group>"; };
		185DB85E2A52F5660071023B /* ChatRequestDirector.swift */ = {isa = PBXFileReference; lastKnownFileType = sourcecode.swift; path = ChatRequestDirector.swift; sourceTree = "<group>"; };
		188CC4002A4D7FD900BAB85A /* FanFollow.app */ = {isa = PBXFileReference; explicitFileType = wrapper.application; includeInIndex = 0; path = FanFollow.app; sourceTree = BUILT_PRODUCTS_DIR; };
		188CC4032A4D7FD900BAB85A /* AppDelegate.swift */ = {isa = PBXFileReference; lastKnownFileType = sourcecode.swift; path = AppDelegate.swift; sourceTree = "<group>"; };
		188CC4052A4D7FD900BAB85A /* SceneDelegate.swift */ = {isa = PBXFileReference; lastKnownFileType = sourcecode.swift; path = SceneDelegate.swift; sourceTree = "<group>"; };
		188CC4072A4D7FD900BAB85A /* ViewController.swift */ = {isa = PBXFileReference; lastKnownFileType = sourcecode.swift; path = ViewController.swift; sourceTree = "<group>"; };
		188CC40C2A4D7FDB00BAB85A /* Assets.xcassets */ = {isa = PBXFileReference; lastKnownFileType = folder.assetcatalog; path = Assets.xcassets; sourceTree = "<group>"; };
		188CC40F2A4D7FDB00BAB85A /* Base */ = {isa = PBXFileReference; lastKnownFileType = file.storyboard; name = Base; path = Base.lproj/LaunchScreen.storyboard; sourceTree = "<group>"; };
		188CC4112A4D7FDB00BAB85A /* Info.plist */ = {isa = PBXFileReference; lastKnownFileType = text.plist.xml; path = Info.plist; sourceTree = "<group>"; };
		18E670392A53BCC400C52942 /* ChatDTO.swift */ = {isa = PBXFileReference; lastKnownFileType = sourcecode.swift; path = ChatDTO.swift; sourceTree = "<group>"; };
		18E6703B2A53BD1400C52942 /* ChatService.swift */ = {isa = PBXFileReference; lastKnownFileType = sourcecode.swift; path = ChatService.swift; sourceTree = "<group>"; };
		3C45B0182A52A7C600307DCF /* Bundle+Extension.swift */ = {isa = PBXFileReference; lastKnownFileType = sourcecode.swift; path = "Bundle+Extension.swift"; sourceTree = "<group>"; };
		3C45B01A2A52A7E000307DCF /* SupabaseInfo.plist */ = {isa = PBXFileReference; lastKnownFileType = text.plist.xml; path = SupabaseInfo.plist; sourceTree = "<group>"; };
/* End PBXFileReference section */

/* Begin PBXFrameworksBuildPhase section */
		1856021F2A4DEEDD00748617 /* Frameworks */ = {
			isa = PBXFrameworksBuildPhase;
			buildActionMask = 2147483647;
			files = (
			);
			runOnlyForDeploymentPostprocessing = 0;
		};
		188CC3FD2A4D7FD900BAB85A /* Frameworks */ = {
			isa = PBXFrameworksBuildPhase;
			buildActionMask = 2147483647;
			files = (
				188CC4232A4D824800BAB85A /* Then in Frameworks */,
				188CC41D2A4D81F200BAB85A /* RxSwift in Frameworks */,
				188CC4202A4D820F00BAB85A /* SnapKit in Frameworks */,
				188CC41B2A4D81F200BAB85A /* RxRelay in Frameworks */,
				188CC4192A4D81F200BAB85A /* RxCocoa in Frameworks */,
			);
			runOnlyForDeploymentPostprocessing = 0;
		};
/* End PBXFrameworksBuildPhase section */

/* Begin PBXGroup section */
		1839745D2A525B0900F0101A /* NetworkManager */ = {
			isa = PBXGroup;
			children = (
				183974702A52A2AD00F0101A /* Builder */,
				1839746B2A52A27900F0101A /* Model */,
				1839745E2A525B1A00F0101A /* Network.swift */,
				183974602A525B3300F0101A /* NetworkManager.swift */,
				183974622A525B4500F0101A /* NetworkError.swift */,
			);
			path = NetworkManager;
			sourceTree = "<group>";
		};
		183974642A52636200F0101A /* Data */ = {
			isa = PBXGroup;
			children = (
				183974752A52A39F00F0101A /* Model */,
				183974672A52636F00F0101A /* Protocol */,
				183974652A52636B00F0101A /* LikeService.swift */,
			);
			path = Data;
			sourceTree = "<group>";
		};
		183974672A52636F00F0101A /* Protocol */ = {
			isa = PBXGroup;
			children = (
				183974682A52637700F0101A /* Service.swift */,
				18E6703B2A53BD1400C52942 /* ChatService.swift */,
			);
			path = Protocol;
			sourceTree = "<group>";
		};
		1839746B2A52A27900F0101A /* Model */ = {
			isa = PBXGroup;
			children = (
				1839746C2A52A28100F0101A /* HTTPMethod.swift */,
				1839746E2A52A29D00F0101A /* APIError.swift */,
			);
			path = Model;
			sourceTree = "<group>";
		};
		183974702A52A2AD00F0101A /* Builder */ = {
			isa = PBXGroup;
			children = (
				183974712A52A2B900F0101A /* URLRequestBuilder.swift */,
				183974732A52A32A00F0101A /* LikeRequestDirector.swift */,
				185DB85E2A52F5660071023B /* ChatRequestDirector.swift */,
			);
			path = Builder;
			sourceTree = "<group>";
		};
		183974752A52A39F00F0101A /* Model */ = {
			isa = PBXGroup;
			children = (
				183974762A52A3A800F0101A /* LikeDTO.swift */,
				18E670392A53BCC400C52942 /* ChatDTO.swift */,
			);
			path = Model;
			sourceTree = "<group>";
		};
		185602232A4DEEDD00748617 /* FanFollowTests */ = {
			isa = PBXGroup;
			children = (
				185602242A4DEEDD00748617 /* FanFollowTests.swift */,
			);
			path = FanFollowTests;
			sourceTree = "<group>";
		};
		188CC3F72A4D7FD900BAB85A = {
			isa = PBXGroup;
			children = (
				188CC4022A4D7FD900BAB85A /* FanFollow */,
				185602232A4DEEDD00748617 /* FanFollowTests */,
				188CC4012A4D7FD900BAB85A /* Products */,
			);
			sourceTree = "<group>";
		};
		188CC4012A4D7FD900BAB85A /* Products */ = {
			isa = PBXGroup;
			children = (
				188CC4002A4D7FD900BAB85A /* FanFollow.app */,
				185602222A4DEEDD00748617 /* FanFollowTests.xctest */,
			);
			name = Products;
			sourceTree = "<group>";
		};
		188CC4022A4D7FD900BAB85A /* FanFollow */ = {
			isa = PBXGroup;
			children = (
				3C29C8F42A4EAD9C002F0037 /* Resource */,
				3C29C8F32A4EAD95002F0037 /* Source */,
			);
			path = FanFollow;
			sourceTree = "<group>";
		};
		3C29C8F32A4EAD95002F0037 /* Source */ = {
			isa = PBXGroup;
			children = (
				183974642A52636200F0101A /* Data */,
				3C45B0162A52A79A00307DCF /* Util */,
				1839745D2A525B0900F0101A /* NetworkManager */,
				3C29C8F52A4EADE8002F0037 /* Application */,
				188CC4072A4D7FD900BAB85A /* ViewController.swift */,
			);
			path = Source;
			sourceTree = "<group>";
		};
		3C29C8F42A4EAD9C002F0037 /* Resource */ = {
			isa = PBXGroup;
			children = (
				188CC40C2A4D7FDB00BAB85A /* Assets.xcassets */,
				188CC40E2A4D7FDB00BAB85A /* LaunchScreen.storyboard */,
				188CC4112A4D7FDB00BAB85A /* Info.plist */,
				3C45B01A2A52A7E000307DCF /* SupabaseInfo.plist */,
			);
			path = Resource;
			sourceTree = "<group>";
		};
		3C29C8F52A4EADE8002F0037 /* Application */ = {
			isa = PBXGroup;
			children = (
				188CC4032A4D7FD900BAB85A /* AppDelegate.swift */,
				188CC4052A4D7FD900BAB85A /* SceneDelegate.swift */,
			);
			path = Application;
			sourceTree = "<group>";
		};
		3C45B0162A52A79A00307DCF /* Util */ = {
			isa = PBXGroup;
			children = (
				3C45B0172A52A7AC00307DCF /* Extension */,
			);
			path = Util;
			sourceTree = "<group>";
		};
		3C45B0172A52A7AC00307DCF /* Extension */ = {
			isa = PBXGroup;
			children = (
				3C45B0182A52A7C600307DCF /* Bundle+Extension.swift */,
			);
			path = Extension;
			sourceTree = "<group>";
		};
/* End PBXGroup section */

/* Begin PBXNativeTarget section */
		185602212A4DEEDD00748617 /* FanFollowTests */ = {
			isa = PBXNativeTarget;
			buildConfigurationList = 1856022A2A4DEEDD00748617 /* Build configuration list for PBXNativeTarget "FanFollowTests" */;
			buildPhases = (
				1856021E2A4DEEDD00748617 /* Sources */,
				1856021F2A4DEEDD00748617 /* Frameworks */,
				185602202A4DEEDD00748617 /* Resources */,
			);
			buildRules = (
			);
			dependencies = (
				185602272A4DEEDD00748617 /* PBXTargetDependency */,
			);
			name = FanFollowTests;
			productName = FanFollowTests;
			productReference = 185602222A4DEEDD00748617 /* FanFollowTests.xctest */;
			productType = "com.apple.product-type.bundle.unit-test";
		};
		188CC3FF2A4D7FD900BAB85A /* FanFollow */ = {
			isa = PBXNativeTarget;
			buildConfigurationList = 188CC4142A4D7FDB00BAB85A /* Build configuration list for PBXNativeTarget "FanFollow" */;
			buildPhases = (
				188CC3FC2A4D7FD900BAB85A /* Sources */,
				188CC4252A4D82A300BAB85A /* Run SwiftLint */,
				188CC3FD2A4D7FD900BAB85A /* Frameworks */,
				188CC3FE2A4D7FD900BAB85A /* Resources */,
			);
			buildRules = (
			);
			dependencies = (
			);
			name = FanFollow;
			packageProductDependencies = (
				188CC4182A4D81F200BAB85A /* RxCocoa */,
				188CC41A2A4D81F200BAB85A /* RxRelay */,
				188CC41C2A4D81F200BAB85A /* RxSwift */,
				188CC41F2A4D820F00BAB85A /* SnapKit */,
				188CC4222A4D824800BAB85A /* Then */,
			);
			productName = FanFollow;
			productReference = 188CC4002A4D7FD900BAB85A /* FanFollow.app */;
			productType = "com.apple.product-type.application";
		};
/* End PBXNativeTarget section */

/* Begin PBXProject section */
		188CC3F82A4D7FD900BAB85A /* Project object */ = {
			isa = PBXProject;
			attributes = {
				BuildIndependentTargetsInParallel = 1;
				LastSwiftUpdateCheck = 1430;
				LastUpgradeCheck = 1430;
				TargetAttributes = {
					185602212A4DEEDD00748617 = {
						CreatedOnToolsVersion = 14.3;
						TestTargetID = 188CC3FF2A4D7FD900BAB85A;
					};
					188CC3FF2A4D7FD900BAB85A = {
						CreatedOnToolsVersion = 14.3;
					};
				};
			};
			buildConfigurationList = 188CC3FB2A4D7FD900BAB85A /* Build configuration list for PBXProject "FanFollow" */;
			compatibilityVersion = "Xcode 14.0";
			developmentRegion = en;
			hasScannedForEncodings = 0;
			knownRegions = (
				en,
				Base,
			);
			mainGroup = 188CC3F72A4D7FD900BAB85A;
			packageReferences = (
				188CC4172A4D81F200BAB85A /* XCRemoteSwiftPackageReference "RxSwift" */,
				188CC41E2A4D820F00BAB85A /* XCRemoteSwiftPackageReference "SnapKit" */,
				188CC4212A4D824800BAB85A /* XCRemoteSwiftPackageReference "Then" */,
			);
			productRefGroup = 188CC4012A4D7FD900BAB85A /* Products */;
			projectDirPath = "";
			projectRoot = "";
			targets = (
				188CC3FF2A4D7FD900BAB85A /* FanFollow */,
				185602212A4DEEDD00748617 /* FanFollowTests */,
			);
		};
/* End PBXProject section */

/* Begin PBXResourcesBuildPhase section */
		185602202A4DEEDD00748617 /* Resources */ = {
			isa = PBXResourcesBuildPhase;
			buildActionMask = 2147483647;
			files = (
			);
			runOnlyForDeploymentPostprocessing = 0;
		};
		188CC3FE2A4D7FD900BAB85A /* Resources */ = {
			isa = PBXResourcesBuildPhase;
			buildActionMask = 2147483647;
			files = (
				3C45B01B2A52A7E000307DCF /* SupabaseInfo.plist in Resources */,
				188CC4102A4D7FDB00BAB85A /* LaunchScreen.storyboard in Resources */,
				188CC40D2A4D7FDB00BAB85A /* Assets.xcassets in Resources */,
			);
			runOnlyForDeploymentPostprocessing = 0;
		};
/* End PBXResourcesBuildPhase section */

/* Begin PBXShellScriptBuildPhase section */
		188CC4252A4D82A300BAB85A /* Run SwiftLint */ = {
			isa = PBXShellScriptBuildPhase;
			buildActionMask = 8;
			files = (
			);
			inputFileListPaths = (
			);
			inputPaths = (
			);
			name = "Run SwiftLint";
			outputFileListPaths = (
			);
			outputPaths = (
			);
			runOnlyForDeploymentPostprocessing = 1;
			shellPath = /bin/sh;
			shellScript = "if [[ \"$(uname -m)\" == arm64 ]]; then\n    export PATH=\"/opt/homebrew/bin:$PATH\"\nfi\n\nif which swiftlint > /dev/null; then\n  swiftlint\nelse\n  echo \"warning: SwiftLint not installed, download from https://github.com/realm/SwiftLint\"\nfi\n";
		};
/* End PBXShellScriptBuildPhase section */

/* Begin PBXSourcesBuildPhase section */
		1856021E2A4DEEDD00748617 /* Sources */ = {
			isa = PBXSourcesBuildPhase;
			buildActionMask = 2147483647;
			files = (
				185602252A4DEEDD00748617 /* FanFollowTests.swift in Sources */,
			);
			runOnlyForDeploymentPostprocessing = 0;
		};
		188CC3FC2A4D7FD900BAB85A /* Sources */ = {
			isa = PBXSourcesBuildPhase;
			buildActionMask = 2147483647;
			files = (
				183974722A52A2B900F0101A /* URLRequestBuilder.swift in Sources */,
				183974612A525B3300F0101A /* NetworkManager.swift in Sources */,
				183974742A52A32A00F0101A /* LikeRequestDirector.swift in Sources */,
				183974692A52637700F0101A /* Service.swift in Sources */,
				3C45B0192A52A7C600307DCF /* Bundle+Extension.swift in Sources */,
				183974632A525B4500F0101A /* NetworkError.swift in Sources */,
				185DB85F2A52F5660071023B /* ChatRequestDirector.swift in Sources */,
				18E6703C2A53BD1400C52942 /* ChatService.swift in Sources */,
				183974772A52A3A800F0101A /* LikeDTO.swift in Sources */,
				1839746F2A52A29D00F0101A /* APIError.swift in Sources */,
				183974662A52636B00F0101A /* LikeService.swift in Sources */,
				1839745F2A525B1A00F0101A /* Network.swift in Sources */,
				1839746D2A52A28100F0101A /* HTTPMethod.swift in Sources */,
				188CC4082A4D7FD900BAB85A /* ViewController.swift in Sources */,
				188CC4042A4D7FD900BAB85A /* AppDelegate.swift in Sources */,
				188CC4062A4D7FD900BAB85A /* SceneDelegate.swift in Sources */,
				18E6703A2A53BCC400C52942 /* ChatDTO.swift in Sources */,
			);
			runOnlyForDeploymentPostprocessing = 0;
		};
/* End PBXSourcesBuildPhase section */

/* Begin PBXTargetDependency section */
		185602272A4DEEDD00748617 /* PBXTargetDependency */ = {
			isa = PBXTargetDependency;
			target = 188CC3FF2A4D7FD900BAB85A /* FanFollow */;
			targetProxy = 185602262A4DEEDD00748617 /* PBXContainerItemProxy */;
		};
/* End PBXTargetDependency section */

/* Begin PBXVariantGroup section */
		188CC40E2A4D7FDB00BAB85A /* LaunchScreen.storyboard */ = {
			isa = PBXVariantGroup;
			children = (
				188CC40F2A4D7FDB00BAB85A /* Base */,
			);
			name = LaunchScreen.storyboard;
			sourceTree = "<group>";
		};
/* End PBXVariantGroup section */

/* Begin XCBuildConfiguration section */
		185602282A4DEEDD00748617 /* Debug */ = {
			isa = XCBuildConfiguration;
			buildSettings = {
				CODE_SIGN_STYLE = Automatic;
				CURRENT_PROJECT_VERSION = 1;
				DEVELOPMENT_TEAM = BH7V49ZZ2G;
				GENERATE_INFOPLIST_FILE = YES;
				IPHONEOS_DEPLOYMENT_TARGET = 14.0;
				MARKETING_VERSION = 1.0;
				PRODUCT_BUNDLE_IDENTIFIER = com.youngcha.FanFollowTests;
				PRODUCT_NAME = "$(TARGET_NAME)";
				SUPPORTED_PLATFORMS = "iphoneos iphonesimulator";
				SUPPORTS_MACCATALYST = NO;
				SUPPORTS_MAC_DESIGNED_FOR_IPHONE_IPAD = NO;
				SWIFT_EMIT_LOC_STRINGS = NO;
				SWIFT_VERSION = 5.0;
				TARGETED_DEVICE_FAMILY = 1;
				TEST_HOST = "$(BUILT_PRODUCTS_DIR)/FanFollow.app/$(BUNDLE_EXECUTABLE_FOLDER_PATH)/FanFollow";
			};
			name = Debug;
		};
		185602292A4DEEDD00748617 /* Release */ = {
			isa = XCBuildConfiguration;
			buildSettings = {
				CODE_SIGN_STYLE = Automatic;
				CURRENT_PROJECT_VERSION = 1;
				DEVELOPMENT_TEAM = BH7V49ZZ2G;
				GENERATE_INFOPLIST_FILE = YES;
				IPHONEOS_DEPLOYMENT_TARGET = 14.0;
				MARKETING_VERSION = 1.0;
				PRODUCT_BUNDLE_IDENTIFIER = com.youngcha.FanFollowTests;
				PRODUCT_NAME = "$(TARGET_NAME)";
				SUPPORTED_PLATFORMS = "iphoneos iphonesimulator";
				SUPPORTS_MACCATALYST = NO;
				SUPPORTS_MAC_DESIGNED_FOR_IPHONE_IPAD = NO;
				SWIFT_EMIT_LOC_STRINGS = NO;
				SWIFT_VERSION = 5.0;
				TARGETED_DEVICE_FAMILY = 1;
				TEST_HOST = "$(BUILT_PRODUCTS_DIR)/FanFollow.app/$(BUNDLE_EXECUTABLE_FOLDER_PATH)/FanFollow";
			};
			name = Release;
		};
		188CC4122A4D7FDB00BAB85A /* Debug */ = {
			isa = XCBuildConfiguration;
			buildSettings = {
				ALWAYS_SEARCH_USER_PATHS = NO;
				CLANG_ANALYZER_NONNULL = YES;
				CLANG_ANALYZER_NUMBER_OBJECT_CONVERSION = YES_AGGRESSIVE;
				CLANG_CXX_LANGUAGE_STANDARD = "gnu++20";
				CLANG_ENABLE_MODULES = YES;
				CLANG_ENABLE_OBJC_ARC = YES;
				CLANG_ENABLE_OBJC_WEAK = YES;
				CLANG_WARN_BLOCK_CAPTURE_AUTORELEASING = YES;
				CLANG_WARN_BOOL_CONVERSION = YES;
				CLANG_WARN_COMMA = YES;
				CLANG_WARN_CONSTANT_CONVERSION = YES;
				CLANG_WARN_DEPRECATED_OBJC_IMPLEMENTATIONS = YES;
				CLANG_WARN_DIRECT_OBJC_ISA_USAGE = YES_ERROR;
				CLANG_WARN_DOCUMENTATION_COMMENTS = YES;
				CLANG_WARN_EMPTY_BODY = YES;
				CLANG_WARN_ENUM_CONVERSION = YES;
				CLANG_WARN_INFINITE_RECURSION = YES;
				CLANG_WARN_INT_CONVERSION = YES;
				CLANG_WARN_NON_LITERAL_NULL_CONVERSION = YES;
				CLANG_WARN_OBJC_IMPLICIT_RETAIN_SELF = YES;
				CLANG_WARN_OBJC_LITERAL_CONVERSION = YES;
				CLANG_WARN_OBJC_ROOT_CLASS = YES_ERROR;
				CLANG_WARN_QUOTED_INCLUDE_IN_FRAMEWORK_HEADER = YES;
				CLANG_WARN_RANGE_LOOP_ANALYSIS = YES;
				CLANG_WARN_STRICT_PROTOTYPES = YES;
				CLANG_WARN_SUSPICIOUS_MOVE = YES;
				CLANG_WARN_UNGUARDED_AVAILABILITY = YES_AGGRESSIVE;
				CLANG_WARN_UNREACHABLE_CODE = YES;
				CLANG_WARN__DUPLICATE_METHOD_MATCH = YES;
				COPY_PHASE_STRIP = NO;
				DEBUG_INFORMATION_FORMAT = dwarf;
				ENABLE_STRICT_OBJC_MSGSEND = YES;
				ENABLE_TESTABILITY = YES;
				GCC_C_LANGUAGE_STANDARD = gnu11;
				GCC_DYNAMIC_NO_PIC = NO;
				GCC_NO_COMMON_BLOCKS = YES;
				GCC_OPTIMIZATION_LEVEL = 0;
				GCC_PREPROCESSOR_DEFINITIONS = (
					"DEBUG=1",
					"$(inherited)",
				);
				GCC_WARN_64_TO_32_BIT_CONVERSION = YES;
				GCC_WARN_ABOUT_RETURN_TYPE = YES_ERROR;
				GCC_WARN_UNDECLARED_SELECTOR = YES;
				GCC_WARN_UNINITIALIZED_AUTOS = YES_AGGRESSIVE;
				GCC_WARN_UNUSED_FUNCTION = YES;
				GCC_WARN_UNUSED_VARIABLE = YES;
				IPHONEOS_DEPLOYMENT_TARGET = 14.0;
				MTL_ENABLE_DEBUG_INFO = INCLUDE_SOURCE;
				MTL_FAST_MATH = YES;
				ONLY_ACTIVE_ARCH = YES;
				SDKROOT = iphoneos;
				SWIFT_ACTIVE_COMPILATION_CONDITIONS = DEBUG;
				SWIFT_OPTIMIZATION_LEVEL = "-Onone";
			};
			name = Debug;
		};
		188CC4132A4D7FDB00BAB85A /* Release */ = {
			isa = XCBuildConfiguration;
			buildSettings = {
				ALWAYS_SEARCH_USER_PATHS = NO;
				CLANG_ANALYZER_NONNULL = YES;
				CLANG_ANALYZER_NUMBER_OBJECT_CONVERSION = YES_AGGRESSIVE;
				CLANG_CXX_LANGUAGE_STANDARD = "gnu++20";
				CLANG_ENABLE_MODULES = YES;
				CLANG_ENABLE_OBJC_ARC = YES;
				CLANG_ENABLE_OBJC_WEAK = YES;
				CLANG_WARN_BLOCK_CAPTURE_AUTORELEASING = YES;
				CLANG_WARN_BOOL_CONVERSION = YES;
				CLANG_WARN_COMMA = YES;
				CLANG_WARN_CONSTANT_CONVERSION = YES;
				CLANG_WARN_DEPRECATED_OBJC_IMPLEMENTATIONS = YES;
				CLANG_WARN_DIRECT_OBJC_ISA_USAGE = YES_ERROR;
				CLANG_WARN_DOCUMENTATION_COMMENTS = YES;
				CLANG_WARN_EMPTY_BODY = YES;
				CLANG_WARN_ENUM_CONVERSION = YES;
				CLANG_WARN_INFINITE_RECURSION = YES;
				CLANG_WARN_INT_CONVERSION = YES;
				CLANG_WARN_NON_LITERAL_NULL_CONVERSION = YES;
				CLANG_WARN_OBJC_IMPLICIT_RETAIN_SELF = YES;
				CLANG_WARN_OBJC_LITERAL_CONVERSION = YES;
				CLANG_WARN_OBJC_ROOT_CLASS = YES_ERROR;
				CLANG_WARN_QUOTED_INCLUDE_IN_FRAMEWORK_HEADER = YES;
				CLANG_WARN_RANGE_LOOP_ANALYSIS = YES;
				CLANG_WARN_STRICT_PROTOTYPES = YES;
				CLANG_WARN_SUSPICIOUS_MOVE = YES;
				CLANG_WARN_UNGUARDED_AVAILABILITY = YES_AGGRESSIVE;
				CLANG_WARN_UNREACHABLE_CODE = YES;
				CLANG_WARN__DUPLICATE_METHOD_MATCH = YES;
				COPY_PHASE_STRIP = NO;
				DEBUG_INFORMATION_FORMAT = "dwarf-with-dsym";
				ENABLE_NS_ASSERTIONS = NO;
				ENABLE_STRICT_OBJC_MSGSEND = YES;
				GCC_C_LANGUAGE_STANDARD = gnu11;
				GCC_NO_COMMON_BLOCKS = YES;
				GCC_WARN_64_TO_32_BIT_CONVERSION = YES;
				GCC_WARN_ABOUT_RETURN_TYPE = YES_ERROR;
				GCC_WARN_UNDECLARED_SELECTOR = YES;
				GCC_WARN_UNINITIALIZED_AUTOS = YES_AGGRESSIVE;
				GCC_WARN_UNUSED_FUNCTION = YES;
				GCC_WARN_UNUSED_VARIABLE = YES;
				IPHONEOS_DEPLOYMENT_TARGET = 14.0;
				MTL_ENABLE_DEBUG_INFO = NO;
				MTL_FAST_MATH = YES;
				SDKROOT = iphoneos;
				SWIFT_COMPILATION_MODE = wholemodule;
				SWIFT_OPTIMIZATION_LEVEL = "-O";
				VALIDATE_PRODUCT = YES;
			};
			name = Release;
		};
		188CC4152A4D7FDB00BAB85A /* Debug */ = {
			isa = XCBuildConfiguration;
			buildSettings = {
				ASSETCATALOG_COMPILER_APPICON_NAME = AppIcon;
				ASSETCATALOG_COMPILER_GLOBAL_ACCENT_COLOR_NAME = AccentColor;
				CODE_SIGN_STYLE = Automatic;
				CURRENT_PROJECT_VERSION = 1;
				DEVELOPMENT_TEAM = BH7V49ZZ2G;
				GENERATE_INFOPLIST_FILE = YES;
				INFOPLIST_FILE = FanFollow/Resource/Info.plist;
				INFOPLIST_KEY_UIApplicationSupportsIndirectInputEvents = YES;
				INFOPLIST_KEY_UILaunchStoryboardName = LaunchScreen;
				INFOPLIST_KEY_UIMainStoryboardFile = "";
				INFOPLIST_KEY_UISupportedInterfaceOrientations_iPad = "UIInterfaceOrientationPortrait UIInterfaceOrientationPortraitUpsideDown UIInterfaceOrientationLandscapeLeft UIInterfaceOrientationLandscapeRight";
				INFOPLIST_KEY_UISupportedInterfaceOrientations_iPhone = "UIInterfaceOrientationPortrait UIInterfaceOrientationLandscapeLeft UIInterfaceOrientationLandscapeRight";
				IPHONEOS_DEPLOYMENT_TARGET = 14.0;
				LD_RUNPATH_SEARCH_PATHS = (
					"$(inherited)",
					"@executable_path/Frameworks",
				);
				MARKETING_VERSION = 1.0;
				PRODUCT_BUNDLE_IDENTIFIER = com.youngcha.FanFollow;
				PRODUCT_NAME = "$(TARGET_NAME)";
				SUPPORTED_PLATFORMS = "iphoneos iphonesimulator";
				SUPPORTS_MACCATALYST = NO;
				SUPPORTS_MAC_DESIGNED_FOR_IPHONE_IPAD = NO;
				SWIFT_EMIT_LOC_STRINGS = YES;
				SWIFT_VERSION = 5.0;
				TARGETED_DEVICE_FAMILY = 1;
			};
			name = Debug;
		};
		188CC4162A4D7FDB00BAB85A /* Release */ = {
			isa = XCBuildConfiguration;
			buildSettings = {
				ASSETCATALOG_COMPILER_APPICON_NAME = AppIcon;
				ASSETCATALOG_COMPILER_GLOBAL_ACCENT_COLOR_NAME = AccentColor;
				CODE_SIGN_STYLE = Automatic;
				CURRENT_PROJECT_VERSION = 1;
				DEVELOPMENT_TEAM = BH7V49ZZ2G;
				GENERATE_INFOPLIST_FILE = YES;
				INFOPLIST_FILE = FanFollow/Resource/Info.plist;
				INFOPLIST_KEY_UIApplicationSupportsIndirectInputEvents = YES;
				INFOPLIST_KEY_UILaunchStoryboardName = LaunchScreen;
				INFOPLIST_KEY_UIMainStoryboardFile = "";
				INFOPLIST_KEY_UISupportedInterfaceOrientations_iPad = "UIInterfaceOrientationPortrait UIInterfaceOrientationPortraitUpsideDown UIInterfaceOrientationLandscapeLeft UIInterfaceOrientationLandscapeRight";
				INFOPLIST_KEY_UISupportedInterfaceOrientations_iPhone = "UIInterfaceOrientationPortrait UIInterfaceOrientationLandscapeLeft UIInterfaceOrientationLandscapeRight";
				IPHONEOS_DEPLOYMENT_TARGET = 14.0;
				LD_RUNPATH_SEARCH_PATHS = (
					"$(inherited)",
					"@executable_path/Frameworks",
				);
				MARKETING_VERSION = 1.0;
				PRODUCT_BUNDLE_IDENTIFIER = com.youngcha.FanFollow;
				PRODUCT_NAME = "$(TARGET_NAME)";
				SUPPORTED_PLATFORMS = "iphoneos iphonesimulator";
				SUPPORTS_MACCATALYST = NO;
				SUPPORTS_MAC_DESIGNED_FOR_IPHONE_IPAD = NO;
				SWIFT_EMIT_LOC_STRINGS = YES;
				SWIFT_VERSION = 5.0;
				TARGETED_DEVICE_FAMILY = 1;
			};
			name = Release;
		};
/* End XCBuildConfiguration section */

/* Begin XCConfigurationList section */
		1856022A2A4DEEDD00748617 /* Build configuration list for PBXNativeTarget "FanFollowTests" */ = {
			isa = XCConfigurationList;
			buildConfigurations = (
				185602282A4DEEDD00748617 /* Debug */,
				185602292A4DEEDD00748617 /* Release */,
			);
			defaultConfigurationIsVisible = 0;
			defaultConfigurationName = Release;
		};
		188CC3FB2A4D7FD900BAB85A /* Build configuration list for PBXProject "FanFollow" */ = {
			isa = XCConfigurationList;
			buildConfigurations = (
				188CC4122A4D7FDB00BAB85A /* Debug */,
				188CC4132A4D7FDB00BAB85A /* Release */,
			);
			defaultConfigurationIsVisible = 0;
			defaultConfigurationName = Release;
		};
		188CC4142A4D7FDB00BAB85A /* Build configuration list for PBXNativeTarget "FanFollow" */ = {
			isa = XCConfigurationList;
			buildConfigurations = (
				188CC4152A4D7FDB00BAB85A /* Debug */,
				188CC4162A4D7FDB00BAB85A /* Release */,
			);
			defaultConfigurationIsVisible = 0;
			defaultConfigurationName = Release;
		};
/* End XCConfigurationList section */

/* Begin XCRemoteSwiftPackageReference section */
		188CC4172A4D81F200BAB85A /* XCRemoteSwiftPackageReference "RxSwift" */ = {
			isa = XCRemoteSwiftPackageReference;
			repositoryURL = "https://github.com/ReactiveX/RxSwift.git";
			requirement = {
				kind = exactVersion;
				version = 6.2.0;
			};
		};
		188CC41E2A4D820F00BAB85A /* XCRemoteSwiftPackageReference "SnapKit" */ = {
			isa = XCRemoteSwiftPackageReference;
			repositoryURL = "https://github.com/SnapKit/SnapKit.git";
			requirement = {
				kind = exactVersion;
				version = 5.0.1;
			};
		};
		188CC4212A4D824800BAB85A /* XCRemoteSwiftPackageReference "Then" */ = {
			isa = XCRemoteSwiftPackageReference;
			repositoryURL = "https://github.com/devxoul/Then.git";
			requirement = {
				kind = exactVersion;
				version = 2.6.0;
			};
		};
/* End XCRemoteSwiftPackageReference section */

/* Begin XCSwiftPackageProductDependency section */
		188CC4182A4D81F200BAB85A /* RxCocoa */ = {
			isa = XCSwiftPackageProductDependency;
			package = 188CC4172A4D81F200BAB85A /* XCRemoteSwiftPackageReference "RxSwift" */;
			productName = RxCocoa;
		};
		188CC41A2A4D81F200BAB85A /* RxRelay */ = {
			isa = XCSwiftPackageProductDependency;
			package = 188CC4172A4D81F200BAB85A /* XCRemoteSwiftPackageReference "RxSwift" */;
			productName = RxRelay;
		};
		188CC41C2A4D81F200BAB85A /* RxSwift */ = {
			isa = XCSwiftPackageProductDependency;
			package = 188CC4172A4D81F200BAB85A /* XCRemoteSwiftPackageReference "RxSwift" */;
			productName = RxSwift;
		};
		188CC41F2A4D820F00BAB85A /* SnapKit */ = {
			isa = XCSwiftPackageProductDependency;
			package = 188CC41E2A4D820F00BAB85A /* XCRemoteSwiftPackageReference "SnapKit" */;
			productName = SnapKit;
		};
		188CC4222A4D824800BAB85A /* Then */ = {
			isa = XCSwiftPackageProductDependency;
			package = 188CC4212A4D824800BAB85A /* XCRemoteSwiftPackageReference "Then" */;
			productName = Then;
		};
/* End XCSwiftPackageProductDependency section */
	};
	rootObject = 188CC3F82A4D7FD900BAB85A /* Project object */;
}
