// !$*UTF8*$!
{
	archiveVersion = 1;
	classes = {
	};
	objectVersion = 56;
	objects = {

/* Begin PBXBuildFile section */
		181258942A5418AA0054C782 /* SupabaseConstants.swift in Sources */ = {isa = PBXBuildFile; fileRef = 181258932A5418AA0054C782 /* SupabaseConstants.swift */; };
		18287CEE2A56927A0042E0F2 /* RxCocoa in Frameworks */ = {isa = PBXBuildFile; productRef = 18287CED2A56927A0042E0F2 /* RxCocoa */; };
		18287CF02A56927A0042E0F2 /* RxRelay in Frameworks */ = {isa = PBXBuildFile; productRef = 18287CEF2A56927A0042E0F2 /* RxRelay */; };
		18287CF22A56927A0042E0F2 /* RxSwift in Frameworks */ = {isa = PBXBuildFile; productRef = 18287CF12A56927A0042E0F2 /* RxSwift */; };
		18287CF62A56935F0042E0F2 /* RxBlocking in Frameworks */ = {isa = PBXBuildFile; productRef = 18287CF52A56935F0042E0F2 /* RxBlocking */; };
		18287CFA2A56935F0042E0F2 /* RxRelay in Frameworks */ = {isa = PBXBuildFile; productRef = 18287CF92A56935F0042E0F2 /* RxRelay */; };
		18287CFC2A56935F0042E0F2 /* RxSwift in Frameworks */ = {isa = PBXBuildFile; productRef = 18287CFB2A56935F0042E0F2 /* RxSwift */; };
		18287CFE2A56935F0042E0F2 /* RxTest in Frameworks */ = {isa = PBXBuildFile; productRef = 18287CFD2A56935F0042E0F2 /* RxTest */; };
		18287CFF2A5698F80042E0F2 /* URLSessionDataTaskType.swift in Sources */ = {isa = PBXBuildFile; fileRef = 18C1E5442A55BC5D00A41AC5 /* URLSessionDataTaskType.swift */; };
		18287D002A5699000042E0F2 /* URLSessionType.swift in Sources */ = {isa = PBXBuildFile; fileRef = 18C1E5422A55BC4600A41AC5 /* URLSessionType.swift */; };
		18287D012A5699060042E0F2 /* NetworkManager.swift in Sources */ = {isa = PBXBuildFile; fileRef = 183974602A525B3300F0101A /* NetworkManager.swift */; };
		18287D022A5699080042E0F2 /* Network.swift in Sources */ = {isa = PBXBuildFile; fileRef = 1839745E2A525B1A00F0101A /* Network.swift */; };
		18287D032A56990B0042E0F2 /* NetworkError.swift in Sources */ = {isa = PBXBuildFile; fileRef = 183974622A525B4500F0101A /* NetworkError.swift */; };
		18287D042A5699150042E0F2 /* ChatDTO.swift in Sources */ = {isa = PBXBuildFile; fileRef = 18E670392A53BCC400C52942 /* ChatDTO.swift */; };
		1839745F2A525B1A00F0101A /* Network.swift in Sources */ = {isa = PBXBuildFile; fileRef = 1839745E2A525B1A00F0101A /* Network.swift */; };
		183974612A525B3300F0101A /* NetworkManager.swift in Sources */ = {isa = PBXBuildFile; fileRef = 183974602A525B3300F0101A /* NetworkManager.swift */; };
		183974632A525B4500F0101A /* NetworkError.swift in Sources */ = {isa = PBXBuildFile; fileRef = 183974622A525B4500F0101A /* NetworkError.swift */; };
		183974692A52637700F0101A /* Service.swift in Sources */ = {isa = PBXBuildFile; fileRef = 183974682A52637700F0101A /* Service.swift */; };
		1839746D2A52A28100F0101A /* HTTPMethod.swift in Sources */ = {isa = PBXBuildFile; fileRef = 1839746C2A52A28100F0101A /* HTTPMethod.swift */; };
		1839746F2A52A29D00F0101A /* APIError.swift in Sources */ = {isa = PBXBuildFile; fileRef = 1839746E2A52A29D00F0101A /* APIError.swift */; };
		183974722A52A2B900F0101A /* URLRequestBuilder.swift in Sources */ = {isa = PBXBuildFile; fileRef = 183974712A52A2B900F0101A /* URLRequestBuilder.swift */; };
		183974742A52A32A00F0101A /* LikeRequestDirector.swift in Sources */ = {isa = PBXBuildFile; fileRef = 183974732A52A32A00F0101A /* LikeRequestDirector.swift */; };
		185DB85F2A52F5660071023B /* ChatRequestDirector.swift in Sources */ = {isa = PBXBuildFile; fileRef = 185DB85E2A52F5660071023B /* ChatRequestDirector.swift */; };
		1866AFC32A57087E000FFFD7 /* ChatServiceTests.swift in Sources */ = {isa = PBXBuildFile; fileRef = 1866AFC22A57087E000FFFD7 /* ChatServiceTests.swift */; };
		188CC4042A4D7FD900BAB85A /* AppDelegate.swift in Sources */ = {isa = PBXBuildFile; fileRef = 188CC4032A4D7FD900BAB85A /* AppDelegate.swift */; };
		188CC4062A4D7FD900BAB85A /* SceneDelegate.swift in Sources */ = {isa = PBXBuildFile; fileRef = 188CC4052A4D7FD900BAB85A /* SceneDelegate.swift */; };
		188CC4082A4D7FD900BAB85A /* ViewController.swift in Sources */ = {isa = PBXBuildFile; fileRef = 188CC4072A4D7FD900BAB85A /* ViewController.swift */; };
		188CC40D2A4D7FDB00BAB85A /* Assets.xcassets in Resources */ = {isa = PBXBuildFile; fileRef = 188CC40C2A4D7FDB00BAB85A /* Assets.xcassets */; };
		188CC4102A4D7FDB00BAB85A /* LaunchScreen.storyboard in Resources */ = {isa = PBXBuildFile; fileRef = 188CC40E2A4D7FDB00BAB85A /* LaunchScreen.storyboard */; };
		188CC4202A4D820F00BAB85A /* SnapKit in Frameworks */ = {isa = PBXBuildFile; productRef = 188CC41F2A4D820F00BAB85A /* SnapKit */; };
		188CC4232A4D824800BAB85A /* Then in Frameworks */ = {isa = PBXBuildFile; productRef = 188CC4222A4D824800BAB85A /* Then */; };
		18C1E5232A55488900A41AC5 /* NetworkManagerTests.swift in Sources */ = {isa = PBXBuildFile; fileRef = 18C1E5222A55488900A41AC5 /* NetworkManagerTests.swift */; };
		18C1E5392A55717000A41AC5 /* StubURLSession.swift in Sources */ = {isa = PBXBuildFile; fileRef = 18C1E5382A55717000A41AC5 /* StubURLSession.swift */; };
		18C1E53C2A55B92A00A41AC5 /* Mock.swift in Sources */ = {isa = PBXBuildFile; fileRef = 18C1E53B2A55B92A00A41AC5 /* Mock.swift */; };
		18C1E53E2A55B94100A41AC5 /* MockURLSessionDataTask.swift in Sources */ = {isa = PBXBuildFile; fileRef = 18C1E53D2A55B94100A41AC5 /* MockURLSessionDataTask.swift */; };
		18C1E5402A55BA3E00A41AC5 /* MockData.swift in Sources */ = {isa = PBXBuildFile; fileRef = 18C1E53F2A55BA3E00A41AC5 /* MockData.swift */; };
		18C1E5432A55BC4600A41AC5 /* URLSessionType.swift in Sources */ = {isa = PBXBuildFile; fileRef = 18C1E5422A55BC4600A41AC5 /* URLSessionType.swift */; };
		18C1E5452A55BC5D00A41AC5 /* URLSessionDataTaskType.swift in Sources */ = {isa = PBXBuildFile; fileRef = 18C1E5442A55BC5D00A41AC5 /* URLSessionDataTaskType.swift */; };
		18E6703A2A53BCC400C52942 /* ChatDTO.swift in Sources */ = {isa = PBXBuildFile; fileRef = 18E670392A53BCC400C52942 /* ChatDTO.swift */; };
		18E6703C2A53BD1400C52942 /* ChatService.swift in Sources */ = {isa = PBXBuildFile; fileRef = 18E6703B2A53BD1400C52942 /* ChatService.swift */; };
		18E6703E2A53BE2C00C52942 /* DefaultChatService.swift in Sources */ = {isa = PBXBuildFile; fileRef = 18E6703D2A53BE2C00C52942 /* DefaultChatService.swift */; };
		18F0131C2A53E6AC000603CC /* URL+Extension.swift in Sources */ = {isa = PBXBuildFile; fileRef = 18F0131B2A53E6AC000603CC /* URL+Extension.swift */; };
		3C10F7B42A53B862001E9B21 /* PostService.swift in Sources */ = {isa = PBXBuildFile; fileRef = 3C10F7B32A53B862001E9B21 /* PostService.swift */; };
		3C45B0192A52A7C600307DCF /* Bundle+Extension.swift in Sources */ = {isa = PBXBuildFile; fileRef = 3C45B0182A52A7C600307DCF /* Bundle+Extension.swift */; };
		3C45B01B2A52A7E000307DCF /* SupabaseInfo.plist in Resources */ = {isa = PBXBuildFile; fileRef = 3C45B01A2A52A7E000307DCF /* SupabaseInfo.plist */; };
		3CAC3D7F2A52DE80000DE463 /* DefaultPostService.swift in Sources */ = {isa = PBXBuildFile; fileRef = 3CAC3D7E2A52DE80000DE463 /* DefaultPostService.swift */; };
		3CAC3D812A52F669000DE463 /* PostDTO.swift in Sources */ = {isa = PBXBuildFile; fileRef = 3CAC3D802A52F669000DE463 /* PostDTO.swift */; };
		3CAC3D832A52F6B7000DE463 /* PostRequestDirector.swift in Sources */ = {isa = PBXBuildFile; fileRef = 3CAC3D822A52F6B7000DE463 /* PostRequestDirector.swift */; };
		EBAA0A682A56EC140033ED0F /* StubNetworkManager.swift in Sources */ = {isa = PBXBuildFile; fileRef = EB5668CF2A56B11C007A3860 /* StubNetworkManager.swift */; };
		EBAA0A6A2A56EC4D0033ED0F /* RxBlocking in Frameworks */ = {isa = PBXBuildFile; productRef = EBAA0A692A56EC4D0033ED0F /* RxBlocking */; };
		EBAA0A6C2A56EC4D0033ED0F /* RxRelay in Frameworks */ = {isa = PBXBuildFile; productRef = EBAA0A6B2A56EC4D0033ED0F /* RxRelay */; };
		EBAA0A6E2A56EC4D0033ED0F /* RxSwift in Frameworks */ = {isa = PBXBuildFile; productRef = EBAA0A6D2A56EC4D0033ED0F /* RxSwift */; };
		EBAA0A702A56EC4D0033ED0F /* RxTest in Frameworks */ = {isa = PBXBuildFile; productRef = EBAA0A6F2A56EC4D0033ED0F /* RxTest */; };
		EBC4E98E2A54F22700A1F6AE /* UserInformationService.swift in Sources */ = {isa = PBXBuildFile; fileRef = EBC4E98D2A54F22700A1F6AE /* UserInformationService.swift */; };
		EBC4E9902A55133000A1F6AE /* DefaultUserInformationService.swift in Sources */ = {isa = PBXBuildFile; fileRef = EBC4E98F2A55133000A1F6AE /* DefaultUserInformationService.swift */; };
		EBC4E9922A5513FD00A1F6AE /* UserRequestDirector.swift in Sources */ = {isa = PBXBuildFile; fileRef = EBC4E9912A5513FD00A1F6AE /* UserRequestDirector.swift */; };
		EBE33E4D2A52C32F00C11188 /* FollowDTO.swift in Sources */ = {isa = PBXBuildFile; fileRef = EBE33E4C2A52C32F00C11188 /* FollowDTO.swift */; };
		EBE33E4F2A52C42100C11188 /* FollowService.swift in Sources */ = {isa = PBXBuildFile; fileRef = EBE33E4E2A52C42100C11188 /* FollowService.swift */; };
		EBE33E512A52E6BB00C11188 /* UserInformationDTO.swift in Sources */ = {isa = PBXBuildFile; fileRef = EBE33E502A52E6BB00C11188 /* UserInformationDTO.swift */; };
		EBE33E532A52F00400C11188 /* FollowRequestDirector.swift in Sources */ = {isa = PBXBuildFile; fileRef = EBE33E522A52F00400C11188 /* FollowRequestDirector.swift */; };
		EBE33E552A52F3CA00C11188 /* DefaultFollowService.swift in Sources */ = {isa = PBXBuildFile; fileRef = EBE33E542A52F3CA00C11188 /* DefaultFollowService.swift */; };
		EBE33E6D2A53DD3B00C11188 /* LikeService.swift in Sources */ = {isa = PBXBuildFile; fileRef = EBE33E6C2A53DD3B00C11188 /* LikeService.swift */; };
/* End PBXBuildFile section */

/* Begin PBXContainerItemProxy section */
		EBAA0A632A56EBEA0033ED0F /* PBXContainerItemProxy */ = {
			isa = PBXContainerItemProxy;
			containerPortal = 188CC3F82A4D7FD900BAB85A /* Project object */;
			proxyType = 1;
			remoteGlobalIDString = 188CC3FF2A4D7FD900BAB85A;
			remoteInfo = FanFollow;
		};
/* End PBXContainerItemProxy section */

/* Begin PBXFileReference section */
		181258932A5418AA0054C782 /* SupabaseConstants.swift */ = {isa = PBXFileReference; lastKnownFileType = sourcecode.swift; path = SupabaseConstants.swift; sourceTree = "<group>"; };
		1839745E2A525B1A00F0101A /* Network.swift */ = {isa = PBXFileReference; lastKnownFileType = sourcecode.swift; path = Network.swift; sourceTree = "<group>"; };
		183974602A525B3300F0101A /* NetworkManager.swift */ = {isa = PBXFileReference; lastKnownFileType = sourcecode.swift; path = NetworkManager.swift; sourceTree = "<group>"; };
		183974622A525B4500F0101A /* NetworkError.swift */ = {isa = PBXFileReference; lastKnownFileType = sourcecode.swift; path = NetworkError.swift; sourceTree = "<group>"; };
		183974652A52636B00F0101A /* DefaultLikeService.swift */ = {isa = PBXFileReference; lastKnownFileType = sourcecode.swift; path = DefaultLikeService.swift; sourceTree = "<group>"; };
		183974682A52637700F0101A /* Service.swift */ = {isa = PBXFileReference; lastKnownFileType = sourcecode.swift; path = Service.swift; sourceTree = "<group>"; };
		1839746C2A52A28100F0101A /* HTTPMethod.swift */ = {isa = PBXFileReference; lastKnownFileType = sourcecode.swift; path = HTTPMethod.swift; sourceTree = "<group>"; };
		1839746E2A52A29D00F0101A /* APIError.swift */ = {isa = PBXFileReference; lastKnownFileType = sourcecode.swift; path = APIError.swift; sourceTree = "<group>"; };
		183974712A52A2B900F0101A /* URLRequestBuilder.swift */ = {isa = PBXFileReference; lastKnownFileType = sourcecode.swift; path = URLRequestBuilder.swift; sourceTree = "<group>"; };
		183974732A52A32A00F0101A /* LikeRequestDirector.swift */ = {isa = PBXFileReference; lastKnownFileType = sourcecode.swift; path = LikeRequestDirector.swift; sourceTree = "<group>"; };
		184E772C2A55D2850082E318 /* FanFollow.xctestplan */ = {isa = PBXFileReference; lastKnownFileType = text; path = FanFollow.xctestplan; sourceTree = "<group>"; };
		185DB85E2A52F5660071023B /* ChatRequestDirector.swift */ = {isa = PBXFileReference; lastKnownFileType = sourcecode.swift; path = ChatRequestDirector.swift; sourceTree = "<group>"; };
		1866AFC22A57087E000FFFD7 /* ChatServiceTests.swift */ = {isa = PBXFileReference; lastKnownFileType = sourcecode.swift; path = ChatServiceTests.swift; sourceTree = "<group>"; };
		188CC4002A4D7FD900BAB85A /* FanFollow.app */ = {isa = PBXFileReference; explicitFileType = wrapper.application; includeInIndex = 0; path = FanFollow.app; sourceTree = BUILT_PRODUCTS_DIR; };
		188CC4032A4D7FD900BAB85A /* AppDelegate.swift */ = {isa = PBXFileReference; lastKnownFileType = sourcecode.swift; path = AppDelegate.swift; sourceTree = "<group>"; };
		188CC4052A4D7FD900BAB85A /* SceneDelegate.swift */ = {isa = PBXFileReference; lastKnownFileType = sourcecode.swift; path = SceneDelegate.swift; sourceTree = "<group>"; };
		188CC4072A4D7FD900BAB85A /* ViewController.swift */ = {isa = PBXFileReference; lastKnownFileType = sourcecode.swift; path = ViewController.swift; sourceTree = "<group>"; };
		188CC40C2A4D7FDB00BAB85A /* Assets.xcassets */ = {isa = PBXFileReference; lastKnownFileType = folder.assetcatalog; path = Assets.xcassets; sourceTree = "<group>"; };
		188CC40F2A4D7FDB00BAB85A /* Base */ = {isa = PBXFileReference; lastKnownFileType = file.storyboard; name = Base; path = Base.lproj/LaunchScreen.storyboard; sourceTree = "<group>"; };
		188CC4112A4D7FDB00BAB85A /* Info.plist */ = {isa = PBXFileReference; lastKnownFileType = text.plist.xml; path = Info.plist; sourceTree = "<group>"; };
		18C1E5202A55488900A41AC5 /* NetworkManagerTests.xctest */ = {isa = PBXFileReference; explicitFileType = wrapper.cfbundle; includeInIndex = 0; path = NetworkManagerTests.xctest; sourceTree = BUILT_PRODUCTS_DIR; };
		18C1E5222A55488900A41AC5 /* NetworkManagerTests.swift */ = {isa = PBXFileReference; lastKnownFileType = sourcecode.swift; path = NetworkManagerTests.swift; sourceTree = "<group>"; };
		18C1E5382A55717000A41AC5 /* StubURLSession.swift */ = {isa = PBXFileReference; lastKnownFileType = sourcecode.swift; path = StubURLSession.swift; sourceTree = "<group>"; };
		18C1E53B2A55B92A00A41AC5 /* Mock.swift */ = {isa = PBXFileReference; lastKnownFileType = sourcecode.swift; path = Mock.swift; sourceTree = "<group>"; };
		18C1E53D2A55B94100A41AC5 /* MockURLSessionDataTask.swift */ = {isa = PBXFileReference; lastKnownFileType = sourcecode.swift; path = MockURLSessionDataTask.swift; sourceTree = "<group>"; };
		18C1E53F2A55BA3E00A41AC5 /* MockData.swift */ = {isa = PBXFileReference; lastKnownFileType = sourcecode.swift; path = MockData.swift; sourceTree = "<group>"; };
		18C1E5422A55BC4600A41AC5 /* URLSessionType.swift */ = {isa = PBXFileReference; lastKnownFileType = sourcecode.swift; path = URLSessionType.swift; sourceTree = "<group>"; };
		18C1E5442A55BC5D00A41AC5 /* URLSessionDataTaskType.swift */ = {isa = PBXFileReference; lastKnownFileType = sourcecode.swift; path = URLSessionDataTaskType.swift; sourceTree = "<group>"; };
		18E670392A53BCC400C52942 /* ChatDTO.swift */ = {isa = PBXFileReference; lastKnownFileType = sourcecode.swift; path = ChatDTO.swift; sourceTree = "<group>"; };
		18E6703B2A53BD1400C52942 /* ChatService.swift */ = {isa = PBXFileReference; lastKnownFileType = sourcecode.swift; path = ChatService.swift; sourceTree = "<group>"; };
		18E6703D2A53BE2C00C52942 /* DefaultChatService.swift */ = {isa = PBXFileReference; lastKnownFileType = sourcecode.swift; path = DefaultChatService.swift; sourceTree = "<group>"; };
		18F0131B2A53E6AC000603CC /* URL+Extension.swift */ = {isa = PBXFileReference; lastKnownFileType = sourcecode.swift; path = "URL+Extension.swift"; sourceTree = "<group>"; };
		3C10F7B32A53B862001E9B21 /* PostService.swift */ = {isa = PBXFileReference; lastKnownFileType = sourcecode.swift; path = PostService.swift; sourceTree = "<group>"; };
		3C45B0182A52A7C600307DCF /* Bundle+Extension.swift */ = {isa = PBXFileReference; lastKnownFileType = sourcecode.swift; path = "Bundle+Extension.swift"; sourceTree = "<group>"; };
		3C45B01A2A52A7E000307DCF /* SupabaseInfo.plist */ = {isa = PBXFileReference; lastKnownFileType = text.plist.xml; path = SupabaseInfo.plist; sourceTree = "<group>"; };
		3CAC3D7E2A52DE80000DE463 /* DefaultPostService.swift */ = {isa = PBXFileReference; lastKnownFileType = sourcecode.swift; path = DefaultPostService.swift; sourceTree = "<group>"; };
		3CAC3D802A52F669000DE463 /* PostDTO.swift */ = {isa = PBXFileReference; lastKnownFileType = sourcecode.swift; path = PostDTO.swift; sourceTree = "<group>"; };
		3CAC3D822A52F6B7000DE463 /* PostRequestDirector.swift */ = {isa = PBXFileReference; lastKnownFileType = sourcecode.swift; path = PostRequestDirector.swift; sourceTree = "<group>"; };
		EB5668CF2A56B11C007A3860 /* StubNetworkManager.swift */ = {isa = PBXFileReference; lastKnownFileType = sourcecode.swift; path = StubNetworkManager.swift; sourceTree = "<group>"; };
		EBAA0A5F2A56EBEA0033ED0F /* ServiceTests.xctest */ = {isa = PBXFileReference; explicitFileType = wrapper.cfbundle; includeInIndex = 0; path = ServiceTests.xctest; sourceTree = BUILT_PRODUCTS_DIR; };
		EBC4E98D2A54F22700A1F6AE /* UserInformationService.swift */ = {isa = PBXFileReference; lastKnownFileType = sourcecode.swift; path = UserInformationService.swift; sourceTree = "<group>"; };
		EBC4E98F2A55133000A1F6AE /* DefaultUserInformationService.swift */ = {isa = PBXFileReference; lastKnownFileType = sourcecode.swift; path = DefaultUserInformationService.swift; sourceTree = "<group>"; };
		EBC4E9912A5513FD00A1F6AE /* UserRequestDirector.swift */ = {isa = PBXFileReference; lastKnownFileType = sourcecode.swift; path = UserRequestDirector.swift; sourceTree = "<group>"; };
		EBE33E4C2A52C32F00C11188 /* FollowDTO.swift */ = {isa = PBXFileReference; lastKnownFileType = sourcecode.swift; path = FollowDTO.swift; sourceTree = "<group>"; };
		EBE33E4E2A52C42100C11188 /* FollowService.swift */ = {isa = PBXFileReference; lastKnownFileType = sourcecode.swift; path = FollowService.swift; sourceTree = "<group>"; };
		EBE33E502A52E6BB00C11188 /* UserInformationDTO.swift */ = {isa = PBXFileReference; lastKnownFileType = sourcecode.swift; path = UserInformationDTO.swift; sourceTree = "<group>"; };
		EBE33E522A52F00400C11188 /* FollowRequestDirector.swift */ = {isa = PBXFileReference; lastKnownFileType = sourcecode.swift; path = FollowRequestDirector.swift; sourceTree = "<group>"; };
		EBE33E542A52F3CA00C11188 /* DefaultFollowService.swift */ = {isa = PBXFileReference; lastKnownFileType = sourcecode.swift; path = DefaultFollowService.swift; sourceTree = "<group>"; };
		EBE33E6C2A53DD3B00C11188 /* LikeService.swift */ = {isa = PBXFileReference; fileEncoding = 4; lastKnownFileType = sourcecode.swift; path = LikeService.swift; sourceTree = "<group>"; };
/* End PBXFileReference section */

/* Begin PBXFrameworksBuildPhase section */
		188CC3FD2A4D7FD900BAB85A /* Frameworks */ = {
			isa = PBXFrameworksBuildPhase;
			buildActionMask = 2147483647;
			files = (
				18287CF22A56927A0042E0F2 /* RxSwift in Frameworks */,
				18287CF02A56927A0042E0F2 /* RxRelay in Frameworks */,
				188CC4232A4D824800BAB85A /* Then in Frameworks */,
				18287CEE2A56927A0042E0F2 /* RxCocoa in Frameworks */,
				188CC4202A4D820F00BAB85A /* SnapKit in Frameworks */,
			);
			runOnlyForDeploymentPostprocessing = 0;
		};
		18C1E51D2A55488900A41AC5 /* Frameworks */ = {
			isa = PBXFrameworksBuildPhase;
			buildActionMask = 2147483647;
			files = (
				18287CFE2A56935F0042E0F2 /* RxTest in Frameworks */,
				18287CFA2A56935F0042E0F2 /* RxRelay in Frameworks */,
				18287CFC2A56935F0042E0F2 /* RxSwift in Frameworks */,
				18287CF62A56935F0042E0F2 /* RxBlocking in Frameworks */,
			);
			runOnlyForDeploymentPostprocessing = 0;
		};
		EBAA0A5C2A56EBEA0033ED0F /* Frameworks */ = {
			isa = PBXFrameworksBuildPhase;
			buildActionMask = 2147483647;
			files = (
				EBAA0A702A56EC4D0033ED0F /* RxTest in Frameworks */,
				EBAA0A6E2A56EC4D0033ED0F /* RxSwift in Frameworks */,
				EBAA0A6C2A56EC4D0033ED0F /* RxRelay in Frameworks */,
				EBAA0A6A2A56EC4D0033ED0F /* RxBlocking in Frameworks */,
			);
			runOnlyForDeploymentPostprocessing = 0;
		};
/* End PBXFrameworksBuildPhase section */

/* Begin PBXGroup section */
		181258922A5418A10054C782 /* Constants */ = {
			isa = PBXGroup;
			children = (
				181258932A5418AA0054C782 /* SupabaseConstants.swift */,
			);
			path = Constants;
			sourceTree = "<group>";
		};
		1839745D2A525B0900F0101A /* NetworkManager */ = {
			isa = PBXGroup;
			children = (
				18C1E5412A55BC3700A41AC5 /* Protocol */,
				183974702A52A2AD00F0101A /* Builder */,
				1839746B2A52A27900F0101A /* Model */,
				1839745E2A525B1A00F0101A /* Network.swift */,
				183974602A525B3300F0101A /* NetworkManager.swift */,
				183974622A525B4500F0101A /* NetworkError.swift */,
			);
			path = NetworkManager;
			sourceTree = "<group>";
		};
		183974642A52636200F0101A /* Data */ = {
			isa = PBXGroup;
			children = (
				183974752A52A39F00F0101A /* Model */,
				183974672A52636F00F0101A /* Protocol */,
				18E6703D2A53BE2C00C52942 /* DefaultChatService.swift */,
				183974652A52636B00F0101A /* DefaultLikeService.swift */,
				EBE33E542A52F3CA00C11188 /* DefaultFollowService.swift */,
				3CAC3D7E2A52DE80000DE463 /* DefaultPostService.swift */,
				EBC4E98F2A55133000A1F6AE /* DefaultUserInformationService.swift */,
			);
			path = Data;
			sourceTree = "<group>";
		};
		183974672A52636F00F0101A /* Protocol */ = {
			isa = PBXGroup;
			children = (
				183974682A52637700F0101A /* Service.swift */,
				18E6703B2A53BD1400C52942 /* ChatService.swift */,
				3C10F7B32A53B862001E9B21 /* PostService.swift */,
				EBE33E4E2A52C42100C11188 /* FollowService.swift */,
				EBE33E6C2A53DD3B00C11188 /* LikeService.swift */,
				EBC4E98D2A54F22700A1F6AE /* UserInformationService.swift */,
			);
			path = Protocol;
			sourceTree = "<group>";
		};
		1839746B2A52A27900F0101A /* Model */ = {
			isa = PBXGroup;
			children = (
				1839746C2A52A28100F0101A /* HTTPMethod.swift */,
				1839746E2A52A29D00F0101A /* APIError.swift */,
			);
			path = Model;
			sourceTree = "<group>";
		};
		183974702A52A2AD00F0101A /* Builder */ = {
			isa = PBXGroup;
			children = (
				183974712A52A2B900F0101A /* URLRequestBuilder.swift */,
				183974732A52A32A00F0101A /* LikeRequestDirector.swift */,
				185DB85E2A52F5660071023B /* ChatRequestDirector.swift */,
				EBE33E522A52F00400C11188 /* FollowRequestDirector.swift */,
				3CAC3D822A52F6B7000DE463 /* PostRequestDirector.swift */,
				EBC4E9912A5513FD00A1F6AE /* UserRequestDirector.swift */,
			);
			path = Builder;
			sourceTree = "<group>";
		};
		183974752A52A39F00F0101A /* Model */ = {
			isa = PBXGroup;
			children = (
				18E670392A53BCC400C52942 /* ChatDTO.swift */,
				3CAC3D802A52F669000DE463 /* PostDTO.swift */,
				EBE33E4C2A52C32F00C11188 /* FollowDTO.swift */,
				EBE33E502A52E6BB00C11188 /* UserInformationDTO.swift */,
			);
			path = Model;
			sourceTree = "<group>";
		};
		188CC3F72A4D7FD900BAB85A = {
			isa = PBXGroup;
			children = (
				184E772C2A55D2850082E318 /* FanFollow.xctestplan */,
				188CC4022A4D7FD900BAB85A /* FanFollow */,
				18C1E5212A55488900A41AC5 /* NetworkManagerTests */,
				EB5668CD2A56B0EA007A3860 /* ServiceTests */,
				188CC4012A4D7FD900BAB85A /* Products */,
				18C1E5462A55C33D00A41AC5 /* Frameworks */,
			);
			sourceTree = "<group>";
		};
		188CC4012A4D7FD900BAB85A /* Products */ = {
			isa = PBXGroup;
			children = (
				188CC4002A4D7FD900BAB85A /* FanFollow.app */,
				18C1E5202A55488900A41AC5 /* NetworkManagerTests.xctest */,
				EBAA0A5F2A56EBEA0033ED0F /* ServiceTests.xctest */,
			);
			name = Products;
			sourceTree = "<group>";
		};
		188CC4022A4D7FD900BAB85A /* FanFollow */ = {
			isa = PBXGroup;
			children = (
				3C29C8F42A4EAD9C002F0037 /* Resource */,
				3C29C8F32A4EAD95002F0037 /* Source */,
			);
			path = FanFollow;
			sourceTree = "<group>";
		};
		18C1E5212A55488900A41AC5 /* NetworkManagerTests */ = {
			isa = PBXGroup;
			children = (
				18C1E53A2A55B92400A41AC5 /* Mock */,
				18C1E5372A55716100A41AC5 /* Stub */,
				18C1E5222A55488900A41AC5 /* NetworkManagerTests.swift */,
			);
			path = NetworkManagerTests;
			sourceTree = "<group>";
		};
		18C1E5372A55716100A41AC5 /* Stub */ = {
			isa = PBXGroup;
			children = (
				18C1E5382A55717000A41AC5 /* StubURLSession.swift */,
			);
			path = Stub;
			sourceTree = "<group>";
		};
		18C1E53A2A55B92400A41AC5 /* Mock */ = {
			isa = PBXGroup;
			children = (
				18C1E53B2A55B92A00A41AC5 /* Mock.swift */,
				18C1E53D2A55B94100A41AC5 /* MockURLSessionDataTask.swift */,
				18C1E53F2A55BA3E00A41AC5 /* MockData.swift */,
			);
			path = Mock;
			sourceTree = "<group>";
		};
		18C1E5412A55BC3700A41AC5 /* Protocol */ = {
			isa = PBXGroup;
			children = (
				18C1E5422A55BC4600A41AC5 /* URLSessionType.swift */,
				18C1E5442A55BC5D00A41AC5 /* URLSessionDataTaskType.swift */,
			);
			path = Protocol;
			sourceTree = "<group>";
		};
		18C1E5462A55C33D00A41AC5 /* Frameworks */ = {
			isa = PBXGroup;
			children = (
			);
			name = Frameworks;
			sourceTree = "<group>";
		};
		3C29C8F32A4EAD95002F0037 /* Source */ = {
			isa = PBXGroup;
			children = (
				183974642A52636200F0101A /* Data */,
				3C45B0162A52A79A00307DCF /* Util */,
				1839745D2A525B0900F0101A /* NetworkManager */,
				3C29C8F52A4EADE8002F0037 /* Application */,
				188CC4072A4D7FD900BAB85A /* ViewController.swift */,
			);
			path = Source;
			sourceTree = "<group>";
		};
		3C29C8F42A4EAD9C002F0037 /* Resource */ = {
			isa = PBXGroup;
			children = (
				188CC40C2A4D7FDB00BAB85A /* Assets.xcassets */,
				188CC40E2A4D7FDB00BAB85A /* LaunchScreen.storyboard */,
				188CC4112A4D7FDB00BAB85A /* Info.plist */,
				3C45B01A2A52A7E000307DCF /* SupabaseInfo.plist */,
			);
			path = Resource;
			sourceTree = "<group>";
		};
		3C29C8F52A4EADE8002F0037 /* Application */ = {
			isa = PBXGroup;
			children = (
				188CC4032A4D7FD900BAB85A /* AppDelegate.swift */,
				188CC4052A4D7FD900BAB85A /* SceneDelegate.swift */,
			);
			path = Application;
			sourceTree = "<group>";
		};
		3C45B0162A52A79A00307DCF /* Util */ = {
			isa = PBXGroup;
			children = (
				181258922A5418A10054C782 /* Constants */,
				3C45B0172A52A7AC00307DCF /* Extension */,
			);
			path = Util;
			sourceTree = "<group>";
		};
		3C45B0172A52A7AC00307DCF /* Extension */ = {
			isa = PBXGroup;
			children = (
				3C45B0182A52A7C600307DCF /* Bundle+Extension.swift */,
				18F0131B2A53E6AC000603CC /* URL+Extension.swift */,
			);
			path = Extension;
			sourceTree = "<group>";
		};
		EB5668CD2A56B0EA007A3860 /* ServiceTests */ = {
			isa = PBXGroup;
			children = (
				EB5668CE2A56B0FF007A3860 /* Stub */,
				1866AFC22A57087E000FFFD7 /* ChatServiceTests.swift */,
			);
			path = ServiceTests;
			sourceTree = "<group>";
		};
		EB5668CE2A56B0FF007A3860 /* Stub */ = {
			isa = PBXGroup;
			children = (
				EB5668CF2A56B11C007A3860 /* StubNetworkManager.swift */,
			);
			path = Stub;
			sourceTree = "<group>";
		};
/* End PBXGroup section */

/* Begin PBXNativeTarget section */
		188CC3FF2A4D7FD900BAB85A /* FanFollow */ = {
			isa = PBXNativeTarget;
			buildConfigurationList = 188CC4142A4D7FDB00BAB85A /* Build configuration list for PBXNativeTarget "FanFollow" */;
			buildPhases = (
				188CC3FC2A4D7FD900BAB85A /* Sources */,
				188CC4252A4D82A300BAB85A /* Run SwiftLint */,
				188CC3FD2A4D7FD900BAB85A /* Frameworks */,
				188CC3FE2A4D7FD900BAB85A /* Resources */,
			);
			buildRules = (
			);
			dependencies = (
			);
			name = FanFollow;
			packageProductDependencies = (
				188CC41F2A4D820F00BAB85A /* SnapKit */,
				188CC4222A4D824800BAB85A /* Then */,
				18287CED2A56927A0042E0F2 /* RxCocoa */,
				18287CEF2A56927A0042E0F2 /* RxRelay */,
				18287CF12A56927A0042E0F2 /* RxSwift */,
			);
			productName = FanFollow;
			productReference = 188CC4002A4D7FD900BAB85A /* FanFollow.app */;
			productType = "com.apple.product-type.application";
		};
		18C1E51F2A55488900A41AC5 /* NetworkManagerTests */ = {
			isa = PBXNativeTarget;
			buildConfigurationList = 18C1E5262A55488900A41AC5 /* Build configuration list for PBXNativeTarget "NetworkManagerTests" */;
			buildPhases = (
				18C1E51C2A55488900A41AC5 /* Sources */,
				18C1E51D2A55488900A41AC5 /* Frameworks */,
				18C1E51E2A55488900A41AC5 /* Resources */,
			);
			buildRules = (
			);
			dependencies = (
			);
			name = NetworkManagerTests;
			packageProductDependencies = (
				18287CF52A56935F0042E0F2 /* RxBlocking */,
				18287CF92A56935F0042E0F2 /* RxRelay */,
				18287CFB2A56935F0042E0F2 /* RxSwift */,
				18287CFD2A56935F0042E0F2 /* RxTest */,
			);
			productName = NetworkManagerTests;
			productReference = 18C1E5202A55488900A41AC5 /* NetworkManagerTests.xctest */;
			productType = "com.apple.product-type.bundle.unit-test";
		};
		EBAA0A5E2A56EBEA0033ED0F /* ServiceTests */ = {
			isa = PBXNativeTarget;
			buildConfigurationList = EBAA0A672A56EBEA0033ED0F /* Build configuration list for PBXNativeTarget "ServiceTests" */;
			buildPhases = (
				EBAA0A5B2A56EBEA0033ED0F /* Sources */,
				EBAA0A5C2A56EBEA0033ED0F /* Frameworks */,
				EBAA0A5D2A56EBEA0033ED0F /* Resources */,
			);
			buildRules = (
			);
			dependencies = (
				EBAA0A642A56EBEA0033ED0F /* PBXTargetDependency */,
			);
			name = ServiceTests;
			packageProductDependencies = (
				EBAA0A692A56EC4D0033ED0F /* RxBlocking */,
				EBAA0A6B2A56EC4D0033ED0F /* RxRelay */,
				EBAA0A6D2A56EC4D0033ED0F /* RxSwift */,
				EBAA0A6F2A56EC4D0033ED0F /* RxTest */,
			);
			productName = ServiceTests;
			productReference = EBAA0A5F2A56EBEA0033ED0F /* ServiceTests.xctest */;
			productType = "com.apple.product-type.bundle.unit-test";
		};
/* End PBXNativeTarget section */

/* Begin PBXProject section */
		188CC3F82A4D7FD900BAB85A /* Project object */ = {
			isa = PBXProject;
			attributes = {
				BuildIndependentTargetsInParallel = 1;
				LastSwiftUpdateCheck = 1420;
				LastUpgradeCheck = 1430;
				TargetAttributes = {
					188CC3FF2A4D7FD900BAB85A = {
						CreatedOnToolsVersion = 14.3;
					};
					18C1E51F2A55488900A41AC5 = {
						CreatedOnToolsVersion = 14.3.1;
					};
					EBAA0A5E2A56EBEA0033ED0F = {
						CreatedOnToolsVersion = 14.2;
						TestTargetID = 188CC3FF2A4D7FD900BAB85A;
					};
				};
			};
			buildConfigurationList = 188CC3FB2A4D7FD900BAB85A /* Build configuration list for PBXProject "FanFollow" */;
			compatibilityVersion = "Xcode 14.0";
			developmentRegion = en;
			hasScannedForEncodings = 0;
			knownRegions = (
				en,
				Base,
			);
			mainGroup = 188CC3F72A4D7FD900BAB85A;
			packageReferences = (
				188CC41E2A4D820F00BAB85A /* XCRemoteSwiftPackageReference "SnapKit" */,
				188CC4212A4D824800BAB85A /* XCRemoteSwiftPackageReference "Then" */,
				18287CEA2A56927A0042E0F2 /* XCRemoteSwiftPackageReference "RxSwift" */,
			);
			productRefGroup = 188CC4012A4D7FD900BAB85A /* Products */;
			projectDirPath = "";
			projectRoot = "";
			targets = (
				188CC3FF2A4D7FD900BAB85A /* FanFollow */,
				18C1E51F2A55488900A41AC5 /* NetworkManagerTests */,
				EBAA0A5E2A56EBEA0033ED0F /* ServiceTests */,
			);
		};
/* End PBXProject section */

/* Begin PBXResourcesBuildPhase section */
		188CC3FE2A4D7FD900BAB85A /* Resources */ = {
			isa = PBXResourcesBuildPhase;
			buildActionMask = 2147483647;
			files = (
				3C45B01B2A52A7E000307DCF /* SupabaseInfo.plist in Resources */,
				188CC4102A4D7FDB00BAB85A /* LaunchScreen.storyboard in Resources */,
				188CC40D2A4D7FDB00BAB85A /* Assets.xcassets in Resources */,
			);
			runOnlyForDeploymentPostprocessing = 0;
		};
		18C1E51E2A55488900A41AC5 /* Resources */ = {
			isa = PBXResourcesBuildPhase;
			buildActionMask = 2147483647;
			files = (
			);
			runOnlyForDeploymentPostprocessing = 0;
		};
		EBAA0A5D2A56EBEA0033ED0F /* Resources */ = {
			isa = PBXResourcesBuildPhase;
			buildActionMask = 2147483647;
			files = (
			);
			runOnlyForDeploymentPostprocessing = 0;
		};
/* End PBXResourcesBuildPhase section */

/* Begin PBXShellScriptBuildPhase section */
		188CC4252A4D82A300BAB85A /* Run SwiftLint */ = {
			isa = PBXShellScriptBuildPhase;
			buildActionMask = 8;
			files = (
			);
			inputFileListPaths = (
			);
			inputPaths = (
			);
			name = "Run SwiftLint";
			outputFileListPaths = (
			);
			outputPaths = (
			);
			runOnlyForDeploymentPostprocessing = 1;
			shellPath = /bin/sh;
			shellScript = "if [[ \"$(uname -m)\" == arm64 ]]; then\n    export PATH=\"/opt/homebrew/bin:$PATH\"\nfi\n\nif which swiftlint > /dev/null; then\n  swiftlint\nelse\n  echo \"warning: SwiftLint not installed, download from https://github.com/realm/SwiftLint\"\nfi\n";
		};
/* End PBXShellScriptBuildPhase section */

/* Begin PBXSourcesBuildPhase section */
		188CC3FC2A4D7FD900BAB85A /* Sources */ = {
			isa = PBXSourcesBuildPhase;
			buildActionMask = 2147483647;
			files = (
				183974722A52A2B900F0101A /* URLRequestBuilder.swift in Sources */,
				183974612A525B3300F0101A /* NetworkManager.swift in Sources */,
				EBE33E4F2A52C42100C11188 /* FollowService.swift in Sources */,
				183974742A52A32A00F0101A /* LikeRequestDirector.swift in Sources */,
				18E6703E2A53BE2C00C52942 /* DefaultChatService.swift in Sources */,
				183974692A52637700F0101A /* Service.swift in Sources */,
				3CAC3D832A52F6B7000DE463 /* PostRequestDirector.swift in Sources */,
				3C45B0192A52A7C600307DCF /* Bundle+Extension.swift in Sources */,
				181258942A5418AA0054C782 /* SupabaseConstants.swift in Sources */,
				18C1E5432A55BC4600A41AC5 /* URLSessionType.swift in Sources */,
				3CAC3D812A52F669000DE463 /* PostDTO.swift in Sources */,
				EBE33E552A52F3CA00C11188 /* DefaultFollowService.swift in Sources */,
				EBE33E532A52F00400C11188 /* FollowRequestDirector.swift in Sources */,
				183974632A525B4500F0101A /* NetworkError.swift in Sources */,
				185DB85F2A52F5660071023B /* ChatRequestDirector.swift in Sources */,
				18E6703C2A53BD1400C52942 /* ChatService.swift in Sources */,
				EBC4E9902A55133000A1F6AE /* DefaultUserInformationService.swift in Sources */,
				1839746F2A52A29D00F0101A /* APIError.swift in Sources */,
				EBC4E98E2A54F22700A1F6AE /* UserInformationService.swift in Sources */,
				18F0131C2A53E6AC000603CC /* URL+Extension.swift in Sources */,
				EBE33E512A52E6BB00C11188 /* UserInformationDTO.swift in Sources */,
				EBE33E4D2A52C32F00C11188 /* FollowDTO.swift in Sources */,
				1839745F2A525B1A00F0101A /* Network.swift in Sources */,
				18C1E5452A55BC5D00A41AC5 /* URLSessionDataTaskType.swift in Sources */,
				3CAC3D7F2A52DE80000DE463 /* DefaultPostService.swift in Sources */,
				EBE33E6D2A53DD3B00C11188 /* LikeService.swift in Sources */,
				3C10F7B42A53B862001E9B21 /* PostService.swift in Sources */,
				1839746D2A52A28100F0101A /* HTTPMethod.swift in Sources */,
				188CC4082A4D7FD900BAB85A /* ViewController.swift in Sources */,
				EBC4E9922A5513FD00A1F6AE /* UserRequestDirector.swift in Sources */,
				188CC4042A4D7FD900BAB85A /* AppDelegate.swift in Sources */,
				188CC4062A4D7FD900BAB85A /* SceneDelegate.swift in Sources */,
				18E6703A2A53BCC400C52942 /* ChatDTO.swift in Sources */,
			);
			runOnlyForDeploymentPostprocessing = 0;
		};
		18C1E51C2A55488900A41AC5 /* Sources */ = {
			isa = PBXSourcesBuildPhase;
			buildActionMask = 2147483647;
			files = (
				18287D002A5699000042E0F2 /* URLSessionType.swift in Sources */,
				18C1E5392A55717000A41AC5 /* StubURLSession.swift in Sources */,
				18C1E53E2A55B94100A41AC5 /* MockURLSessionDataTask.swift in Sources */,
				18C1E5232A55488900A41AC5 /* NetworkManagerTests.swift in Sources */,
				18287D012A5699060042E0F2 /* NetworkManager.swift in Sources */,
				18287D042A5699150042E0F2 /* ChatDTO.swift in Sources */,
				18287D022A5699080042E0F2 /* Network.swift in Sources */,
				18C1E5402A55BA3E00A41AC5 /* MockData.swift in Sources */,
				18C1E53C2A55B92A00A41AC5 /* Mock.swift in Sources */,
				18287CFF2A5698F80042E0F2 /* URLSessionDataTaskType.swift in Sources */,
				18287D032A56990B0042E0F2 /* NetworkError.swift in Sources */,
			);
			runOnlyForDeploymentPostprocessing = 0;
		};
		EBAA0A5B2A56EBEA0033ED0F /* Sources */ = {
			isa = PBXSourcesBuildPhase;
			buildActionMask = 2147483647;
			files = (
				EBAA0A682A56EC140033ED0F /* StubNetworkManager.swift in Sources */,
				1866AFC32A57087E000FFFD7 /* ChatServiceTests.swift in Sources */,
			);
			runOnlyForDeploymentPostprocessing = 0;
		};
/* End PBXSourcesBuildPhase section */

/* Begin PBXTargetDependency section */
		EBAA0A642A56EBEA0033ED0F /* PBXTargetDependency */ = {
			isa = PBXTargetDependency;
			target = 188CC3FF2A4D7FD900BAB85A /* FanFollow */;
			targetProxy = EBAA0A632A56EBEA0033ED0F /* PBXContainerItemProxy */;
		};
/* End PBXTargetDependency section */

/* Begin PBXVariantGroup section */
		188CC40E2A4D7FDB00BAB85A /* LaunchScreen.storyboard */ = {
			isa = PBXVariantGroup;
			children = (
				188CC40F2A4D7FDB00BAB85A /* Base */,
			);
			name = LaunchScreen.storyboard;
			sourceTree = "<group>";
		};
/* End PBXVariantGroup section */

/* Begin XCBuildConfiguration section */
		188CC4122A4D7FDB00BAB85A /* Debug */ = {
			isa = XCBuildConfiguration;
			buildSettings = {
				ALWAYS_SEARCH_USER_PATHS = NO;
				CLANG_ANALYZER_NONNULL = YES;
				CLANG_ANALYZER_NUMBER_OBJECT_CONVERSION = YES_AGGRESSIVE;
				CLANG_CXX_LANGUAGE_STANDARD = "gnu++20";
				CLANG_ENABLE_MODULES = YES;
				CLANG_ENABLE_OBJC_ARC = YES;
				CLANG_ENABLE_OBJC_WEAK = YES;
				CLANG_WARN_BLOCK_CAPTURE_AUTORELEASING = YES;
				CLANG_WARN_BOOL_CONVERSION = YES;
				CLANG_WARN_COMMA = YES;
				CLANG_WARN_CONSTANT_CONVERSION = YES;
				CLANG_WARN_DEPRECATED_OBJC_IMPLEMENTATIONS = YES;
				CLANG_WARN_DIRECT_OBJC_ISA_USAGE = YES_ERROR;
				CLANG_WARN_DOCUMENTATION_COMMENTS = YES;
				CLANG_WARN_EMPTY_BODY = YES;
				CLANG_WARN_ENUM_CONVERSION = YES;
				CLANG_WARN_INFINITE_RECURSION = YES;
				CLANG_WARN_INT_CONVERSION = YES;
				CLANG_WARN_NON_LITERAL_NULL_CONVERSION = YES;
				CLANG_WARN_OBJC_IMPLICIT_RETAIN_SELF = YES;
				CLANG_WARN_OBJC_LITERAL_CONVERSION = YES;
				CLANG_WARN_OBJC_ROOT_CLASS = YES_ERROR;
				CLANG_WARN_QUOTED_INCLUDE_IN_FRAMEWORK_HEADER = YES;
				CLANG_WARN_RANGE_LOOP_ANALYSIS = YES;
				CLANG_WARN_STRICT_PROTOTYPES = YES;
				CLANG_WARN_SUSPICIOUS_MOVE = YES;
				CLANG_WARN_UNGUARDED_AVAILABILITY = YES_AGGRESSIVE;
				CLANG_WARN_UNREACHABLE_CODE = YES;
				CLANG_WARN__DUPLICATE_METHOD_MATCH = YES;
				COPY_PHASE_STRIP = NO;
				DEBUG_INFORMATION_FORMAT = dwarf;
				ENABLE_STRICT_OBJC_MSGSEND = YES;
				ENABLE_TESTABILITY = YES;
				GCC_C_LANGUAGE_STANDARD = gnu11;
				GCC_DYNAMIC_NO_PIC = NO;
				GCC_NO_COMMON_BLOCKS = YES;
				GCC_OPTIMIZATION_LEVEL = 0;
				GCC_PREPROCESSOR_DEFINITIONS = (
					"DEBUG=1",
					"$(inherited)",
				);
				GCC_WARN_64_TO_32_BIT_CONVERSION = YES;
				GCC_WARN_ABOUT_RETURN_TYPE = YES_ERROR;
				GCC_WARN_UNDECLARED_SELECTOR = YES;
				GCC_WARN_UNINITIALIZED_AUTOS = YES_AGGRESSIVE;
				GCC_WARN_UNUSED_FUNCTION = YES;
				GCC_WARN_UNUSED_VARIABLE = YES;
				IPHONEOS_DEPLOYMENT_TARGET = 14.0;
				MTL_ENABLE_DEBUG_INFO = INCLUDE_SOURCE;
				MTL_FAST_MATH = YES;
				ONLY_ACTIVE_ARCH = YES;
				SDKROOT = iphoneos;
				SWIFT_ACTIVE_COMPILATION_CONDITIONS = DEBUG;
				SWIFT_OPTIMIZATION_LEVEL = "-Onone";
			};
			name = Debug;
		};
		188CC4132A4D7FDB00BAB85A /* Release */ = {
			isa = XCBuildConfiguration;
			buildSettings = {
				ALWAYS_SEARCH_USER_PATHS = NO;
				CLANG_ANALYZER_NONNULL = YES;
				CLANG_ANALYZER_NUMBER_OBJECT_CONVERSION = YES_AGGRESSIVE;
				CLANG_CXX_LANGUAGE_STANDARD = "gnu++20";
				CLANG_ENABLE_MODULES = YES;
				CLANG_ENABLE_OBJC_ARC = YES;
				CLANG_ENABLE_OBJC_WEAK = YES;
				CLANG_WARN_BLOCK_CAPTURE_AUTORELEASING = YES;
				CLANG_WARN_BOOL_CONVERSION = YES;
				CLANG_WARN_COMMA = YES;
				CLANG_WARN_CONSTANT_CONVERSION = YES;
				CLANG_WARN_DEPRECATED_OBJC_IMPLEMENTATIONS = YES;
				CLANG_WARN_DIRECT_OBJC_ISA_USAGE = YES_ERROR;
				CLANG_WARN_DOCUMENTATION_COMMENTS = YES;
				CLANG_WARN_EMPTY_BODY = YES;
				CLANG_WARN_ENUM_CONVERSION = YES;
				CLANG_WARN_INFINITE_RECURSION = YES;
				CLANG_WARN_INT_CONVERSION = YES;
				CLANG_WARN_NON_LITERAL_NULL_CONVERSION = YES;
				CLANG_WARN_OBJC_IMPLICIT_RETAIN_SELF = YES;
				CLANG_WARN_OBJC_LITERAL_CONVERSION = YES;
				CLANG_WARN_OBJC_ROOT_CLASS = YES_ERROR;
				CLANG_WARN_QUOTED_INCLUDE_IN_FRAMEWORK_HEADER = YES;
				CLANG_WARN_RANGE_LOOP_ANALYSIS = YES;
				CLANG_WARN_STRICT_PROTOTYPES = YES;
				CLANG_WARN_SUSPICIOUS_MOVE = YES;
				CLANG_WARN_UNGUARDED_AVAILABILITY = YES_AGGRESSIVE;
				CLANG_WARN_UNREACHABLE_CODE = YES;
				CLANG_WARN__DUPLICATE_METHOD_MATCH = YES;
				COPY_PHASE_STRIP = NO;
				DEBUG_INFORMATION_FORMAT = "dwarf-with-dsym";
				ENABLE_NS_ASSERTIONS = NO;
				ENABLE_STRICT_OBJC_MSGSEND = YES;
				GCC_C_LANGUAGE_STANDARD = gnu11;
				GCC_NO_COMMON_BLOCKS = YES;
				GCC_WARN_64_TO_32_BIT_CONVERSION = YES;
				GCC_WARN_ABOUT_RETURN_TYPE = YES_ERROR;
				GCC_WARN_UNDECLARED_SELECTOR = YES;
				GCC_WARN_UNINITIALIZED_AUTOS = YES_AGGRESSIVE;
				GCC_WARN_UNUSED_FUNCTION = YES;
				GCC_WARN_UNUSED_VARIABLE = YES;
				IPHONEOS_DEPLOYMENT_TARGET = 14.0;
				MTL_ENABLE_DEBUG_INFO = NO;
				MTL_FAST_MATH = YES;
				SDKROOT = iphoneos;
				SWIFT_COMPILATION_MODE = wholemodule;
				SWIFT_OPTIMIZATION_LEVEL = "-O";
				VALIDATE_PRODUCT = YES;
			};
			name = Release;
		};
		188CC4152A4D7FDB00BAB85A /* Debug */ = {
			isa = XCBuildConfiguration;
			buildSettings = {
				ASSETCATALOG_COMPILER_APPICON_NAME = AppIcon;
				ASSETCATALOG_COMPILER_GLOBAL_ACCENT_COLOR_NAME = AccentColor;
				CODE_SIGN_STYLE = Automatic;
				CURRENT_PROJECT_VERSION = 1;
				DEVELOPMENT_TEAM = BH7V49ZZ2G;
				GENERATE_INFOPLIST_FILE = YES;
				INFOPLIST_FILE = FanFollow/Resource/Info.plist;
				INFOPLIST_KEY_UIApplicationSupportsIndirectInputEvents = YES;
				INFOPLIST_KEY_UILaunchStoryboardName = LaunchScreen;
				INFOPLIST_KEY_UIMainStoryboardFile = "";
				INFOPLIST_KEY_UISupportedInterfaceOrientations_iPad = "UIInterfaceOrientationPortrait UIInterfaceOrientationPortraitUpsideDown UIInterfaceOrientationLandscapeLeft UIInterfaceOrientationLandscapeRight";
				INFOPLIST_KEY_UISupportedInterfaceOrientations_iPhone = "UIInterfaceOrientationPortrait UIInterfaceOrientationLandscapeLeft UIInterfaceOrientationLandscapeRight";
				IPHONEOS_DEPLOYMENT_TARGET = 14.0;
				LD_RUNPATH_SEARCH_PATHS = (
					"$(inherited)",
					"@executable_path/Frameworks",
				);
				MARKETING_VERSION = 1.0;
				PRODUCT_BUNDLE_IDENTIFIER = com.youngcha.FanFollow;
				PRODUCT_NAME = "$(TARGET_NAME)";
				SUPPORTED_PLATFORMS = "iphoneos iphonesimulator";
				SUPPORTS_MACCATALYST = NO;
				SUPPORTS_MAC_DESIGNED_FOR_IPHONE_IPAD = NO;
				SWIFT_EMIT_LOC_STRINGS = YES;
				SWIFT_VERSION = 5.0;
				TARGETED_DEVICE_FAMILY = 1;
			};
			name = Debug;
		};
		188CC4162A4D7FDB00BAB85A /* Release */ = {
			isa = XCBuildConfiguration;
			buildSettings = {
				ASSETCATALOG_COMPILER_APPICON_NAME = AppIcon;
				ASSETCATALOG_COMPILER_GLOBAL_ACCENT_COLOR_NAME = AccentColor;
				CODE_SIGN_STYLE = Automatic;
				CURRENT_PROJECT_VERSION = 1;
				DEVELOPMENT_TEAM = BH7V49ZZ2G;
				GENERATE_INFOPLIST_FILE = YES;
				INFOPLIST_FILE = FanFollow/Resource/Info.plist;
				INFOPLIST_KEY_UIApplicationSupportsIndirectInputEvents = YES;
				INFOPLIST_KEY_UILaunchStoryboardName = LaunchScreen;
				INFOPLIST_KEY_UIMainStoryboardFile = "";
				INFOPLIST_KEY_UISupportedInterfaceOrientations_iPad = "UIInterfaceOrientationPortrait UIInterfaceOrientationPortraitUpsideDown UIInterfaceOrientationLandscapeLeft UIInterfaceOrientationLandscapeRight";
				INFOPLIST_KEY_UISupportedInterfaceOrientations_iPhone = "UIInterfaceOrientationPortrait UIInterfaceOrientationLandscapeLeft UIInterfaceOrientationLandscapeRight";
				IPHONEOS_DEPLOYMENT_TARGET = 14.0;
				LD_RUNPATH_SEARCH_PATHS = (
					"$(inherited)",
					"@executable_path/Frameworks",
				);
				MARKETING_VERSION = 1.0;
				PRODUCT_BUNDLE_IDENTIFIER = com.youngcha.FanFollow;
				PRODUCT_NAME = "$(TARGET_NAME)";
				SUPPORTED_PLATFORMS = "iphoneos iphonesimulator";
				SUPPORTS_MACCATALYST = NO;
				SUPPORTS_MAC_DESIGNED_FOR_IPHONE_IPAD = NO;
				SWIFT_EMIT_LOC_STRINGS = YES;
				SWIFT_VERSION = 5.0;
				TARGETED_DEVICE_FAMILY = 1;
			};
			name = Release;
		};
		18C1E5272A55488900A41AC5 /* Debug */ = {
			isa = XCBuildConfiguration;
			buildSettings = {
				CODE_SIGN_STYLE = Automatic;
				CURRENT_PROJECT_VERSION = 1;
				DEVELOPMENT_TEAM = BH7V49ZZ2G;
				GENERATE_INFOPLIST_FILE = YES;
				IPHONEOS_DEPLOYMENT_TARGET = 14.0;
				MARKETING_VERSION = 1.0;
				PRODUCT_BUNDLE_IDENTIFIER = com.FanFollow.NetworkManagerTests;
				PRODUCT_NAME = "$(TARGET_NAME)";
				SUPPORTED_PLATFORMS = "iphoneos iphonesimulator";
				SUPPORTS_MACCATALYST = NO;
				SUPPORTS_MAC_DESIGNED_FOR_IPHONE_IPAD = NO;
				SWIFT_EMIT_LOC_STRINGS = NO;
				SWIFT_VERSION = 5.0;
				TARGETED_DEVICE_FAMILY = 1;
				TEST_HOST = "$(BUILT_PRODUCTS_DIR)/FanFollow.app/FanFollow";
			};
			name = Debug;
		};
		18C1E5282A55488900A41AC5 /* Release */ = {
			isa = XCBuildConfiguration;
			buildSettings = {
				CODE_SIGN_STYLE = Automatic;
				CURRENT_PROJECT_VERSION = 1;
				DEVELOPMENT_TEAM = BH7V49ZZ2G;
				GENERATE_INFOPLIST_FILE = YES;
				IPHONEOS_DEPLOYMENT_TARGET = 14.0;
				MARKETING_VERSION = 1.0;
				PRODUCT_BUNDLE_IDENTIFIER = com.FanFollow.NetworkManagerTests;
				PRODUCT_NAME = "$(TARGET_NAME)";
				SUPPORTED_PLATFORMS = "iphoneos iphonesimulator";
				SUPPORTS_MACCATALYST = NO;
				SUPPORTS_MAC_DESIGNED_FOR_IPHONE_IPAD = NO;
				SWIFT_EMIT_LOC_STRINGS = NO;
				SWIFT_VERSION = 5.0;
				TARGETED_DEVICE_FAMILY = 1;
				TEST_HOST = "$(BUILT_PRODUCTS_DIR)/FanFollow.app/FanFollow";
			};
			name = Release;
		};
		EBAA0A652A56EBEA0033ED0F /* Debug */ = {
			isa = XCBuildConfiguration;
			buildSettings = {
				BUNDLE_LOADER = "$(TEST_HOST)";
				CODE_SIGN_STYLE = Automatic;
				CURRENT_PROJECT_VERSION = 1;
				GENERATE_INFOPLIST_FILE = YES;
				IPHONEOS_DEPLOYMENT_TARGET = 16.2;
				MARKETING_VERSION = 1.0;
				PRODUCT_BUNDLE_IDENTIFIER = com.example.practice.ServiceTests;
				PRODUCT_NAME = "$(TARGET_NAME)";
				SWIFT_EMIT_LOC_STRINGS = NO;
				SWIFT_VERSION = 5.0;
				TARGETED_DEVICE_FAMILY = "1,2";
				TEST_HOST = "$(BUILT_PRODUCTS_DIR)/FanFollow.app/$(BUNDLE_EXECUTABLE_FOLDER_PATH)/FanFollow";
			};
			name = Debug;
		};
		EBAA0A662A56EBEA0033ED0F /* Release */ = {
			isa = XCBuildConfiguration;
			buildSettings = {
				BUNDLE_LOADER = "$(TEST_HOST)";
				CODE_SIGN_STYLE = Automatic;
				CURRENT_PROJECT_VERSION = 1;
				GENERATE_INFOPLIST_FILE = YES;
				IPHONEOS_DEPLOYMENT_TARGET = 16.2;
				MARKETING_VERSION = 1.0;
				PRODUCT_BUNDLE_IDENTIFIER = com.example.practice.ServiceTests;
				PRODUCT_NAME = "$(TARGET_NAME)";
				SWIFT_EMIT_LOC_STRINGS = NO;
				SWIFT_VERSION = 5.0;
				TARGETED_DEVICE_FAMILY = "1,2";
				TEST_HOST = "$(BUILT_PRODUCTS_DIR)/FanFollow.app/$(BUNDLE_EXECUTABLE_FOLDER_PATH)/FanFollow";
			};
			name = Release;
		};
/* End XCBuildConfiguration section */

/* Begin XCConfigurationList section */
		188CC3FB2A4D7FD900BAB85A /* Build configuration list for PBXProject "FanFollow" */ = {
			isa = XCConfigurationList;
			buildConfigurations = (
				188CC4122A4D7FDB00BAB85A /* Debug */,
				188CC4132A4D7FDB00BAB85A /* Release */,
			);
			defaultConfigurationIsVisible = 0;
			defaultConfigurationName = Release;
		};
		188CC4142A4D7FDB00BAB85A /* Build configuration list for PBXNativeTarget "FanFollow" */ = {
			isa = XCConfigurationList;
			buildConfigurations = (
				188CC4152A4D7FDB00BAB85A /* Debug */,
				188CC4162A4D7FDB00BAB85A /* Release */,
			);
			defaultConfigurationIsVisible = 0;
			defaultConfigurationName = Release;
		};
		18C1E5262A55488900A41AC5 /* Build configuration list for PBXNativeTarget "NetworkManagerTests" */ = {
			isa = XCConfigurationList;
			buildConfigurations = (
				18C1E5272A55488900A41AC5 /* Debug */,
				18C1E5282A55488900A41AC5 /* Release */,
			);
			defaultConfigurationIsVisible = 0;
			defaultConfigurationName = Release;
		};
		EBAA0A672A56EBEA0033ED0F /* Build configuration list for PBXNativeTarget "ServiceTests" */ = {
			isa = XCConfigurationList;
			buildConfigurations = (
				EBAA0A652A56EBEA0033ED0F /* Debug */,
				EBAA0A662A56EBEA0033ED0F /* Release */,
			);
			defaultConfigurationIsVisible = 0;
			defaultConfigurationName = Release;
		};
/* End XCConfigurationList section */

/* Begin XCRemoteSwiftPackageReference section */
		18287CEA2A56927A0042E0F2 /* XCRemoteSwiftPackageReference "RxSwift" */ = {
			isa = XCRemoteSwiftPackageReference;
			repositoryURL = "https://github.com/ReactiveX/RxSwift.git";
			requirement = {
				kind = exactVersion;
				version = 6.2.0;
			};
		};
		188CC41E2A4D820F00BAB85A /* XCRemoteSwiftPackageReference "SnapKit" */ = {
			isa = XCRemoteSwiftPackageReference;
			repositoryURL = "https://github.com/SnapKit/SnapKit.git";
			requirement = {
				kind = exactVersion;
				version = 5.0.1;
			};
		};
		188CC4212A4D824800BAB85A /* XCRemoteSwiftPackageReference "Then" */ = {
			isa = XCRemoteSwiftPackageReference;
			repositoryURL = "https://github.com/devxoul/Then.git";
			requirement = {
				kind = exactVersion;
				version = 2.6.0;
			};
		};
/* End XCRemoteSwiftPackageReference section */

/* Begin XCSwiftPackageProductDependency section */
		18287CED2A56927A0042E0F2 /* RxCocoa */ = {
			isa = XCSwiftPackageProductDependency;
			package = 18287CEA2A56927A0042E0F2 /* XCRemoteSwiftPackageReference "RxSwift" */;
			productName = RxCocoa;
		};
		18287CEF2A56927A0042E0F2 /* RxRelay */ = {
			isa = XCSwiftPackageProductDependency;
			package = 18287CEA2A56927A0042E0F2 /* XCRemoteSwiftPackageReference "RxSwift" */;
			productName = RxRelay;
		};
		18287CF12A56927A0042E0F2 /* RxSwift */ = {
			isa = XCSwiftPackageProductDependency;
			package = 18287CEA2A56927A0042E0F2 /* XCRemoteSwiftPackageReference "RxSwift" */;
			productName = RxSwift;
		};
		18287CF52A56935F0042E0F2 /* RxBlocking */ = {
			isa = XCSwiftPackageProductDependency;
			package = 18287CEA2A56927A0042E0F2 /* XCRemoteSwiftPackageReference "RxSwift" */;
			productName = RxBlocking;
		};
		18287CF92A56935F0042E0F2 /* RxRelay */ = {
			isa = XCSwiftPackageProductDependency;
			package = 18287CEA2A56927A0042E0F2 /* XCRemoteSwiftPackageReference "RxSwift" */;
			productName = RxRelay;
		};
		18287CFB2A56935F0042E0F2 /* RxSwift */ = {
			isa = XCSwiftPackageProductDependency;
			package = 18287CEA2A56927A0042E0F2 /* XCRemoteSwiftPackageReference "RxSwift" */;
			productName = RxSwift;
		};
		18287CFD2A56935F0042E0F2 /* RxTest */ = {
			isa = XCSwiftPackageProductDependency;
			package = 18287CEA2A56927A0042E0F2 /* XCRemoteSwiftPackageReference "RxSwift" */;
			productName = RxTest;
		};
		188CC41F2A4D820F00BAB85A /* SnapKit */ = {
			isa = XCSwiftPackageProductDependency;
			package = 188CC41E2A4D820F00BAB85A /* XCRemoteSwiftPackageReference "SnapKit" */;
			productName = SnapKit;
		};
		188CC4222A4D824800BAB85A /* Then */ = {
			isa = XCSwiftPackageProductDependency;
			package = 188CC4212A4D824800BAB85A /* XCRemoteSwiftPackageReference "Then" */;
			productName = Then;
		};
		EBAA0A692A56EC4D0033ED0F /* RxBlocking */ = {
			isa = XCSwiftPackageProductDependency;
			package = 18287CEA2A56927A0042E0F2 /* XCRemoteSwiftPackageReference "RxSwift" */;
			productName = RxBlocking;
		};
		EBAA0A6B2A56EC4D0033ED0F /* RxRelay */ = {
			isa = XCSwiftPackageProductDependency;
			package = 18287CEA2A56927A0042E0F2 /* XCRemoteSwiftPackageReference "RxSwift" */;
			productName = RxRelay;
		};
		EBAA0A6D2A56EC4D0033ED0F /* RxSwift */ = {
			isa = XCSwiftPackageProductDependency;
			package = 18287CEA2A56927A0042E0F2 /* XCRemoteSwiftPackageReference "RxSwift" */;
			productName = RxSwift;
		};
		EBAA0A6F2A56EC4D0033ED0F /* RxTest */ = {
			isa = XCSwiftPackageProductDependency;
			package = 18287CEA2A56927A0042E0F2 /* XCRemoteSwiftPackageReference "RxSwift" */;
			productName = RxTest;
		};
/* End XCSwiftPackageProductDependency section */
	};
	rootObject = 188CC3F82A4D7FD900BAB85A /* Project object */;
}
