// !$*UTF8*$!
{
	archiveVersion = 1;
	classes = {
	};
	objectVersion = 56;
	objects = {

/* Begin PBXBuildFile section */
		181258942A5418AA0054C782 /* SupabaseConstants.swift in Sources */ = {isa = PBXBuildFile; fileRef = 181258932A5418AA0054C782 /* SupabaseConstants.swift */; };
		18287CEE2A56927A0042E0F2 /* RxCocoa in Frameworks */ = {isa = PBXBuildFile; productRef = 18287CED2A56927A0042E0F2 /* RxCocoa */; };
		18287CF02A56927A0042E0F2 /* RxRelay in Frameworks */ = {isa = PBXBuildFile; productRef = 18287CEF2A56927A0042E0F2 /* RxRelay */; };
		18287CF22A56927A0042E0F2 /* RxSwift in Frameworks */ = {isa = PBXBuildFile; productRef = 18287CF12A56927A0042E0F2 /* RxSwift */; };
		18287CF62A56935F0042E0F2 /* RxBlocking in Frameworks */ = {isa = PBXBuildFile; productRef = 18287CF52A56935F0042E0F2 /* RxBlocking */; };
		18287CFA2A56935F0042E0F2 /* RxRelay in Frameworks */ = {isa = PBXBuildFile; productRef = 18287CF92A56935F0042E0F2 /* RxRelay */; };
		18287CFC2A56935F0042E0F2 /* RxSwift in Frameworks */ = {isa = PBXBuildFile; productRef = 18287CFB2A56935F0042E0F2 /* RxSwift */; };
		18287CFE2A56935F0042E0F2 /* RxTest in Frameworks */ = {isa = PBXBuildFile; productRef = 18287CFD2A56935F0042E0F2 /* RxTest */; };
		182CAB4C2A5BA9AD00206EF7 /* Differentiator in Frameworks */ = {isa = PBXBuildFile; productRef = 182CAB4B2A5BA9AD00206EF7 /* Differentiator */; };
		182CAB4E2A5BA9AD00206EF7 /* RxDataSources in Frameworks */ = {isa = PBXBuildFile; productRef = 182CAB4D2A5BA9AD00206EF7 /* RxDataSources */; };
		1839745F2A525B1A00F0101A /* NetworkService.swift in Sources */ = {isa = PBXBuildFile; fileRef = 1839745E2A525B1A00F0101A /* NetworkService.swift */; };
		183974612A525B3300F0101A /* DefaultNetworkService.swift in Sources */ = {isa = PBXBuildFile; fileRef = 183974602A525B3300F0101A /* DefaultNetworkService.swift */; };
		183974632A525B4500F0101A /* NetworkError.swift in Sources */ = {isa = PBXBuildFile; fileRef = 183974622A525B4500F0101A /* NetworkError.swift */; };
		183974692A52637700F0101A /* SupabaseEndPoint.swift in Sources */ = {isa = PBXBuildFile; fileRef = 183974682A52637700F0101A /* SupabaseEndPoint.swift */; };
		1839746D2A52A28100F0101A /* HTTPMethod.swift in Sources */ = {isa = PBXBuildFile; fileRef = 1839746C2A52A28100F0101A /* HTTPMethod.swift */; };
		1839746F2A52A29D00F0101A /* APIError.swift in Sources */ = {isa = PBXBuildFile; fileRef = 1839746E2A52A29D00F0101A /* APIError.swift */; };
		183974722A52A2B900F0101A /* URLRequestBuilder.swift in Sources */ = {isa = PBXBuildFile; fileRef = 183974712A52A2B900F0101A /* URLRequestBuilder.swift */; };
		183974742A52A32A00F0101A /* LikeRequestDirector.swift in Sources */ = {isa = PBXBuildFile; fileRef = 183974732A52A32A00F0101A /* LikeRequestDirector.swift */; };
		18513FD82A5FB01E00580A1A /* SettingBaseCell.swift in Sources */ = {isa = PBXBuildFile; fileRef = 18513FD72A5FB01E00580A1A /* SettingBaseCell.swift */; };
		18513FDD2A5FB55500580A1A /* SettingSectionHeaderView.swift in Sources */ = {isa = PBXBuildFile; fileRef = 18513FDC2A5FB55500580A1A /* SettingSectionHeaderView.swift */; };
		18513FDF2A5FD8A300580A1A /* SettingTabBarController.swift in Sources */ = {isa = PBXBuildFile; fileRef = 18513FDE2A5FD8A300580A1A /* SettingTabBarController.swift */; };
		1866AFC32A57087E000FFFD7 /* ChatServiceTests.swift in Sources */ = {isa = PBXBuildFile; fileRef = 1866AFC22A57087E000FFFD7 /* ChatServiceTests.swift */; };
		187949A52A5E6E8B00ADA01A /* TabBar.swift in Sources */ = {isa = PBXBuildFile; fileRef = 187949A42A5E6E8B00ADA01A /* TabBar.swift */; };
		187949A92A5E7BB000ADA01A /* TabItem.swift in Sources */ = {isa = PBXBuildFile; fileRef = 187949A82A5E7BB000ADA01A /* TabItem.swift */; };
		187949AC2A5E7C3D00ADA01A /* SettingTabItem.swift in Sources */ = {isa = PBXBuildFile; fileRef = 187949AB2A5E7C3D00ADA01A /* SettingTabItem.swift */; };
		187949B12A5E7DBB00ADA01A /* TopTabBarController.swift in Sources */ = {isa = PBXBuildFile; fileRef = 187949B02A5E7DBB00ADA01A /* TopTabBarController.swift */; };
		187949C12A5EA30300ADA01A /* Reusable.swift in Sources */ = {isa = PBXBuildFile; fileRef = 187949C02A5EA30300ADA01A /* Reusable.swift */; };
		187949C42A5EA38100ADA01A /* UITableView+Extension.swift in Sources */ = {isa = PBXBuildFile; fileRef = 187949C32A5EA38100ADA01A /* UITableView+Extension.swift */; };
		187949C62A5EA4B500ADA01A /* ProfileThumbnailCell.swift in Sources */ = {isa = PBXBuildFile; fileRef = 187949C52A5EA4B500ADA01A /* ProfileThumbnailCell.swift */; };
		187949C82A5EDCE100ADA01A /* SettingSectionModel.swift in Sources */ = {isa = PBXBuildFile; fileRef = 187949C72A5EDCE100ADA01A /* SettingSectionModel.swift */; };
		187949CA2A5EDE3400ADA01A /* SettingSectionItem.swift in Sources */ = {isa = PBXBuildFile; fileRef = 187949C92A5EDE3400ADA01A /* SettingSectionItem.swift */; };
		188CC4042A4D7FD900BAB85A /* AppDelegate.swift in Sources */ = {isa = PBXBuildFile; fileRef = 188CC4032A4D7FD900BAB85A /* AppDelegate.swift */; };
		188CC4062A4D7FD900BAB85A /* SceneDelegate.swift in Sources */ = {isa = PBXBuildFile; fileRef = 188CC4052A4D7FD900BAB85A /* SceneDelegate.swift */; };
		188CC40D2A4D7FDB00BAB85A /* Assets.xcassets in Resources */ = {isa = PBXBuildFile; fileRef = 188CC40C2A4D7FDB00BAB85A /* Assets.xcassets */; };
		188CC4102A4D7FDB00BAB85A /* LaunchScreen.storyboard in Resources */ = {isa = PBXBuildFile; fileRef = 188CC40E2A4D7FDB00BAB85A /* LaunchScreen.storyboard */; };
		188CC4202A4D820F00BAB85A /* SnapKit in Frameworks */ = {isa = PBXBuildFile; productRef = 188CC41F2A4D820F00BAB85A /* SnapKit */; };
		188CC4232A4D824800BAB85A /* Then in Frameworks */ = {isa = PBXBuildFile; productRef = 188CC4222A4D824800BAB85A /* Then */; };
		1894FC5F2A57211E0032E426 /* ChatRequestDirector.swift in Sources */ = {isa = PBXBuildFile; fileRef = 185DB85E2A52F5660071023B /* ChatRequestDirector.swift */; };
		1894FC602A57213D0032E426 /* SupabaseInfo.plist in Resources */ = {isa = PBXBuildFile; fileRef = 3C45B01A2A52A7E000307DCF /* SupabaseInfo.plist */; };
		1894FC702A5727450032E426 /* Mock.swift in Sources */ = {isa = PBXBuildFile; fileRef = 1866AFC62A570A61000FFFD7 /* Mock.swift */; };
		18BC320D2A5C27D900F910B7 /* ExampleUseCase.swift in Sources */ = {isa = PBXBuildFile; fileRef = 18BC320C2A5C27D900F910B7 /* ExampleUseCase.swift */; };
		18BC32132A5C2A8E00F910B7 /* ViewModel.swift in Sources */ = {isa = PBXBuildFile; fileRef = 18BC32122A5C2A8E00F910B7 /* ViewModel.swift */; };
		18BC32152A5C2B6200F910B7 /* ExampleViewModel.swift in Sources */ = {isa = PBXBuildFile; fileRef = 18BC32142A5C2B6200F910B7 /* ExampleViewModel.swift */; };
		18BC32182A5C2B6E00F910B7 /* ExampleModel.swift in Sources */ = {isa = PBXBuildFile; fileRef = 18BC32172A5C2B6E00F910B7 /* ExampleModel.swift */; };
		18C1E5232A55488900A41AC5 /* NetworkServiceTests.swift in Sources */ = {isa = PBXBuildFile; fileRef = 18C1E5222A55488900A41AC5 /* NetworkServiceTests.swift */; };
		18C1E5392A55717000A41AC5 /* StubURLSession.swift in Sources */ = {isa = PBXBuildFile; fileRef = 18C1E5382A55717000A41AC5 /* StubURLSession.swift */; };
		18C1E53C2A55B92A00A41AC5 /* Mock.swift in Sources */ = {isa = PBXBuildFile; fileRef = 18C1E53B2A55B92A00A41AC5 /* Mock.swift */; };
		18C1E53E2A55B94100A41AC5 /* MockURLSessionDataTask.swift in Sources */ = {isa = PBXBuildFile; fileRef = 18C1E53D2A55B94100A41AC5 /* MockURLSessionDataTask.swift */; };
		18C1E5402A55BA3E00A41AC5 /* MockData.swift in Sources */ = {isa = PBXBuildFile; fileRef = 18C1E53F2A55BA3E00A41AC5 /* MockData.swift */; };
		18C1E5432A55BC4600A41AC5 /* URLSessionType.swift in Sources */ = {isa = PBXBuildFile; fileRef = 18C1E5422A55BC4600A41AC5 /* URLSessionType.swift */; };
		18C1E5452A55BC5D00A41AC5 /* URLSessionDataTaskType.swift in Sources */ = {isa = PBXBuildFile; fileRef = 18C1E5442A55BC5D00A41AC5 /* URLSessionDataTaskType.swift */; };
		18CF43282A5CE936002FFA1D /* TabBarController.swift in Sources */ = {isa = PBXBuildFile; fileRef = 18CF43272A5CE936002FFA1D /* TabBarController.swift */; };
		18CF432C2A5D14E6002FFA1D /* SettingViewController.swift in Sources */ = {isa = PBXBuildFile; fileRef = 18CF432B2A5D14E6002FFA1D /* SettingViewController.swift */; };
		18E6703A2A53BCC400C52942 /* ChatDTO.swift in Sources */ = {isa = PBXBuildFile; fileRef = 18E670392A53BCC400C52942 /* ChatDTO.swift */; };
		18E6703C2A53BD1400C52942 /* ChatRepository.swift in Sources */ = {isa = PBXBuildFile; fileRef = 18E6703B2A53BD1400C52942 /* ChatRepository.swift */; };
		18E6703E2A53BE2C00C52942 /* DefaultChatRepository.swift in Sources */ = {isa = PBXBuildFile; fileRef = 18E6703D2A53BE2C00C52942 /* DefaultChatRepository.swift */; };
		18F0131C2A53E6AC000603CC /* URL+Extension.swift in Sources */ = {isa = PBXBuildFile; fileRef = 18F0131B2A53E6AC000603CC /* URL+Extension.swift */; };
		3C10F7B42A53B862001E9B21 /* PostRepository.swift in Sources */ = {isa = PBXBuildFile; fileRef = 3C10F7B32A53B862001E9B21 /* PostRepository.swift */; };
		3C45B0192A52A7C600307DCF /* Bundle+Extension.swift in Sources */ = {isa = PBXBuildFile; fileRef = 3C45B0182A52A7C600307DCF /* Bundle+Extension.swift */; };
		3C45B01B2A52A7E000307DCF /* SupabaseInfo.plist in Resources */ = {isa = PBXBuildFile; fileRef = 3C45B01A2A52A7E000307DCF /* SupabaseInfo.plist */; };
		3C4FA9A92A57C323003A1683 /* PostServiceTests.swift in Sources */ = {isa = PBXBuildFile; fileRef = 3C4FA9A82A57C323003A1683 /* PostServiceTests.swift */; };
		3CAC3D7F2A52DE80000DE463 /* DefaultPostRepository.swift in Sources */ = {isa = PBXBuildFile; fileRef = 3CAC3D7E2A52DE80000DE463 /* DefaultPostRepository.swift */; };
		3CAC3D812A52F669000DE463 /* PostDTO.swift in Sources */ = {isa = PBXBuildFile; fileRef = 3CAC3D802A52F669000DE463 /* PostDTO.swift */; };
		3CAC3D832A52F6B7000DE463 /* PostRequestDirector.swift in Sources */ = {isa = PBXBuildFile; fileRef = 3CAC3D822A52F6B7000DE463 /* PostRequestDirector.swift */; };
		3CC1D49A2A61114200713FAF /* StubChatRepository.swift in Sources */ = {isa = PBXBuildFile; fileRef = 3CC1D4992A61114200713FAF /* StubChatRepository.swift */; };
		3CC1D49C2A61161100713FAF /* AccessChatRoomUseCaseTests.swift in Sources */ = {isa = PBXBuildFile; fileRef = 3CC1D49B2A61161100713FAF /* AccessChatRoomUseCaseTests.swift */; };
		3CC1D49E2A6134C000713FAF /* ExploreUseCaseTests.swift in Sources */ = {isa = PBXBuildFile; fileRef = 3CC1D49D2A6134C000713FAF /* ExploreUseCaseTests.swift */; };
		3CEE006C2A5D13DD009EE562 /* AccessChatRoomUseCase.swift in Sources */ = {isa = PBXBuildFile; fileRef = 3CEE006B2A5D13DD009EE562 /* AccessChatRoomUseCase.swift */; };
		3CFC16D32A57E97D00B16ADF /* LikeServiceTests.swift in Sources */ = {isa = PBXBuildFile; fileRef = 3CFC16D22A57E97D00B16ADF /* LikeServiceTests.swift */; };
		3CFC16D42A57EC3000B16ADF /* DefaultLikeRepository.swift in Sources */ = {isa = PBXBuildFile; fileRef = 183974652A52636B00F0101A /* DefaultLikeRepository.swift */; };
		3CFDF6BC2A5D513C00DE6109 /* ChatRoom.swift in Sources */ = {isa = PBXBuildFile; fileRef = 3CFDF6BB2A5D513C00DE6109 /* ChatRoom.swift */; };
		3CFDF6C62A5E958600DE6109 /* User.swift in Sources */ = {isa = PBXBuildFile; fileRef = 3CFDF6C52A5E958600DE6109 /* User.swift */; };
		3CFDF6CA2A5E99FA00DE6109 /* Creator.swift in Sources */ = {isa = PBXBuildFile; fileRef = 3CFDF6C92A5E99FA00DE6109 /* Creator.swift */; };
		3CFDF6CC2A5E9A0100DE6109 /* Fan.swift in Sources */ = {isa = PBXBuildFile; fileRef = 3CFDF6CB2A5E9A0100DE6109 /* Fan.swift */; };
		3CFDF6CE2A5E9A1500DE6109 /* JobCategory.swift in Sources */ = {isa = PBXBuildFile; fileRef = 3CFDF6CD2A5E9A1500DE6109 /* JobCategory.swift */; };
		3CFDF6D02A5EA1CD00DE6109 /* ExploreUseCase.swift in Sources */ = {isa = PBXBuildFile; fileRef = 3CFDF6CF2A5EA1CD00DE6109 /* ExploreUseCase.swift */; };
		EB0260402A60CCF00015F3C9 /* FetchCreatorInformationUseCaseTests.swift in Sources */ = {isa = PBXBuildFile; fileRef = EB02603F2A60CCF00015F3C9 /* FetchCreatorInformationUseCaseTests.swift */; };
		EB0260422A60D90B0015F3C9 /* FetchCreatorPostsUseCaseTests.swift in Sources */ = {isa = PBXBuildFile; fileRef = EB0260412A60D90B0015F3C9 /* FetchCreatorPostsUseCaseTests.swift */; };
		EB0260442A60DAC10015F3C9 /* FetchUserInformationUseCaseTests.swift in Sources */ = {isa = PBXBuildFile; fileRef = EB0260432A60DAC10015F3C9 /* FetchUserInformationUseCaseTests.swift */; };
		EB82EAC62A60EC3100372BDB /* RxCocoa in Frameworks */ = {isa = PBXBuildFile; productRef = EB82EAC52A60EC3100372BDB /* RxCocoa */; };
		EBA8EB3E2A5CF5DB00998630 /* FetchFeedUseCase.swift in Sources */ = {isa = PBXBuildFile; fileRef = EBA8EB3D2A5CF5DB00998630 /* FetchFeedUseCase.swift */; };
		EBA8EB402A5D1B6100998630 /* Post.swift in Sources */ = {isa = PBXBuildFile; fileRef = EBA8EB3F2A5D1B6100998630 /* Post.swift */; };
		EBA8EB422A5E46EB00998630 /* ChangeLikeUseCase.swift in Sources */ = {isa = PBXBuildFile; fileRef = EBA8EB412A5E46EB00998630 /* ChangeLikeUseCase.swift */; };
		EBA8EB442A5ECAEB00998630 /* FetchCreatorPostsUseCase.swift in Sources */ = {isa = PBXBuildFile; fileRef = EBA8EB432A5ECAEB00998630 /* FetchCreatorPostsUseCase.swift */; };
		EBA8EB462A5ED04100998630 /* FetchCreatorInformationUseCase.swift in Sources */ = {isa = PBXBuildFile; fileRef = EBA8EB452A5ED04100998630 /* FetchCreatorInformationUseCase.swift */; };
		EBA8EB4A2A5F824E00998630 /* FetchUserInformationUseCase.swift in Sources */ = {isa = PBXBuildFile; fileRef = EBA8EB492A5F824E00998630 /* FetchUserInformationUseCase.swift */; };
		EBA8EB582A5FBE7600998630 /* SupabaseInfo.plist in Resources */ = {isa = PBXBuildFile; fileRef = 3C45B01A2A52A7E000307DCF /* SupabaseInfo.plist */; };
		EBA8EB5A2A5FBE8300998630 /* RxBlocking in Frameworks */ = {isa = PBXBuildFile; productRef = EBA8EB592A5FBE8300998630 /* RxBlocking */; };
		EBA8EB5C2A5FBE8300998630 /* RxRelay in Frameworks */ = {isa = PBXBuildFile; productRef = EBA8EB5B2A5FBE8300998630 /* RxRelay */; };
		EBA8EB5E2A5FBE8300998630 /* RxSwift in Frameworks */ = {isa = PBXBuildFile; productRef = EBA8EB5D2A5FBE8300998630 /* RxSwift */; };
		EBA8EB602A5FBE8300998630 /* RxTest in Frameworks */ = {isa = PBXBuildFile; productRef = EBA8EB5F2A5FBE8300998630 /* RxTest */; };
		EBA8EB672A5FC0D500998630 /* FetchFeedUseCaseTests.swift in Sources */ = {isa = PBXBuildFile; fileRef = EBA8EB662A5FC0D500998630 /* FetchFeedUseCaseTests.swift */; };
		EBA8EB692A5FC16800998630 /* StubPostRepository.swift in Sources */ = {isa = PBXBuildFile; fileRef = EBA8EB682A5FC16800998630 /* StubPostRepository.swift */; };
		EBA8EB6B2A5FC18000998630 /* StubLikeRepository.swift in Sources */ = {isa = PBXBuildFile; fileRef = EBA8EB6A2A5FC18000998630 /* StubLikeRepository.swift */; };
		EBA8EB6D2A5FD2EA00998630 /* ChangeLikeUseCaseTests.swift in Sources */ = {isa = PBXBuildFile; fileRef = EBA8EB6C2A5FD2EA00998630 /* ChangeLikeUseCaseTests.swift */; };
		EBA8EB6F2A601C8700998630 /* StubUserInformationRepository.swift in Sources */ = {isa = PBXBuildFile; fileRef = EBA8EB6E2A601C8700998630 /* StubUserInformationRepository.swift */; };
		EBAA0A682A56EC140033ED0F /* StubNetworkService.swift in Sources */ = {isa = PBXBuildFile; fileRef = EB5668CF2A56B11C007A3860 /* StubNetworkService.swift */; };
		EBAA0A6A2A56EC4D0033ED0F /* RxBlocking in Frameworks */ = {isa = PBXBuildFile; productRef = EBAA0A692A56EC4D0033ED0F /* RxBlocking */; };
		EBAA0A6C2A56EC4D0033ED0F /* RxRelay in Frameworks */ = {isa = PBXBuildFile; productRef = EBAA0A6B2A56EC4D0033ED0F /* RxRelay */; };
		EBAA0A6E2A56EC4D0033ED0F /* RxSwift in Frameworks */ = {isa = PBXBuildFile; productRef = EBAA0A6D2A56EC4D0033ED0F /* RxSwift */; };
		EBAA0A702A56EC4D0033ED0F /* RxTest in Frameworks */ = {isa = PBXBuildFile; productRef = EBAA0A6F2A56EC4D0033ED0F /* RxTest */; };
		EBB5DE652A5791CD00DB5B52 /* FollowServiceTests.swift in Sources */ = {isa = PBXBuildFile; fileRef = EBB5DE632A5791CD00DB5B52 /* FollowServiceTests.swift */; };
		EBB5DE662A5791CD00DB5B52 /* UserInformationServiceTests.swift in Sources */ = {isa = PBXBuildFile; fileRef = EBB5DE642A5791CD00DB5B52 /* UserInformationServiceTests.swift */; };
		EBC4E98E2A54F22700A1F6AE /* UserInformationRepository.swift in Sources */ = {isa = PBXBuildFile; fileRef = EBC4E98D2A54F22700A1F6AE /* UserInformationRepository.swift */; };
		EBC4E9902A55133000A1F6AE /* DefaultUserInformationRepository.swift in Sources */ = {isa = PBXBuildFile; fileRef = EBC4E98F2A55133000A1F6AE /* DefaultUserInformationRepository.swift */; };
		EBC4E9922A5513FD00A1F6AE /* UserRequestDirector.swift in Sources */ = {isa = PBXBuildFile; fileRef = EBC4E9912A5513FD00A1F6AE /* UserRequestDirector.swift */; };
		EBE33E4D2A52C32F00C11188 /* FollowDTO.swift in Sources */ = {isa = PBXBuildFile; fileRef = EBE33E4C2A52C32F00C11188 /* FollowDTO.swift */; };
		EBE33E4F2A52C42100C11188 /* FollowRepository.swift in Sources */ = {isa = PBXBuildFile; fileRef = EBE33E4E2A52C42100C11188 /* FollowRepository.swift */; };
		EBE33E512A52E6BB00C11188 /* UserInformationDTO.swift in Sources */ = {isa = PBXBuildFile; fileRef = EBE33E502A52E6BB00C11188 /* UserInformationDTO.swift */; };
		EBE33E532A52F00400C11188 /* FollowRequestDirector.swift in Sources */ = {isa = PBXBuildFile; fileRef = EBE33E522A52F00400C11188 /* FollowRequestDirector.swift */; };
		EBE33E552A52F3CA00C11188 /* DefaultFollowRepository.swift in Sources */ = {isa = PBXBuildFile; fileRef = EBE33E542A52F3CA00C11188 /* DefaultFollowRepository.swift */; };
		EBE33E6D2A53DD3B00C11188 /* LikeRepository.swift in Sources */ = {isa = PBXBuildFile; fileRef = EBE33E6C2A53DD3B00C11188 /* LikeRepository.swift */; };
/* End PBXBuildFile section */

/* Begin PBXContainerItemProxy section */
		1894FC682A5725BA0032E426 /* PBXContainerItemProxy */ = {
			isa = PBXContainerItemProxy;
			containerPortal = 188CC3F82A4D7FD900BAB85A /* Project object */;
			proxyType = 1;
			remoteGlobalIDString = 188CC3FF2A4D7FD900BAB85A;
			remoteInfo = FanFollow;
		};
		1894FC6A2A5725CA0032E426 /* PBXContainerItemProxy */ = {
			isa = PBXContainerItemProxy;
			containerPortal = 188CC3F82A4D7FD900BAB85A /* Project object */;
			proxyType = 1;
			remoteGlobalIDString = 188CC3FF2A4D7FD900BAB85A;
			remoteInfo = FanFollow;
		};
		EBA8EB532A5FBE2D00998630 /* PBXContainerItemProxy */ = {
			isa = PBXContainerItemProxy;
			containerPortal = 188CC3F82A4D7FD900BAB85A /* Project object */;
			proxyType = 1;
			remoteGlobalIDString = 188CC3FF2A4D7FD900BAB85A;
			remoteInfo = FanFollow;
		};
/* End PBXContainerItemProxy section */

/* Begin PBXFileReference section */
		181258932A5418AA0054C782 /* SupabaseConstants.swift */ = {isa = PBXFileReference; lastKnownFileType = sourcecode.swift; path = SupabaseConstants.swift; sourceTree = "<group>"; };
		1839745E2A525B1A00F0101A /* NetworkService.swift */ = {isa = PBXFileReference; lastKnownFileType = sourcecode.swift; path = NetworkService.swift; sourceTree = "<group>"; };
		183974602A525B3300F0101A /* DefaultNetworkService.swift */ = {isa = PBXFileReference; lastKnownFileType = sourcecode.swift; path = DefaultNetworkService.swift; sourceTree = "<group>"; };
		183974622A525B4500F0101A /* NetworkError.swift */ = {isa = PBXFileReference; lastKnownFileType = sourcecode.swift; path = NetworkError.swift; sourceTree = "<group>"; };
		183974652A52636B00F0101A /* DefaultLikeRepository.swift */ = {isa = PBXFileReference; lastKnownFileType = sourcecode.swift; path = DefaultLikeRepository.swift; sourceTree = "<group>"; };
		183974682A52637700F0101A /* SupabaseEndPoint.swift */ = {isa = PBXFileReference; lastKnownFileType = sourcecode.swift; path = SupabaseEndPoint.swift; sourceTree = "<group>"; };
		1839746C2A52A28100F0101A /* HTTPMethod.swift */ = {isa = PBXFileReference; lastKnownFileType = sourcecode.swift; path = HTTPMethod.swift; sourceTree = "<group>"; };
		1839746E2A52A29D00F0101A /* APIError.swift */ = {isa = PBXFileReference; lastKnownFileType = sourcecode.swift; path = APIError.swift; sourceTree = "<group>"; };
		183974712A52A2B900F0101A /* URLRequestBuilder.swift */ = {isa = PBXFileReference; lastKnownFileType = sourcecode.swift; path = URLRequestBuilder.swift; sourceTree = "<group>"; };
		183974732A52A32A00F0101A /* LikeRequestDirector.swift */ = {isa = PBXFileReference; lastKnownFileType = sourcecode.swift; path = LikeRequestDirector.swift; sourceTree = "<group>"; };
		184E772C2A55D2850082E318 /* FanFollow.xctestplan */ = {isa = PBXFileReference; lastKnownFileType = text; path = FanFollow.xctestplan; sourceTree = "<group>"; };
		18513FD72A5FB01E00580A1A /* SettingBaseCell.swift */ = {isa = PBXFileReference; lastKnownFileType = sourcecode.swift; path = SettingBaseCell.swift; sourceTree = "<group>"; };
		18513FDC2A5FB55500580A1A /* SettingSectionHeaderView.swift */ = {isa = PBXFileReference; lastKnownFileType = sourcecode.swift; path = SettingSectionHeaderView.swift; sourceTree = "<group>"; };
		18513FDE2A5FD8A300580A1A /* SettingTabBarController.swift */ = {isa = PBXFileReference; lastKnownFileType = sourcecode.swift; path = SettingTabBarController.swift; sourceTree = "<group>"; };
		185DB85E2A52F5660071023B /* ChatRequestDirector.swift */ = {isa = PBXFileReference; lastKnownFileType = sourcecode.swift; path = ChatRequestDirector.swift; sourceTree = "<group>"; };
		1866AFC22A57087E000FFFD7 /* ChatServiceTests.swift */ = {isa = PBXFileReference; lastKnownFileType = sourcecode.swift; path = ChatServiceTests.swift; sourceTree = "<group>"; };
		1866AFC62A570A61000FFFD7 /* Mock.swift */ = {isa = PBXFileReference; lastKnownFileType = sourcecode.swift; path = Mock.swift; sourceTree = "<group>"; };
		187949A42A5E6E8B00ADA01A /* TabBar.swift */ = {isa = PBXFileReference; lastKnownFileType = sourcecode.swift; path = TabBar.swift; sourceTree = "<group>"; };
		187949A82A5E7BB000ADA01A /* TabItem.swift */ = {isa = PBXFileReference; lastKnownFileType = sourcecode.swift; path = TabItem.swift; sourceTree = "<group>"; };
		187949AB2A5E7C3D00ADA01A /* SettingTabItem.swift */ = {isa = PBXFileReference; lastKnownFileType = sourcecode.swift; path = SettingTabItem.swift; sourceTree = "<group>"; };
		187949B02A5E7DBB00ADA01A /* TopTabBarController.swift */ = {isa = PBXFileReference; lastKnownFileType = sourcecode.swift; path = TopTabBarController.swift; sourceTree = "<group>"; };
		187949C02A5EA30300ADA01A /* Reusable.swift */ = {isa = PBXFileReference; lastKnownFileType = sourcecode.swift; path = Reusable.swift; sourceTree = "<group>"; };
		187949C32A5EA38100ADA01A /* UITableView+Extension.swift */ = {isa = PBXFileReference; lastKnownFileType = sourcecode.swift; path = "UITableView+Extension.swift"; sourceTree = "<group>"; };
		187949C52A5EA4B500ADA01A /* ProfileThumbnailCell.swift */ = {isa = PBXFileReference; lastKnownFileType = sourcecode.swift; path = ProfileThumbnailCell.swift; sourceTree = "<group>"; };
		187949C72A5EDCE100ADA01A /* SettingSectionModel.swift */ = {isa = PBXFileReference; lastKnownFileType = sourcecode.swift; path = SettingSectionModel.swift; sourceTree = "<group>"; };
		187949C92A5EDE3400ADA01A /* SettingSectionItem.swift */ = {isa = PBXFileReference; lastKnownFileType = sourcecode.swift; path = SettingSectionItem.swift; sourceTree = "<group>"; };
		188CC4002A4D7FD900BAB85A /* FanFollow.app */ = {isa = PBXFileReference; explicitFileType = wrapper.application; includeInIndex = 0; path = FanFollow.app; sourceTree = BUILT_PRODUCTS_DIR; };
		188CC4032A4D7FD900BAB85A /* AppDelegate.swift */ = {isa = PBXFileReference; lastKnownFileType = sourcecode.swift; path = AppDelegate.swift; sourceTree = "<group>"; };
		188CC4052A4D7FD900BAB85A /* SceneDelegate.swift */ = {isa = PBXFileReference; lastKnownFileType = sourcecode.swift; path = SceneDelegate.swift; sourceTree = "<group>"; };
		188CC40C2A4D7FDB00BAB85A /* Assets.xcassets */ = {isa = PBXFileReference; lastKnownFileType = folder.assetcatalog; path = Assets.xcassets; sourceTree = "<group>"; };
		188CC40F2A4D7FDB00BAB85A /* Base */ = {isa = PBXFileReference; lastKnownFileType = file.storyboard; name = Base; path = Base.lproj/LaunchScreen.storyboard; sourceTree = "<group>"; };
		188CC4112A4D7FDB00BAB85A /* Info.plist */ = {isa = PBXFileReference; lastKnownFileType = text.plist.xml; path = Info.plist; sourceTree = "<group>"; };
		18BC320C2A5C27D900F910B7 /* ExampleUseCase.swift */ = {isa = PBXFileReference; lastKnownFileType = sourcecode.swift; path = ExampleUseCase.swift; sourceTree = "<group>"; };
		18BC32122A5C2A8E00F910B7 /* ViewModel.swift */ = {isa = PBXFileReference; lastKnownFileType = sourcecode.swift; path = ViewModel.swift; sourceTree = "<group>"; };
		18BC32142A5C2B6200F910B7 /* ExampleViewModel.swift */ = {isa = PBXFileReference; lastKnownFileType = sourcecode.swift; path = ExampleViewModel.swift; sourceTree = "<group>"; };
		18BC32172A5C2B6E00F910B7 /* ExampleModel.swift */ = {isa = PBXFileReference; lastKnownFileType = sourcecode.swift; path = ExampleModel.swift; sourceTree = "<group>"; };
		18C1E5202A55488900A41AC5 /* NetworkServiceTests.xctest */ = {isa = PBXFileReference; explicitFileType = wrapper.cfbundle; includeInIndex = 0; path = NetworkServiceTests.xctest; sourceTree = BUILT_PRODUCTS_DIR; };
		18C1E5222A55488900A41AC5 /* NetworkServiceTests.swift */ = {isa = PBXFileReference; lastKnownFileType = sourcecode.swift; path = NetworkServiceTests.swift; sourceTree = "<group>"; };
		18C1E5382A55717000A41AC5 /* StubURLSession.swift */ = {isa = PBXFileReference; lastKnownFileType = sourcecode.swift; path = StubURLSession.swift; sourceTree = "<group>"; };
		18C1E53B2A55B92A00A41AC5 /* Mock.swift */ = {isa = PBXFileReference; lastKnownFileType = sourcecode.swift; path = Mock.swift; sourceTree = "<group>"; };
		18C1E53D2A55B94100A41AC5 /* MockURLSessionDataTask.swift */ = {isa = PBXFileReference; lastKnownFileType = sourcecode.swift; path = MockURLSessionDataTask.swift; sourceTree = "<group>"; };
		18C1E53F2A55BA3E00A41AC5 /* MockData.swift */ = {isa = PBXFileReference; lastKnownFileType = sourcecode.swift; path = MockData.swift; sourceTree = "<group>"; };
		18C1E5422A55BC4600A41AC5 /* URLSessionType.swift */ = {isa = PBXFileReference; lastKnownFileType = sourcecode.swift; path = URLSessionType.swift; sourceTree = "<group>"; };
		18C1E5442A55BC5D00A41AC5 /* URLSessionDataTaskType.swift */ = {isa = PBXFileReference; lastKnownFileType = sourcecode.swift; path = URLSessionDataTaskType.swift; sourceTree = "<group>"; };
		18CF43272A5CE936002FFA1D /* TabBarController.swift */ = {isa = PBXFileReference; lastKnownFileType = sourcecode.swift; path = TabBarController.swift; sourceTree = "<group>"; };
		18CF432B2A5D14E6002FFA1D /* SettingViewController.swift */ = {isa = PBXFileReference; lastKnownFileType = sourcecode.swift; path = SettingViewController.swift; sourceTree = "<group>"; };
		18E670392A53BCC400C52942 /* ChatDTO.swift */ = {isa = PBXFileReference; lastKnownFileType = sourcecode.swift; path = ChatDTO.swift; sourceTree = "<group>"; };
		18E6703B2A53BD1400C52942 /* ChatRepository.swift */ = {isa = PBXFileReference; lastKnownFileType = sourcecode.swift; path = ChatRepository.swift; sourceTree = "<group>"; };
		18E6703D2A53BE2C00C52942 /* DefaultChatRepository.swift */ = {isa = PBXFileReference; lastKnownFileType = sourcecode.swift; path = DefaultChatRepository.swift; sourceTree = "<group>"; };
		18F0131B2A53E6AC000603CC /* URL+Extension.swift */ = {isa = PBXFileReference; lastKnownFileType = sourcecode.swift; path = "URL+Extension.swift"; sourceTree = "<group>"; };
		3C10F7B32A53B862001E9B21 /* PostRepository.swift */ = {isa = PBXFileReference; lastKnownFileType = sourcecode.swift; path = PostRepository.swift; sourceTree = "<group>"; };
		3C45B0182A52A7C600307DCF /* Bundle+Extension.swift */ = {isa = PBXFileReference; lastKnownFileType = sourcecode.swift; path = "Bundle+Extension.swift"; sourceTree = "<group>"; };
		3C45B01A2A52A7E000307DCF /* SupabaseInfo.plist */ = {isa = PBXFileReference; lastKnownFileType = text.plist.xml; path = SupabaseInfo.plist; sourceTree = "<group>"; };
		3C4FA9A82A57C323003A1683 /* PostServiceTests.swift */ = {isa = PBXFileReference; lastKnownFileType = sourcecode.swift; path = PostServiceTests.swift; sourceTree = "<group>"; };
		3CAC3D7E2A52DE80000DE463 /* DefaultPostRepository.swift */ = {isa = PBXFileReference; lastKnownFileType = sourcecode.swift; path = DefaultPostRepository.swift; sourceTree = "<group>"; };
		3CAC3D802A52F669000DE463 /* PostDTO.swift */ = {isa = PBXFileReference; lastKnownFileType = sourcecode.swift; path = PostDTO.swift; sourceTree = "<group>"; };
		3CAC3D822A52F6B7000DE463 /* PostRequestDirector.swift */ = {isa = PBXFileReference; lastKnownFileType = sourcecode.swift; path = PostRequestDirector.swift; sourceTree = "<group>"; };
		3CC1D4992A61114200713FAF /* StubChatRepository.swift */ = {isa = PBXFileReference; lastKnownFileType = sourcecode.swift; path = StubChatRepository.swift; sourceTree = "<group>"; };
		3CC1D49B2A61161100713FAF /* AccessChatRoomUseCaseTests.swift */ = {isa = PBXFileReference; lastKnownFileType = sourcecode.swift; path = AccessChatRoomUseCaseTests.swift; sourceTree = "<group>"; };
		3CC1D49D2A6134C000713FAF /* ExploreUseCaseTests.swift */ = {isa = PBXFileReference; lastKnownFileType = sourcecode.swift; path = ExploreUseCaseTests.swift; sourceTree = "<group>"; };
		3CEE006B2A5D13DD009EE562 /* AccessChatRoomUseCase.swift */ = {isa = PBXFileReference; lastKnownFileType = sourcecode.swift; path = AccessChatRoomUseCase.swift; sourceTree = "<group>"; };
		3CFC16D22A57E97D00B16ADF /* LikeServiceTests.swift */ = {isa = PBXFileReference; lastKnownFileType = sourcecode.swift; path = LikeServiceTests.swift; sourceTree = "<group>"; };
		3CFDF6BB2A5D513C00DE6109 /* ChatRoom.swift */ = {isa = PBXFileReference; lastKnownFileType = sourcecode.swift; path = ChatRoom.swift; sourceTree = "<group>"; };
		3CFDF6C52A5E958600DE6109 /* User.swift */ = {isa = PBXFileReference; lastKnownFileType = sourcecode.swift; path = User.swift; sourceTree = "<group>"; };
		3CFDF6C92A5E99FA00DE6109 /* Creator.swift */ = {isa = PBXFileReference; lastKnownFileType = sourcecode.swift; path = Creator.swift; sourceTree = "<group>"; };
		3CFDF6CB2A5E9A0100DE6109 /* Fan.swift */ = {isa = PBXFileReference; lastKnownFileType = sourcecode.swift; path = Fan.swift; sourceTree = "<group>"; };
		3CFDF6CD2A5E9A1500DE6109 /* JobCategory.swift */ = {isa = PBXFileReference; lastKnownFileType = sourcecode.swift; path = JobCategory.swift; sourceTree = "<group>"; };
		3CFDF6CF2A5EA1CD00DE6109 /* ExploreUseCase.swift */ = {isa = PBXFileReference; lastKnownFileType = sourcecode.swift; path = ExploreUseCase.swift; sourceTree = "<group>"; };
		EB02603F2A60CCF00015F3C9 /* FetchCreatorInformationUseCaseTests.swift */ = {isa = PBXFileReference; lastKnownFileType = sourcecode.swift; path = FetchCreatorInformationUseCaseTests.swift; sourceTree = "<group>"; };
		EB0260412A60D90B0015F3C9 /* FetchCreatorPostsUseCaseTests.swift */ = {isa = PBXFileReference; lastKnownFileType = sourcecode.swift; path = FetchCreatorPostsUseCaseTests.swift; sourceTree = "<group>"; };
		EB0260432A60DAC10015F3C9 /* FetchUserInformationUseCaseTests.swift */ = {isa = PBXFileReference; lastKnownFileType = sourcecode.swift; path = FetchUserInformationUseCaseTests.swift; sourceTree = "<group>"; };
		EB5668CF2A56B11C007A3860 /* StubNetworkService.swift */ = {isa = PBXFileReference; lastKnownFileType = sourcecode.swift; path = StubNetworkService.swift; sourceTree = "<group>"; };
		EBA8EB3D2A5CF5DB00998630 /* FetchFeedUseCase.swift */ = {isa = PBXFileReference; lastKnownFileType = sourcecode.swift; path = FetchFeedUseCase.swift; sourceTree = "<group>"; };
		EBA8EB3F2A5D1B6100998630 /* Post.swift */ = {isa = PBXFileReference; lastKnownFileType = sourcecode.swift; path = Post.swift; sourceTree = "<group>"; };
		EBA8EB412A5E46EB00998630 /* ChangeLikeUseCase.swift */ = {isa = PBXFileReference; lastKnownFileType = sourcecode.swift; path = ChangeLikeUseCase.swift; sourceTree = "<group>"; };
		EBA8EB432A5ECAEB00998630 /* FetchCreatorPostsUseCase.swift */ = {isa = PBXFileReference; lastKnownFileType = sourcecode.swift; path = FetchCreatorPostsUseCase.swift; sourceTree = "<group>"; };
		EBA8EB452A5ED04100998630 /* FetchCreatorInformationUseCase.swift */ = {isa = PBXFileReference; lastKnownFileType = sourcecode.swift; path = FetchCreatorInformationUseCase.swift; sourceTree = "<group>"; };
		EBA8EB492A5F824E00998630 /* FetchUserInformationUseCase.swift */ = {isa = PBXFileReference; lastKnownFileType = sourcecode.swift; path = FetchUserInformationUseCase.swift; sourceTree = "<group>"; };
		EBA8EB4F2A5FBE2D00998630 /* UseCaseTests.xctest */ = {isa = PBXFileReference; explicitFileType = wrapper.cfbundle; includeInIndex = 0; path = UseCaseTests.xctest; sourceTree = BUILT_PRODUCTS_DIR; };
		EBA8EB662A5FC0D500998630 /* FetchFeedUseCaseTests.swift */ = {isa = PBXFileReference; lastKnownFileType = sourcecode.swift; path = FetchFeedUseCaseTests.swift; sourceTree = "<group>"; };
		EBA8EB682A5FC16800998630 /* StubPostRepository.swift */ = {isa = PBXFileReference; lastKnownFileType = sourcecode.swift; path = StubPostRepository.swift; sourceTree = "<group>"; };
		EBA8EB6A2A5FC18000998630 /* StubLikeRepository.swift */ = {isa = PBXFileReference; lastKnownFileType = sourcecode.swift; path = StubLikeRepository.swift; sourceTree = "<group>"; };
		EBA8EB6C2A5FD2EA00998630 /* ChangeLikeUseCaseTests.swift */ = {isa = PBXFileReference; lastKnownFileType = sourcecode.swift; path = ChangeLikeUseCaseTests.swift; sourceTree = "<group>"; };
		EBA8EB6E2A601C8700998630 /* StubUserInformationRepository.swift */ = {isa = PBXFileReference; lastKnownFileType = sourcecode.swift; path = StubUserInformationRepository.swift; sourceTree = "<group>"; };
		EBAA0A5F2A56EBEA0033ED0F /* RepositoryTests.xctest */ = {isa = PBXFileReference; explicitFileType = wrapper.cfbundle; includeInIndex = 0; path = RepositoryTests.xctest; sourceTree = BUILT_PRODUCTS_DIR; };
		EBB5DE632A5791CD00DB5B52 /* FollowServiceTests.swift */ = {isa = PBXFileReference; fileEncoding = 4; lastKnownFileType = sourcecode.swift; path = FollowServiceTests.swift; sourceTree = "<group>"; };
		EBB5DE642A5791CD00DB5B52 /* UserInformationServiceTests.swift */ = {isa = PBXFileReference; fileEncoding = 4; lastKnownFileType = sourcecode.swift; path = UserInformationServiceTests.swift; sourceTree = "<group>"; };
		EBC4E98D2A54F22700A1F6AE /* UserInformationRepository.swift */ = {isa = PBXFileReference; lastKnownFileType = sourcecode.swift; path = UserInformationRepository.swift; sourceTree = "<group>"; };
		EBC4E98F2A55133000A1F6AE /* DefaultUserInformationRepository.swift */ = {isa = PBXFileReference; lastKnownFileType = sourcecode.swift; path = DefaultUserInformationRepository.swift; sourceTree = "<group>"; };
		EBC4E9912A5513FD00A1F6AE /* UserRequestDirector.swift */ = {isa = PBXFileReference; lastKnownFileType = sourcecode.swift; path = UserRequestDirector.swift; sourceTree = "<group>"; };
		EBE33E4C2A52C32F00C11188 /* FollowDTO.swift */ = {isa = PBXFileReference; lastKnownFileType = sourcecode.swift; path = FollowDTO.swift; sourceTree = "<group>"; };
		EBE33E4E2A52C42100C11188 /* FollowRepository.swift */ = {isa = PBXFileReference; lastKnownFileType = sourcecode.swift; path = FollowRepository.swift; sourceTree = "<group>"; };
		EBE33E502A52E6BB00C11188 /* UserInformationDTO.swift */ = {isa = PBXFileReference; lastKnownFileType = sourcecode.swift; path = UserInformationDTO.swift; sourceTree = "<group>"; };
		EBE33E522A52F00400C11188 /* FollowRequestDirector.swift */ = {isa = PBXFileReference; lastKnownFileType = sourcecode.swift; path = FollowRequestDirector.swift; sourceTree = "<group>"; };
		EBE33E542A52F3CA00C11188 /* DefaultFollowRepository.swift */ = {isa = PBXFileReference; lastKnownFileType = sourcecode.swift; path = DefaultFollowRepository.swift; sourceTree = "<group>"; };
		EBE33E6C2A53DD3B00C11188 /* LikeRepository.swift */ = {isa = PBXFileReference; fileEncoding = 4; lastKnownFileType = sourcecode.swift; path = LikeRepository.swift; sourceTree = "<group>"; };
/* End PBXFileReference section */

/* Begin PBXFrameworksBuildPhase section */
		188CC3FD2A4D7FD900BAB85A /* Frameworks */ = {
			isa = PBXFrameworksBuildPhase;
			buildActionMask = 2147483647;
			files = (
				18287CF22A56927A0042E0F2 /* RxSwift in Frameworks */,
				18287CF02A56927A0042E0F2 /* RxRelay in Frameworks */,
				188CC4232A4D824800BAB85A /* Then in Frameworks */,
				18287CEE2A56927A0042E0F2 /* RxCocoa in Frameworks */,
				182CAB4E2A5BA9AD00206EF7 /* RxDataSources in Frameworks */,
				182CAB4C2A5BA9AD00206EF7 /* Differentiator in Frameworks */,
				188CC4202A4D820F00BAB85A /* SnapKit in Frameworks */,
			);
			runOnlyForDeploymentPostprocessing = 0;
		};
		18C1E51D2A55488900A41AC5 /* Frameworks */ = {
			isa = PBXFrameworksBuildPhase;
			buildActionMask = 2147483647;
			files = (
				18287CFE2A56935F0042E0F2 /* RxTest in Frameworks */,
				18287CFA2A56935F0042E0F2 /* RxRelay in Frameworks */,
				18287CFC2A56935F0042E0F2 /* RxSwift in Frameworks */,
				18287CF62A56935F0042E0F2 /* RxBlocking in Frameworks */,
			);
			runOnlyForDeploymentPostprocessing = 0;
		};
		EBA8EB4C2A5FBE2D00998630 /* Frameworks */ = {
			isa = PBXFrameworksBuildPhase;
			buildActionMask = 2147483647;
			files = (
				EBA8EB602A5FBE8300998630 /* RxTest in Frameworks */,
				EBA8EB5E2A5FBE8300998630 /* RxSwift in Frameworks */,
				EB82EAC62A60EC3100372BDB /* RxCocoa in Frameworks */,
				EBA8EB5C2A5FBE8300998630 /* RxRelay in Frameworks */,
				EBA8EB5A2A5FBE8300998630 /* RxBlocking in Frameworks */,
			);
			runOnlyForDeploymentPostprocessing = 0;
		};
		EBAA0A5C2A56EBEA0033ED0F /* Frameworks */ = {
			isa = PBXFrameworksBuildPhase;
			buildActionMask = 2147483647;
			files = (
				EBAA0A702A56EC4D0033ED0F /* RxTest in Frameworks */,
				EBAA0A6E2A56EC4D0033ED0F /* RxSwift in Frameworks */,
				EBAA0A6C2A56EC4D0033ED0F /* RxRelay in Frameworks */,
				EBAA0A6A2A56EC4D0033ED0F /* RxBlocking in Frameworks */,
			);
			runOnlyForDeploymentPostprocessing = 0;
		};
/* End PBXFrameworksBuildPhase section */

/* Begin PBXGroup section */
		181258922A5418A10054C782 /* Constants */ = {
			isa = PBXGroup;
			children = (
				181258932A5418AA0054C782 /* SupabaseConstants.swift */,
			);
			path = Constants;
			sourceTree = "<group>";
		};
		1839745D2A525B0900F0101A /* Network */ = {
			isa = PBXGroup;
			children = (
				18C1E5412A55BC3700A41AC5 /* Protocol */,
				183974702A52A2AD00F0101A /* Builder */,
				1839746B2A52A27900F0101A /* Model */,
				183974622A525B4500F0101A /* NetworkError.swift */,
			);
			path = Network;
			sourceTree = "<group>";
		};
		183974642A52636200F0101A /* Data */ = {
			isa = PBXGroup;
			children = (
				3CF9581B2A5C054500448546 /* Repository */,
				3CF9581E2A5C055F00448546 /* Service */,
				183974752A52A39F00F0101A /* Model */,
			);
			path = Data;
			sourceTree = "<group>";
		};
		1839746B2A52A27900F0101A /* Model */ = {
			isa = PBXGroup;
			children = (
				1839746C2A52A28100F0101A /* HTTPMethod.swift */,
				1839746E2A52A29D00F0101A /* APIError.swift */,
			);
			path = Model;
			sourceTree = "<group>";
		};
		183974702A52A2AD00F0101A /* Builder */ = {
			isa = PBXGroup;
			children = (
				183974712A52A2B900F0101A /* URLRequestBuilder.swift */,
				183974732A52A32A00F0101A /* LikeRequestDirector.swift */,
				185DB85E2A52F5660071023B /* ChatRequestDirector.swift */,
				EBE33E522A52F00400C11188 /* FollowRequestDirector.swift */,
				3CAC3D822A52F6B7000DE463 /* PostRequestDirector.swift */,
				EBC4E9912A5513FD00A1F6AE /* UserRequestDirector.swift */,
			);
			path = Builder;
			sourceTree = "<group>";
		};
		183974752A52A39F00F0101A /* Model */ = {
			isa = PBXGroup;
			children = (
				18E670392A53BCC400C52942 /* ChatDTO.swift */,
				3CAC3D802A52F669000DE463 /* PostDTO.swift */,
				EBE33E4C2A52C32F00C11188 /* FollowDTO.swift */,
				EBE33E502A52E6BB00C11188 /* UserInformationDTO.swift */,
			);
			path = Model;
			sourceTree = "<group>";
		};
		18513FE02A5FD92800580A1A /* Model */ = {
			isa = PBXGroup;
			children = (
				187949AB2A5E7C3D00ADA01A /* SettingTabItem.swift */,
			);
			path = Model;
			sourceTree = "<group>";
		};
		1866AFC52A570A4C000FFFD7 /* Mock */ = {
			isa = PBXGroup;
			children = (
				1866AFC62A570A61000FFFD7 /* Mock.swift */,
			);
			path = Mock;
			sourceTree = "<group>";
		};
		187949A32A5E6E8200ADA01A /* Comman */ = {
			isa = PBXGroup;
			children = (
				187949AD2A5E7C7F00ADA01A /* ViewModel */,
				187949A62A5E7BA400ADA01A /* UI */,
			);
			path = Comman;
			sourceTree = "<group>";
		};
		187949A62A5E7BA400ADA01A /* UI */ = {
			isa = PBXGroup;
			children = (
				18513FE02A5FD92800580A1A /* Model */,
				187949AF2A5E7DAD00ADA01A /* Controller */,
				187949AA2A5E7C2800ADA01A /* View */,
				187949A72A5E7BAA00ADA01A /* Protocol */,
			);
			path = UI;
			sourceTree = "<group>";
		};
		187949A72A5E7BAA00ADA01A /* Protocol */ = {
			isa = PBXGroup;
			children = (
				187949A82A5E7BB000ADA01A /* TabItem.swift */,
				187949C02A5EA30300ADA01A /* Reusable.swift */,
			);
			path = Protocol;
			sourceTree = "<group>";
		};
		187949AA2A5E7C2800ADA01A /* View */ = {
			isa = PBXGroup;
			children = (
				187949A42A5E6E8B00ADA01A /* TabBar.swift */,
			);
			path = View;
			sourceTree = "<group>";
		};
		187949AD2A5E7C7F00ADA01A /* ViewModel */ = {
			isa = PBXGroup;
			children = (
				187949AE2A5E7C8100ADA01A /* Protocol */,
			);
			path = ViewModel;
			sourceTree = "<group>";
		};
		187949AE2A5E7C8100ADA01A /* Protocol */ = {
			isa = PBXGroup;
			children = (
				18BC32122A5C2A8E00F910B7 /* ViewModel.swift */,
			);
			path = Protocol;
			sourceTree = "<group>";
		};
		187949AF2A5E7DAD00ADA01A /* Controller */ = {
			isa = PBXGroup;
			children = (
				187949B02A5E7DBB00ADA01A /* TopTabBarController.swift */,
				18513FDE2A5FD8A300580A1A /* SettingTabBarController.swift */,
			);
			path = Controller;
			sourceTree = "<group>";
		};
		187949C22A5EA36C00ADA01A /* UI */ = {
			isa = PBXGroup;
			children = (
				187949C32A5EA38100ADA01A /* UITableView+Extension.swift */,
			);
			path = UI;
			sourceTree = "<group>";
		};
		188CC3F72A4D7FD900BAB85A = {
			isa = PBXGroup;
			children = (
				184E772C2A55D2850082E318 /* FanFollow.xctestplan */,
				188CC4022A4D7FD900BAB85A /* FanFollow */,
				18C1E5212A55488900A41AC5 /* NetworkServiceTests */,
				EB5668CD2A56B0EA007A3860 /* RepositoryTests */,
				EBA8EB502A5FBE2D00998630 /* UseCaseTests */,
				188CC4012A4D7FD900BAB85A /* Products */,
				18C1E5462A55C33D00A41AC5 /* Frameworks */,
			);
			sourceTree = "<group>";
		};
		188CC4012A4D7FD900BAB85A /* Products */ = {
			isa = PBXGroup;
			children = (
				188CC4002A4D7FD900BAB85A /* FanFollow.app */,
				18C1E5202A55488900A41AC5 /* NetworkServiceTests.xctest */,
				EBAA0A5F2A56EBEA0033ED0F /* RepositoryTests.xctest */,
				EBA8EB4F2A5FBE2D00998630 /* UseCaseTests.xctest */,
			);
			name = Products;
			sourceTree = "<group>";
		};
		188CC4022A4D7FD900BAB85A /* FanFollow */ = {
			isa = PBXGroup;
			children = (
				3C29C8F42A4EAD9C002F0037 /* Resource */,
				3C29C8F32A4EAD95002F0037 /* Source */,
			);
			path = FanFollow;
			sourceTree = "<group>";
		};
		18BC320A2A5C279C00F910B7 /* Presenter */ = {
			isa = PBXGroup;
			children = (
				187949A32A5E6E8200ADA01A /* Comman */,
				18CF43252A5CE923002FFA1D /* MainScene */,
				18BC320E2A5C2A6800F910B7 /* ExampleScene */,
				18CF43292A5D12BA002FFA1D /* SettingScene */,
			);
			path = Presenter;
			sourceTree = "<group>";
		};
		18BC320B2A5C27B500F910B7 /* UseCase */ = {
			isa = PBXGroup;
			children = (
				18BC320C2A5C27D900F910B7 /* ExampleUseCase.swift */,
				EBA8EB3D2A5CF5DB00998630 /* FetchFeedUseCase.swift */,
				EBA8EB412A5E46EB00998630 /* ChangeLikeUseCase.swift */,
				3CEE006B2A5D13DD009EE562 /* AccessChatRoomUseCase.swift */,
				3CFDF6CF2A5EA1CD00DE6109 /* ExploreUseCase.swift */,
				EBA8EB452A5ED04100998630 /* FetchCreatorInformationUseCase.swift */,
				EBA8EB432A5ECAEB00998630 /* FetchCreatorPostsUseCase.swift */,
				EBA8EB492A5F824E00998630 /* FetchUserInformationUseCase.swift */,
			);
			path = UseCase;
			sourceTree = "<group>";
		};
		18BC320E2A5C2A6800F910B7 /* ExampleScene */ = {
			isa = PBXGroup;
			children = (
				18BC320F2A5C2A7200F910B7 /* View */,
				18BC32102A5C2A7500F910B7 /* ViewModel */,
			);
			path = ExampleScene;
			sourceTree = "<group>";
		};
		18BC320F2A5C2A7200F910B7 /* View */ = {
			isa = PBXGroup;
			children = (
			);
			path = View;
			sourceTree = "<group>";
		};
		18BC32102A5C2A7500F910B7 /* ViewModel */ = {
			isa = PBXGroup;
			children = (
				18BC32142A5C2B6200F910B7 /* ExampleViewModel.swift */,
			);
			path = ViewModel;
			sourceTree = "<group>";
		};
		18BC32162A5C2B6700F910B7 /* Model */ = {
			isa = PBXGroup;
			children = (
				18BC32172A5C2B6E00F910B7 /* ExampleModel.swift */,
				187949C72A5EDCE100ADA01A /* SettingSectionModel.swift */,
				187949C92A5EDE3400ADA01A /* SettingSectionItem.swift */,
				EBA8EB3F2A5D1B6100998630 /* Post.swift */,
				3CFDF6BB2A5D513C00DE6109 /* ChatRoom.swift */,
				3CFDF6C52A5E958600DE6109 /* User.swift */,
				3CFDF6C92A5E99FA00DE6109 /* Creator.swift */,
				3CFDF6CB2A5E9A0100DE6109 /* Fan.swift */,
				3CFDF6CD2A5E9A1500DE6109 /* JobCategory.swift */,
			);
			path = Model;
			sourceTree = "<group>";
		};
		18C1E5212A55488900A41AC5 /* NetworkServiceTests */ = {
			isa = PBXGroup;
			children = (
				18C1E53A2A55B92400A41AC5 /* Mock */,
				18C1E5372A55716100A41AC5 /* Stub */,
				18C1E5222A55488900A41AC5 /* NetworkServiceTests.swift */,
			);
			path = NetworkServiceTests;
			sourceTree = "<group>";
		};
		18C1E5372A55716100A41AC5 /* Stub */ = {
			isa = PBXGroup;
			children = (
				18C1E5382A55717000A41AC5 /* StubURLSession.swift */,
			);
			path = Stub;
			sourceTree = "<group>";
		};
		18C1E53A2A55B92400A41AC5 /* Mock */ = {
			isa = PBXGroup;
			children = (
				18C1E53B2A55B92A00A41AC5 /* Mock.swift */,
				18C1E53D2A55B94100A41AC5 /* MockURLSessionDataTask.swift */,
				18C1E53F2A55BA3E00A41AC5 /* MockData.swift */,
			);
			path = Mock;
			sourceTree = "<group>";
		};
		18C1E5412A55BC3700A41AC5 /* Protocol */ = {
			isa = PBXGroup;
			children = (
				183974682A52637700F0101A /* SupabaseEndPoint.swift */,
				18C1E5422A55BC4600A41AC5 /* URLSessionType.swift */,
				18C1E5442A55BC5D00A41AC5 /* URLSessionDataTaskType.swift */,
			);
			path = Protocol;
			sourceTree = "<group>";
		};
		18C1E5462A55C33D00A41AC5 /* Frameworks */ = {
			isa = PBXGroup;
			children = (
			);
			name = Frameworks;
			sourceTree = "<group>";
		};
		18CF43252A5CE923002FFA1D /* MainScene */ = {
			isa = PBXGroup;
			children = (
				18CF43262A5CE92C002FFA1D /* View */,
			);
			path = MainScene;
			sourceTree = "<group>";
		};
		18CF43262A5CE92C002FFA1D /* View */ = {
			isa = PBXGroup;
			children = (
				18CF43272A5CE936002FFA1D /* TabBarController.swift */,
			);
			path = View;
			sourceTree = "<group>";
		};
		18CF43292A5D12BA002FFA1D /* SettingScene */ = {
			isa = PBXGroup;
			children = (
				18CF432A2A5D14DB002FFA1D /* View */,
			);
			path = SettingScene;
			sourceTree = "<group>";
		};
		18CF432A2A5D14DB002FFA1D /* View */ = {
			isa = PBXGroup;
			children = (
				18CF432B2A5D14E6002FFA1D /* SettingViewController.swift */,
				187949C52A5EA4B500ADA01A /* ProfileThumbnailCell.swift */,
				18513FD72A5FB01E00580A1A /* SettingBaseCell.swift */,
				18513FDC2A5FB55500580A1A /* SettingSectionHeaderView.swift */,
			);
			path = View;
			sourceTree = "<group>";
		};
		3C29C8F32A4EAD95002F0037 /* Source */ = {
			isa = PBXGroup;
			children = (
				18BC320A2A5C279C00F910B7 /* Presenter */,
				3CF9581C2A5C054F00448546 /* Domain */,
				183974642A52636200F0101A /* Data */,
				3C45B0162A52A79A00307DCF /* Util */,
				1839745D2A525B0900F0101A /* Network */,
				3C29C8F52A4EADE8002F0037 /* Application */,
			);
			path = Source;
			sourceTree = "<group>";
		};
		3C29C8F42A4EAD9C002F0037 /* Resource */ = {
			isa = PBXGroup;
			children = (
				188CC40C2A4D7FDB00BAB85A /* Assets.xcassets */,
				188CC40E2A4D7FDB00BAB85A /* LaunchScreen.storyboard */,
				188CC4112A4D7FDB00BAB85A /* Info.plist */,
				3C45B01A2A52A7E000307DCF /* SupabaseInfo.plist */,
			);
			path = Resource;
			sourceTree = "<group>";
		};
		3C29C8F52A4EADE8002F0037 /* Application */ = {
			isa = PBXGroup;
			children = (
				188CC4032A4D7FD900BAB85A /* AppDelegate.swift */,
				188CC4052A4D7FD900BAB85A /* SceneDelegate.swift */,
			);
			path = Application;
			sourceTree = "<group>";
		};
		3C45B0162A52A79A00307DCF /* Util */ = {
			isa = PBXGroup;
			children = (
				181258922A5418A10054C782 /* Constants */,
				3C45B0172A52A7AC00307DCF /* Extension */,
			);
			path = Util;
			sourceTree = "<group>";
		};
		3C45B0172A52A7AC00307DCF /* Extension */ = {
			isa = PBXGroup;
			children = (
				187949C22A5EA36C00ADA01A /* UI */,
				3C45B0182A52A7C600307DCF /* Bundle+Extension.swift */,
				18F0131B2A53E6AC000603CC /* URL+Extension.swift */,
			);
			path = Extension;
			sourceTree = "<group>";
		};
		3CF9581B2A5C054500448546 /* Repository */ = {
			isa = PBXGroup;
			children = (
				18E6703D2A53BE2C00C52942 /* DefaultChatRepository.swift */,
				183974652A52636B00F0101A /* DefaultLikeRepository.swift */,
				EBE33E542A52F3CA00C11188 /* DefaultFollowRepository.swift */,
				3CAC3D7E2A52DE80000DE463 /* DefaultPostRepository.swift */,
				EBC4E98F2A55133000A1F6AE /* DefaultUserInformationRepository.swift */,
			);
			path = Repository;
			sourceTree = "<group>";
		};
		3CF9581C2A5C054F00448546 /* Domain */ = {
			isa = PBXGroup;
			children = (
				18BC32162A5C2B6700F910B7 /* Model */,
				18BC320B2A5C27B500F910B7 /* UseCase */,
				3CF9581D2A5C055400448546 /* RepositoryInterface */,
			);
			path = Domain;
			sourceTree = "<group>";
		};
		3CF9581D2A5C055400448546 /* RepositoryInterface */ = {
			isa = PBXGroup;
			children = (
				18E6703B2A53BD1400C52942 /* ChatRepository.swift */,
				3C10F7B32A53B862001E9B21 /* PostRepository.swift */,
				EBE33E4E2A52C42100C11188 /* FollowRepository.swift */,
				EBE33E6C2A53DD3B00C11188 /* LikeRepository.swift */,
				EBC4E98D2A54F22700A1F6AE /* UserInformationRepository.swift */,
			);
			path = RepositoryInterface;
			sourceTree = "<group>";
		};
		3CF9581E2A5C055F00448546 /* Service */ = {
			isa = PBXGroup;
			children = (
				1839745E2A525B1A00F0101A /* NetworkService.swift */,
				183974602A525B3300F0101A /* DefaultNetworkService.swift */,
			);
			path = Service;
			sourceTree = "<group>";
		};
		EB5668CD2A56B0EA007A3860 /* RepositoryTests */ = {
			isa = PBXGroup;
			children = (
				1866AFC52A570A4C000FFFD7 /* Mock */,
				EB5668CE2A56B0FF007A3860 /* Stub */,
				1866AFC22A57087E000FFFD7 /* ChatServiceTests.swift */,
				3C4FA9A82A57C323003A1683 /* PostServiceTests.swift */,
				EBB5DE632A5791CD00DB5B52 /* FollowServiceTests.swift */,
				EBB5DE642A5791CD00DB5B52 /* UserInformationServiceTests.swift */,
				3CFC16D22A57E97D00B16ADF /* LikeServiceTests.swift */,
			);
			path = RepositoryTests;
			sourceTree = "<group>";
		};
		EB5668CE2A56B0FF007A3860 /* Stub */ = {
			isa = PBXGroup;
			children = (
				EB5668CF2A56B11C007A3860 /* StubNetworkService.swift */,
			);
			path = Stub;
			sourceTree = "<group>";
		};
		EBA8EB502A5FBE2D00998630 /* UseCaseTests */ = {
			isa = PBXGroup;
			children = (
				EBA8EB622A5FC03600998630 /* Stub */,
				EBA8EB662A5FC0D500998630 /* FetchFeedUseCaseTests.swift */,
				EBA8EB6C2A5FD2EA00998630 /* ChangeLikeUseCaseTests.swift */,
				EB02603F2A60CCF00015F3C9 /* FetchCreatorInformationUseCaseTests.swift */,
				EB0260412A60D90B0015F3C9 /* FetchCreatorPostsUseCaseTests.swift */,
				EB0260432A60DAC10015F3C9 /* FetchUserInformationUseCaseTests.swift */,
				3CC1D49B2A61161100713FAF /* AccessChatRoomUseCaseTests.swift */,
				3CC1D49D2A6134C000713FAF /* ExploreUseCaseTests.swift */,
			);
			path = UseCaseTests;
			sourceTree = "<group>";
		};
		EBA8EB622A5FC03600998630 /* Stub */ = {
			isa = PBXGroup;
			children = (
				EBA8EB682A5FC16800998630 /* StubPostRepository.swift */,
				EBA8EB6A2A5FC18000998630 /* StubLikeRepository.swift */,
				EBA8EB6E2A601C8700998630 /* StubUserInformationRepository.swift */,
				3CC1D4992A61114200713FAF /* StubChatRepository.swift */,
			);
			path = Stub;
			sourceTree = "<group>";
		};
/* End PBXGroup section */

/* Begin PBXNativeTarget section */
		188CC3FF2A4D7FD900BAB85A /* FanFollow */ = {
			isa = PBXNativeTarget;
			buildConfigurationList = 188CC4142A4D7FDB00BAB85A /* Build configuration list for PBXNativeTarget "FanFollow" */;
			buildPhases = (
				188CC3FC2A4D7FD900BAB85A /* Sources */,
				188CC4252A4D82A300BAB85A /* Run SwiftLint */,
				188CC3FD2A4D7FD900BAB85A /* Frameworks */,
				188CC3FE2A4D7FD900BAB85A /* Resources */,
			);
			buildRules = (
			);
			dependencies = (
			);
			name = FanFollow;
			packageProductDependencies = (
				188CC41F2A4D820F00BAB85A /* SnapKit */,
				188CC4222A4D824800BAB85A /* Then */,
				18287CED2A56927A0042E0F2 /* RxCocoa */,
				18287CEF2A56927A0042E0F2 /* RxRelay */,
				18287CF12A56927A0042E0F2 /* RxSwift */,
				182CAB4B2A5BA9AD00206EF7 /* Differentiator */,
				182CAB4D2A5BA9AD00206EF7 /* RxDataSources */,
			);
			productName = FanFollow;
			productReference = 188CC4002A4D7FD900BAB85A /* FanFollow.app */;
			productType = "com.apple.product-type.application";
		};
		18C1E51F2A55488900A41AC5 /* NetworkServiceTests */ = {
			isa = PBXNativeTarget;
			buildConfigurationList = 18C1E5262A55488900A41AC5 /* Build configuration list for PBXNativeTarget "NetworkServiceTests" */;
			buildPhases = (
				18C1E51C2A55488900A41AC5 /* Sources */,
				18C1E51D2A55488900A41AC5 /* Frameworks */,
				18C1E51E2A55488900A41AC5 /* Resources */,
			);
			buildRules = (
			);
			dependencies = (
				1894FC692A5725BA0032E426 /* PBXTargetDependency */,
			);
			name = NetworkServiceTests;
			packageProductDependencies = (
				18287CF52A56935F0042E0F2 /* RxBlocking */,
				18287CF92A56935F0042E0F2 /* RxRelay */,
				18287CFB2A56935F0042E0F2 /* RxSwift */,
				18287CFD2A56935F0042E0F2 /* RxTest */,
			);
			productName = NetworkManagerTests;
			productReference = 18C1E5202A55488900A41AC5 /* NetworkServiceTests.xctest */;
			productType = "com.apple.product-type.bundle.unit-test";
		};
		EBA8EB4E2A5FBE2D00998630 /* UseCaseTests */ = {
			isa = PBXNativeTarget;
			buildConfigurationList = EBA8EB552A5FBE2D00998630 /* Build configuration list for PBXNativeTarget "UseCaseTests" */;
			buildPhases = (
				EBA8EB4B2A5FBE2D00998630 /* Sources */,
				EBA8EB4C2A5FBE2D00998630 /* Frameworks */,
				EBA8EB4D2A5FBE2D00998630 /* Resources */,
			);
			buildRules = (
			);
			dependencies = (
				EBA8EB542A5FBE2D00998630 /* PBXTargetDependency */,
			);
			name = UseCaseTests;
			packageProductDependencies = (
				EBA8EB592A5FBE8300998630 /* RxBlocking */,
				EBA8EB5B2A5FBE8300998630 /* RxRelay */,
				EBA8EB5D2A5FBE8300998630 /* RxSwift */,
				EBA8EB5F2A5FBE8300998630 /* RxTest */,
				EB82EAC52A60EC3100372BDB /* RxCocoa */,
			);
			productName = UseCaseTests;
			productReference = EBA8EB4F2A5FBE2D00998630 /* UseCaseTests.xctest */;
			productType = "com.apple.product-type.bundle.unit-test";
		};
		EBAA0A5E2A56EBEA0033ED0F /* RepositoryTests */ = {
			isa = PBXNativeTarget;
			buildConfigurationList = EBAA0A672A56EBEA0033ED0F /* Build configuration list for PBXNativeTarget "RepositoryTests" */;
			buildPhases = (
				EBAA0A5B2A56EBEA0033ED0F /* Sources */,
				EBAA0A5C2A56EBEA0033ED0F /* Frameworks */,
				EBAA0A5D2A56EBEA0033ED0F /* Resources */,
			);
			buildRules = (
			);
			dependencies = (
				1894FC6B2A5725CA0032E426 /* PBXTargetDependency */,
			);
			name = RepositoryTests;
			packageProductDependencies = (
				EBAA0A692A56EC4D0033ED0F /* RxBlocking */,
				EBAA0A6B2A56EC4D0033ED0F /* RxRelay */,
				EBAA0A6D2A56EC4D0033ED0F /* RxSwift */,
				EBAA0A6F2A56EC4D0033ED0F /* RxTest */,
			);
			productName = ServiceTests;
			productReference = EBAA0A5F2A56EBEA0033ED0F /* RepositoryTests.xctest */;
			productType = "com.apple.product-type.bundle.unit-test";
		};
/* End PBXNativeTarget section */

/* Begin PBXProject section */
		188CC3F82A4D7FD900BAB85A /* Project object */ = {
			isa = PBXProject;
			attributes = {
				BuildIndependentTargetsInParallel = 1;
				LastSwiftUpdateCheck = 1420;
				LastUpgradeCheck = 1430;
				TargetAttributes = {
					188CC3FF2A4D7FD900BAB85A = {
						CreatedOnToolsVersion = 14.3;
					};
					18C1E51F2A55488900A41AC5 = {
						CreatedOnToolsVersion = 14.3.1;
						TestTargetID = 188CC3FF2A4D7FD900BAB85A;
					};
					EBA8EB4E2A5FBE2D00998630 = {
						CreatedOnToolsVersion = 14.2;
						TestTargetID = 188CC3FF2A4D7FD900BAB85A;
					};
					EBAA0A5E2A56EBEA0033ED0F = {
						CreatedOnToolsVersion = 14.2;
						TestTargetID = 188CC3FF2A4D7FD900BAB85A;
					};
				};
			};
			buildConfigurationList = 188CC3FB2A4D7FD900BAB85A /* Build configuration list for PBXProject "FanFollow" */;
			compatibilityVersion = "Xcode 14.0";
			developmentRegion = en;
			hasScannedForEncodings = 0;
			knownRegions = (
				en,
				Base,
			);
			mainGroup = 188CC3F72A4D7FD900BAB85A;
			packageReferences = (
				188CC41E2A4D820F00BAB85A /* XCRemoteSwiftPackageReference "SnapKit" */,
				188CC4212A4D824800BAB85A /* XCRemoteSwiftPackageReference "Then" */,
				18287CEA2A56927A0042E0F2 /* XCRemoteSwiftPackageReference "RxSwift" */,
				182CAB4A2A5BA9AD00206EF7 /* XCRemoteSwiftPackageReference "RxDataSources" */,
			);
			productRefGroup = 188CC4012A4D7FD900BAB85A /* Products */;
			projectDirPath = "";
			projectRoot = "";
			targets = (
				188CC3FF2A4D7FD900BAB85A /* FanFollow */,
				18C1E51F2A55488900A41AC5 /* NetworkServiceTests */,
				EBAA0A5E2A56EBEA0033ED0F /* RepositoryTests */,
				EBA8EB4E2A5FBE2D00998630 /* UseCaseTests */,
			);
		};
/* End PBXProject section */

/* Begin PBXResourcesBuildPhase section */
		188CC3FE2A4D7FD900BAB85A /* Resources */ = {
			isa = PBXResourcesBuildPhase;
			buildActionMask = 2147483647;
			files = (
				3C45B01B2A52A7E000307DCF /* SupabaseInfo.plist in Resources */,
				188CC4102A4D7FDB00BAB85A /* LaunchScreen.storyboard in Resources */,
				188CC40D2A4D7FDB00BAB85A /* Assets.xcassets in Resources */,
			);
			runOnlyForDeploymentPostprocessing = 0;
		};
		18C1E51E2A55488900A41AC5 /* Resources */ = {
			isa = PBXResourcesBuildPhase;
			buildActionMask = 2147483647;
			files = (
			);
			runOnlyForDeploymentPostprocessing = 0;
		};
		EBA8EB4D2A5FBE2D00998630 /* Resources */ = {
			isa = PBXResourcesBuildPhase;
			buildActionMask = 2147483647;
			files = (
				EBA8EB582A5FBE7600998630 /* SupabaseInfo.plist in Resources */,
			);
			runOnlyForDeploymentPostprocessing = 0;
		};
		EBAA0A5D2A56EBEA0033ED0F /* Resources */ = {
			isa = PBXResourcesBuildPhase;
			buildActionMask = 2147483647;
			files = (
				1894FC602A57213D0032E426 /* SupabaseInfo.plist in Resources */,
			);
			runOnlyForDeploymentPostprocessing = 0;
		};
/* End PBXResourcesBuildPhase section */

/* Begin PBXShellScriptBuildPhase section */
		188CC4252A4D82A300BAB85A /* Run SwiftLint */ = {
			isa = PBXShellScriptBuildPhase;
			buildActionMask = 8;
			files = (
			);
			inputFileListPaths = (
			);
			inputPaths = (
			);
			name = "Run SwiftLint";
			outputFileListPaths = (
			);
			outputPaths = (
			);
			runOnlyForDeploymentPostprocessing = 1;
			shellPath = /bin/sh;
			shellScript = "if [[ \"$(uname -m)\" == arm64 ]]; then\n    export PATH=\"/opt/homebrew/bin:$PATH\"\nfi\n\nif which swiftlint > /dev/null; then\n  swiftlint\nelse\n  echo \"warning: SwiftLint not installed, download from https://github.com/realm/SwiftLint\"\nfi\n";
		};
/* End PBXShellScriptBuildPhase section */

/* Begin PBXSourcesBuildPhase section */
		188CC3FC2A4D7FD900BAB85A /* Sources */ = {
			isa = PBXSourcesBuildPhase;
			buildActionMask = 2147483647;
			files = (
				183974722A52A2B900F0101A /* URLRequestBuilder.swift in Sources */,
				187949A92A5E7BB000ADA01A /* TabItem.swift in Sources */,
				187949C42A5EA38100ADA01A /* UITableView+Extension.swift in Sources */,
				183974612A525B3300F0101A /* DefaultNetworkService.swift in Sources */,
				18513FDD2A5FB55500580A1A /* SettingSectionHeaderView.swift in Sources */,
				18513FDF2A5FD8A300580A1A /* SettingTabBarController.swift in Sources */,
				EBE33E4F2A52C42100C11188 /* FollowRepository.swift in Sources */,
				187949CA2A5EDE3400ADA01A /* SettingSectionItem.swift in Sources */,
				187949AC2A5E7C3D00ADA01A /* SettingTabItem.swift in Sources */,
				183974742A52A32A00F0101A /* LikeRequestDirector.swift in Sources */,
				18E6703E2A53BE2C00C52942 /* DefaultChatRepository.swift in Sources */,
				187949C82A5EDCE100ADA01A /* SettingSectionModel.swift in Sources */,
				EBA8EB442A5ECAEB00998630 /* FetchCreatorPostsUseCase.swift in Sources */,
				3CFDF6BC2A5D513C00DE6109 /* ChatRoom.swift in Sources */,
				183974692A52637700F0101A /* SupabaseEndPoint.swift in Sources */,
				3CAC3D832A52F6B7000DE463 /* PostRequestDirector.swift in Sources */,
				18513FD82A5FB01E00580A1A /* SettingBaseCell.swift in Sources */,
				3C45B0192A52A7C600307DCF /* Bundle+Extension.swift in Sources */,
				181258942A5418AA0054C782 /* SupabaseConstants.swift in Sources */,
				18C1E5432A55BC4600A41AC5 /* URLSessionType.swift in Sources */,
				187949C12A5EA30300ADA01A /* Reusable.swift in Sources */,
				18BC32132A5C2A8E00F910B7 /* ViewModel.swift in Sources */,
				187949A52A5E6E8B00ADA01A /* TabBar.swift in Sources */,
				EBA8EB4A2A5F824E00998630 /* FetchUserInformationUseCase.swift in Sources */,
				3CAC3D812A52F669000DE463 /* PostDTO.swift in Sources */,
				EBA8EB3E2A5CF5DB00998630 /* FetchFeedUseCase.swift in Sources */,
				EBE33E552A52F3CA00C11188 /* DefaultFollowRepository.swift in Sources */,
				3CFDF6D02A5EA1CD00DE6109 /* ExploreUseCase.swift in Sources */,
				EBE33E532A52F00400C11188 /* FollowRequestDirector.swift in Sources */,
				183974632A525B4500F0101A /* NetworkError.swift in Sources */,
				18E6703C2A53BD1400C52942 /* ChatRepository.swift in Sources */,
				3CFDF6CC2A5E9A0100DE6109 /* Fan.swift in Sources */,
				1894FC5F2A57211E0032E426 /* ChatRequestDirector.swift in Sources */,
				3CFDF6C62A5E958600DE6109 /* User.swift in Sources */,
				EBC4E9902A55133000A1F6AE /* DefaultUserInformationRepository.swift in Sources */,
				EBA8EB402A5D1B6100998630 /* Post.swift in Sources */,
				1839746F2A52A29D00F0101A /* APIError.swift in Sources */,
				EBA8EB462A5ED04100998630 /* FetchCreatorInformationUseCase.swift in Sources */,
				EBA8EB422A5E46EB00998630 /* ChangeLikeUseCase.swift in Sources */,
				EBC4E98E2A54F22700A1F6AE /* UserInformationRepository.swift in Sources */,
				18F0131C2A53E6AC000603CC /* URL+Extension.swift in Sources */,
				EBE33E512A52E6BB00C11188 /* UserInformationDTO.swift in Sources */,
				EBE33E4D2A52C32F00C11188 /* FollowDTO.swift in Sources */,
				1839745F2A525B1A00F0101A /* NetworkService.swift in Sources */,
				3CFDF6CA2A5E99FA00DE6109 /* Creator.swift in Sources */,
				18C1E5452A55BC5D00A41AC5 /* URLSessionDataTaskType.swift in Sources */,
				3CAC3D7F2A52DE80000DE463 /* DefaultPostRepository.swift in Sources */,
				18BC32182A5C2B6E00F910B7 /* ExampleModel.swift in Sources */,
				EBE33E6D2A53DD3B00C11188 /* LikeRepository.swift in Sources */,
				3C10F7B42A53B862001E9B21 /* PostRepository.swift in Sources */,
				18CF432C2A5D14E6002FFA1D /* SettingViewController.swift in Sources */,
				18CF43282A5CE936002FFA1D /* TabBarController.swift in Sources */,
				187949C62A5EA4B500ADA01A /* ProfileThumbnailCell.swift in Sources */,
				1839746D2A52A28100F0101A /* HTTPMethod.swift in Sources */,
				3CEE006C2A5D13DD009EE562 /* AccessChatRoomUseCase.swift in Sources */,
				18BC320D2A5C27D900F910B7 /* ExampleUseCase.swift in Sources */,
				EBC4E9922A5513FD00A1F6AE /* UserRequestDirector.swift in Sources */,
				3CFC16D42A57EC3000B16ADF /* DefaultLikeRepository.swift in Sources */,
				188CC4042A4D7FD900BAB85A /* AppDelegate.swift in Sources */,
				188CC4062A4D7FD900BAB85A /* SceneDelegate.swift in Sources */,
				187949B12A5E7DBB00ADA01A /* TopTabBarController.swift in Sources */,
				3CFDF6CE2A5E9A1500DE6109 /* JobCategory.swift in Sources */,
				18E6703A2A53BCC400C52942 /* ChatDTO.swift in Sources */,
				18BC32152A5C2B6200F910B7 /* ExampleViewModel.swift in Sources */,
			);
			runOnlyForDeploymentPostprocessing = 0;
		};
		18C1E51C2A55488900A41AC5 /* Sources */ = {
			isa = PBXSourcesBuildPhase;
			buildActionMask = 2147483647;
			files = (
				18C1E5392A55717000A41AC5 /* StubURLSession.swift in Sources */,
				18C1E53E2A55B94100A41AC5 /* MockURLSessionDataTask.swift in Sources */,
				18C1E5232A55488900A41AC5 /* NetworkServiceTests.swift in Sources */,
				18C1E5402A55BA3E00A41AC5 /* MockData.swift in Sources */,
				18C1E53C2A55B92A00A41AC5 /* Mock.swift in Sources */,
			);
			runOnlyForDeploymentPostprocessing = 0;
		};
		EBA8EB4B2A5FBE2D00998630 /* Sources */ = {
			isa = PBXSourcesBuildPhase;
			buildActionMask = 2147483647;
			files = (
				EB0260402A60CCF00015F3C9 /* FetchCreatorInformationUseCaseTests.swift in Sources */,
				EBA8EB672A5FC0D500998630 /* FetchFeedUseCaseTests.swift in Sources */,
				3CC1D49C2A61161100713FAF /* AccessChatRoomUseCaseTests.swift in Sources */,
				EBA8EB692A5FC16800998630 /* StubPostRepository.swift in Sources */,
				3CC1D49E2A6134C000713FAF /* ExploreUseCaseTests.swift in Sources */,
				3CC1D49A2A61114200713FAF /* StubChatRepository.swift in Sources */,
				EB0260422A60D90B0015F3C9 /* FetchCreatorPostsUseCaseTests.swift in Sources */,
				EB0260442A60DAC10015F3C9 /* FetchUserInformationUseCaseTests.swift in Sources */,
				EBA8EB6D2A5FD2EA00998630 /* ChangeLikeUseCaseTests.swift in Sources */,
				EBA8EB6F2A601C8700998630 /* StubUserInformationRepository.swift in Sources */,
				EBA8EB6B2A5FC18000998630 /* StubLikeRepository.swift in Sources */,
			);
			runOnlyForDeploymentPostprocessing = 0;
		};
		EBAA0A5B2A56EBEA0033ED0F /* Sources */ = {
			isa = PBXSourcesBuildPhase;
			buildActionMask = 2147483647;
			files = (
				1894FC702A5727450032E426 /* Mock.swift in Sources */,
				EBAA0A682A56EC140033ED0F /* StubNetworkService.swift in Sources */,
				EBB5DE652A5791CD00DB5B52 /* FollowServiceTests.swift in Sources */,
				EBB5DE662A5791CD00DB5B52 /* UserInformationServiceTests.swift in Sources */,
				1866AFC32A57087E000FFFD7 /* ChatServiceTests.swift in Sources */,
				3C4FA9A92A57C323003A1683 /* PostServiceTests.swift in Sources */,
				3CFC16D32A57E97D00B16ADF /* LikeServiceTests.swift in Sources */,
			);
			runOnlyForDeploymentPostprocessing = 0;
		};
/* End PBXSourcesBuildPhase section */

/* Begin PBXTargetDependency section */
		1894FC692A5725BA0032E426 /* PBXTargetDependency */ = {
			isa = PBXTargetDependency;
			target = 188CC3FF2A4D7FD900BAB85A /* FanFollow */;
			targetProxy = 1894FC682A5725BA0032E426 /* PBXContainerItemProxy */;
		};
		1894FC6B2A5725CA0032E426 /* PBXTargetDependency */ = {
			isa = PBXTargetDependency;
			target = 188CC3FF2A4D7FD900BAB85A /* FanFollow */;
			targetProxy = 1894FC6A2A5725CA0032E426 /* PBXContainerItemProxy */;
		};
		EBA8EB542A5FBE2D00998630 /* PBXTargetDependency */ = {
			isa = PBXTargetDependency;
			target = 188CC3FF2A4D7FD900BAB85A /* FanFollow */;
			targetProxy = EBA8EB532A5FBE2D00998630 /* PBXContainerItemProxy */;
		};
/* End PBXTargetDependency section */

/* Begin PBXVariantGroup section */
		188CC40E2A4D7FDB00BAB85A /* LaunchScreen.storyboard */ = {
			isa = PBXVariantGroup;
			children = (
				188CC40F2A4D7FDB00BAB85A /* Base */,
			);
			name = LaunchScreen.storyboard;
			sourceTree = "<group>";
		};
/* End PBXVariantGroup section */

/* Begin XCBuildConfiguration section */
		188CC4122A4D7FDB00BAB85A /* Debug */ = {
			isa = XCBuildConfiguration;
			buildSettings = {
				ALWAYS_SEARCH_USER_PATHS = NO;
				CLANG_ANALYZER_NONNULL = YES;
				CLANG_ANALYZER_NUMBER_OBJECT_CONVERSION = YES_AGGRESSIVE;
				CLANG_CXX_LANGUAGE_STANDARD = "gnu++20";
				CLANG_ENABLE_MODULES = YES;
				CLANG_ENABLE_OBJC_ARC = YES;
				CLANG_ENABLE_OBJC_WEAK = YES;
				CLANG_WARN_BLOCK_CAPTURE_AUTORELEASING = YES;
				CLANG_WARN_BOOL_CONVERSION = YES;
				CLANG_WARN_COMMA = YES;
				CLANG_WARN_CONSTANT_CONVERSION = YES;
				CLANG_WARN_DEPRECATED_OBJC_IMPLEMENTATIONS = YES;
				CLANG_WARN_DIRECT_OBJC_ISA_USAGE = YES_ERROR;
				CLANG_WARN_DOCUMENTATION_COMMENTS = YES;
				CLANG_WARN_EMPTY_BODY = YES;
				CLANG_WARN_ENUM_CONVERSION = YES;
				CLANG_WARN_INFINITE_RECURSION = YES;
				CLANG_WARN_INT_CONVERSION = YES;
				CLANG_WARN_NON_LITERAL_NULL_CONVERSION = YES;
				CLANG_WARN_OBJC_IMPLICIT_RETAIN_SELF = YES;
				CLANG_WARN_OBJC_LITERAL_CONVERSION = YES;
				CLANG_WARN_OBJC_ROOT_CLASS = YES_ERROR;
				CLANG_WARN_QUOTED_INCLUDE_IN_FRAMEWORK_HEADER = YES;
				CLANG_WARN_RANGE_LOOP_ANALYSIS = YES;
				CLANG_WARN_STRICT_PROTOTYPES = YES;
				CLANG_WARN_SUSPICIOUS_MOVE = YES;
				CLANG_WARN_UNGUARDED_AVAILABILITY = YES_AGGRESSIVE;
				CLANG_WARN_UNREACHABLE_CODE = YES;
				CLANG_WARN__DUPLICATE_METHOD_MATCH = YES;
				COPY_PHASE_STRIP = NO;
				DEBUG_INFORMATION_FORMAT = dwarf;
				ENABLE_STRICT_OBJC_MSGSEND = YES;
				ENABLE_TESTABILITY = YES;
				GCC_C_LANGUAGE_STANDARD = gnu11;
				GCC_DYNAMIC_NO_PIC = NO;
				GCC_NO_COMMON_BLOCKS = YES;
				GCC_OPTIMIZATION_LEVEL = 0;
				GCC_PREPROCESSOR_DEFINITIONS = (
					"DEBUG=1",
					"$(inherited)",
				);
				GCC_WARN_64_TO_32_BIT_CONVERSION = YES;
				GCC_WARN_ABOUT_RETURN_TYPE = YES_ERROR;
				GCC_WARN_UNDECLARED_SELECTOR = YES;
				GCC_WARN_UNINITIALIZED_AUTOS = YES_AGGRESSIVE;
				GCC_WARN_UNUSED_FUNCTION = YES;
				GCC_WARN_UNUSED_VARIABLE = YES;
				IPHONEOS_DEPLOYMENT_TARGET = 14.0;
				MTL_ENABLE_DEBUG_INFO = INCLUDE_SOURCE;
				MTL_FAST_MATH = YES;
				ONLY_ACTIVE_ARCH = YES;
				SDKROOT = iphoneos;
				SWIFT_ACTIVE_COMPILATION_CONDITIONS = DEBUG;
				SWIFT_OPTIMIZATION_LEVEL = "-Onone";
			};
			name = Debug;
		};
		188CC4132A4D7FDB00BAB85A /* Release */ = {
			isa = XCBuildConfiguration;
			buildSettings = {
				ALWAYS_SEARCH_USER_PATHS = NO;
				CLANG_ANALYZER_NONNULL = YES;
				CLANG_ANALYZER_NUMBER_OBJECT_CONVERSION = YES_AGGRESSIVE;
				CLANG_CXX_LANGUAGE_STANDARD = "gnu++20";
				CLANG_ENABLE_MODULES = YES;
				CLANG_ENABLE_OBJC_ARC = YES;
				CLANG_ENABLE_OBJC_WEAK = YES;
				CLANG_WARN_BLOCK_CAPTURE_AUTORELEASING = YES;
				CLANG_WARN_BOOL_CONVERSION = YES;
				CLANG_WARN_COMMA = YES;
				CLANG_WARN_CONSTANT_CONVERSION = YES;
				CLANG_WARN_DEPRECATED_OBJC_IMPLEMENTATIONS = YES;
				CLANG_WARN_DIRECT_OBJC_ISA_USAGE = YES_ERROR;
				CLANG_WARN_DOCUMENTATION_COMMENTS = YES;
				CLANG_WARN_EMPTY_BODY = YES;
				CLANG_WARN_ENUM_CONVERSION = YES;
				CLANG_WARN_INFINITE_RECURSION = YES;
				CLANG_WARN_INT_CONVERSION = YES;
				CLANG_WARN_NON_LITERAL_NULL_CONVERSION = YES;
				CLANG_WARN_OBJC_IMPLICIT_RETAIN_SELF = YES;
				CLANG_WARN_OBJC_LITERAL_CONVERSION = YES;
				CLANG_WARN_OBJC_ROOT_CLASS = YES_ERROR;
				CLANG_WARN_QUOTED_INCLUDE_IN_FRAMEWORK_HEADER = YES;
				CLANG_WARN_RANGE_LOOP_ANALYSIS = YES;
				CLANG_WARN_STRICT_PROTOTYPES = YES;
				CLANG_WARN_SUSPICIOUS_MOVE = YES;
				CLANG_WARN_UNGUARDED_AVAILABILITY = YES_AGGRESSIVE;
				CLANG_WARN_UNREACHABLE_CODE = YES;
				CLANG_WARN__DUPLICATE_METHOD_MATCH = YES;
				COPY_PHASE_STRIP = NO;
				DEBUG_INFORMATION_FORMAT = "dwarf-with-dsym";
				ENABLE_NS_ASSERTIONS = NO;
				ENABLE_STRICT_OBJC_MSGSEND = YES;
				GCC_C_LANGUAGE_STANDARD = gnu11;
				GCC_NO_COMMON_BLOCKS = YES;
				GCC_WARN_64_TO_32_BIT_CONVERSION = YES;
				GCC_WARN_ABOUT_RETURN_TYPE = YES_ERROR;
				GCC_WARN_UNDECLARED_SELECTOR = YES;
				GCC_WARN_UNINITIALIZED_AUTOS = YES_AGGRESSIVE;
				GCC_WARN_UNUSED_FUNCTION = YES;
				GCC_WARN_UNUSED_VARIABLE = YES;
				IPHONEOS_DEPLOYMENT_TARGET = 14.0;
				MTL_ENABLE_DEBUG_INFO = NO;
				MTL_FAST_MATH = YES;
				SDKROOT = iphoneos;
				SWIFT_COMPILATION_MODE = wholemodule;
				SWIFT_OPTIMIZATION_LEVEL = "-O";
				VALIDATE_PRODUCT = YES;
			};
			name = Release;
		};
		188CC4152A4D7FDB00BAB85A /* Debug */ = {
			isa = XCBuildConfiguration;
			buildSettings = {
				ASSETCATALOG_COMPILER_APPICON_NAME = AppIcon;
				ASSETCATALOG_COMPILER_GLOBAL_ACCENT_COLOR_NAME = AccentColor;
				CODE_SIGN_STYLE = Automatic;
				CURRENT_PROJECT_VERSION = 1;
				DEVELOPMENT_TEAM = BH7V49ZZ2G;
				GENERATE_INFOPLIST_FILE = YES;
				INFOPLIST_FILE = FanFollow/Resource/Info.plist;
				INFOPLIST_KEY_UIApplicationSupportsIndirectInputEvents = YES;
				INFOPLIST_KEY_UILaunchStoryboardName = LaunchScreen;
				INFOPLIST_KEY_UIMainStoryboardFile = "";
				INFOPLIST_KEY_UISupportedInterfaceOrientations_iPad = "UIInterfaceOrientationPortrait UIInterfaceOrientationPortraitUpsideDown UIInterfaceOrientationLandscapeLeft UIInterfaceOrientationLandscapeRight";
				INFOPLIST_KEY_UISupportedInterfaceOrientations_iPhone = "UIInterfaceOrientationPortrait UIInterfaceOrientationLandscapeLeft UIInterfaceOrientationLandscapeRight";
				IPHONEOS_DEPLOYMENT_TARGET = 14.0;
				LD_RUNPATH_SEARCH_PATHS = (
					"$(inherited)",
					"@executable_path/Frameworks",
				);
				MARKETING_VERSION = 1.0;
				PRODUCT_BUNDLE_IDENTIFIER = com.youngcha.FanFollow;
				PRODUCT_NAME = "$(TARGET_NAME)";
				SUPPORTED_PLATFORMS = "iphoneos iphonesimulator";
				SUPPORTS_MACCATALYST = NO;
				SUPPORTS_MAC_DESIGNED_FOR_IPHONE_IPAD = NO;
				SWIFT_EMIT_LOC_STRINGS = YES;
				SWIFT_VERSION = 5.0;
				TARGETED_DEVICE_FAMILY = 1;
			};
			name = Debug;
		};
		188CC4162A4D7FDB00BAB85A /* Release */ = {
			isa = XCBuildConfiguration;
			buildSettings = {
				ASSETCATALOG_COMPILER_APPICON_NAME = AppIcon;
				ASSETCATALOG_COMPILER_GLOBAL_ACCENT_COLOR_NAME = AccentColor;
				CODE_SIGN_STYLE = Automatic;
				CURRENT_PROJECT_VERSION = 1;
				DEVELOPMENT_TEAM = BH7V49ZZ2G;
				GENERATE_INFOPLIST_FILE = YES;
				INFOPLIST_FILE = FanFollow/Resource/Info.plist;
				INFOPLIST_KEY_UIApplicationSupportsIndirectInputEvents = YES;
				INFOPLIST_KEY_UILaunchStoryboardName = LaunchScreen;
				INFOPLIST_KEY_UIMainStoryboardFile = "";
				INFOPLIST_KEY_UISupportedInterfaceOrientations_iPad = "UIInterfaceOrientationPortrait UIInterfaceOrientationPortraitUpsideDown UIInterfaceOrientationLandscapeLeft UIInterfaceOrientationLandscapeRight";
				INFOPLIST_KEY_UISupportedInterfaceOrientations_iPhone = "UIInterfaceOrientationPortrait UIInterfaceOrientationLandscapeLeft UIInterfaceOrientationLandscapeRight";
				IPHONEOS_DEPLOYMENT_TARGET = 14.0;
				LD_RUNPATH_SEARCH_PATHS = (
					"$(inherited)",
					"@executable_path/Frameworks",
				);
				MARKETING_VERSION = 1.0;
				PRODUCT_BUNDLE_IDENTIFIER = com.youngcha.FanFollow;
				PRODUCT_NAME = "$(TARGET_NAME)";
				SUPPORTED_PLATFORMS = "iphoneos iphonesimulator";
				SUPPORTS_MACCATALYST = NO;
				SUPPORTS_MAC_DESIGNED_FOR_IPHONE_IPAD = NO;
				SWIFT_EMIT_LOC_STRINGS = YES;
				SWIFT_VERSION = 5.0;
				TARGETED_DEVICE_FAMILY = 1;
			};
			name = Release;
		};
		18C1E5272A55488900A41AC5 /* Debug */ = {
			isa = XCBuildConfiguration;
			buildSettings = {
				BUNDLE_LOADER = "$(TEST_HOST)";
				CODE_SIGN_STYLE = Automatic;
				CURRENT_PROJECT_VERSION = 1;
				DEVELOPMENT_TEAM = BH7V49ZZ2G;
				GENERATE_INFOPLIST_FILE = YES;
				IPHONEOS_DEPLOYMENT_TARGET = 14.0;
				MARKETING_VERSION = 1.0;
				PRODUCT_BUNDLE_IDENTIFIER = com.FanFollow.NetworkManagerTests;
				PRODUCT_NAME = "$(TARGET_NAME)";
				SUPPORTED_PLATFORMS = "iphoneos iphonesimulator";
				SUPPORTS_MACCATALYST = NO;
				SUPPORTS_MAC_DESIGNED_FOR_IPHONE_IPAD = NO;
				SWIFT_EMIT_LOC_STRINGS = NO;
				SWIFT_VERSION = 5.0;
				TARGETED_DEVICE_FAMILY = 1;
				TEST_HOST = "$(BUILT_PRODUCTS_DIR)/FanFollow.app/FanFollow";
			};
			name = Debug;
		};
		18C1E5282A55488900A41AC5 /* Release */ = {
			isa = XCBuildConfiguration;
			buildSettings = {
				BUNDLE_LOADER = "$(TEST_HOST)";
				CODE_SIGN_STYLE = Automatic;
				CURRENT_PROJECT_VERSION = 1;
				DEVELOPMENT_TEAM = BH7V49ZZ2G;
				GENERATE_INFOPLIST_FILE = YES;
				IPHONEOS_DEPLOYMENT_TARGET = 14.0;
				MARKETING_VERSION = 1.0;
				PRODUCT_BUNDLE_IDENTIFIER = com.FanFollow.NetworkManagerTests;
				PRODUCT_NAME = "$(TARGET_NAME)";
				SUPPORTED_PLATFORMS = "iphoneos iphonesimulator";
				SUPPORTS_MACCATALYST = NO;
				SUPPORTS_MAC_DESIGNED_FOR_IPHONE_IPAD = NO;
				SWIFT_EMIT_LOC_STRINGS = NO;
				SWIFT_VERSION = 5.0;
				TARGETED_DEVICE_FAMILY = 1;
				TEST_HOST = "$(BUILT_PRODUCTS_DIR)/FanFollow.app/FanFollow";
			};
			name = Release;
		};
		EBA8EB562A5FBE2D00998630 /* Debug */ = {
			isa = XCBuildConfiguration;
			buildSettings = {
				BUNDLE_LOADER = "$(TEST_HOST)";
				CODE_SIGN_STYLE = Automatic;
				CURRENT_PROJECT_VERSION = 1;
				DEVELOPMENT_TEAM = Q76RZAC2A2;
				GENERATE_INFOPLIST_FILE = YES;
				IPHONEOS_DEPLOYMENT_TARGET = 14.0;
				MARKETING_VERSION = 1.0;
				PRODUCT_BUNDLE_IDENTIFIER = com.FanFollow.UseCaseTests.UseCaseTests;
				PRODUCT_NAME = "$(TARGET_NAME)";
				SUPPORTED_PLATFORMS = "iphoneos iphonesimulator";
				SUPPORTS_MACCATALYST = NO;
				SUPPORTS_MAC_DESIGNED_FOR_IPHONE_IPAD = NO;
				SWIFT_EMIT_LOC_STRINGS = NO;
				SWIFT_VERSION = 5.0;
				TARGETED_DEVICE_FAMILY = 1;
				TEST_HOST = "$(BUILT_PRODUCTS_DIR)/FanFollow.app/$(BUNDLE_EXECUTABLE_FOLDER_PATH)/FanFollow";
			};
			name = Debug;
		};
		EBA8EB572A5FBE2D00998630 /* Release */ = {
			isa = XCBuildConfiguration;
			buildSettings = {
				BUNDLE_LOADER = "$(TEST_HOST)";
				CODE_SIGN_STYLE = Automatic;
				CURRENT_PROJECT_VERSION = 1;
				DEVELOPMENT_TEAM = Q76RZAC2A2;
				GENERATE_INFOPLIST_FILE = YES;
				IPHONEOS_DEPLOYMENT_TARGET = 14.0;
				MARKETING_VERSION = 1.0;
				PRODUCT_BUNDLE_IDENTIFIER = com.FanFollow.UseCaseTests.UseCaseTests;
				PRODUCT_NAME = "$(TARGET_NAME)";
				SUPPORTED_PLATFORMS = "iphoneos iphonesimulator";
				SUPPORTS_MACCATALYST = NO;
				SUPPORTS_MAC_DESIGNED_FOR_IPHONE_IPAD = NO;
				SWIFT_EMIT_LOC_STRINGS = NO;
				SWIFT_VERSION = 5.0;
				TARGETED_DEVICE_FAMILY = 1;
				TEST_HOST = "$(BUILT_PRODUCTS_DIR)/FanFollow.app/$(BUNDLE_EXECUTABLE_FOLDER_PATH)/FanFollow";
			};
			name = Release;
		};
		EBAA0A652A56EBEA0033ED0F /* Debug */ = {
			isa = XCBuildConfiguration;
			buildSettings = {
				BUNDLE_LOADER = "$(TEST_HOST)";
				CODE_SIGN_STYLE = Automatic;
				CURRENT_PROJECT_VERSION = 1;
				DEVELOPMENT_TEAM = BH7V49ZZ2G;
				GENERATE_INFOPLIST_FILE = YES;
				IPHONEOS_DEPLOYMENT_TARGET = 14.0;
				MARKETING_VERSION = 1.0;
				PRODUCT_BUNDLE_IDENTIFIER = com.example.practice.ServiceTests;
				PRODUCT_NAME = "$(TARGET_NAME)";
				SUPPORTED_PLATFORMS = "iphoneos iphonesimulator";
				SUPPORTS_MACCATALYST = NO;
				SUPPORTS_MAC_DESIGNED_FOR_IPHONE_IPAD = NO;
				SWIFT_EMIT_LOC_STRINGS = NO;
				SWIFT_VERSION = 5.0;
				TARGETED_DEVICE_FAMILY = 1;
				TEST_HOST = "$(BUILT_PRODUCTS_DIR)/FanFollow.app/FanFollow";
			};
			name = Debug;
		};
		EBAA0A662A56EBEA0033ED0F /* Release */ = {
			isa = XCBuildConfiguration;
			buildSettings = {
				BUNDLE_LOADER = "$(TEST_HOST)";
				CODE_SIGN_STYLE = Automatic;
				CURRENT_PROJECT_VERSION = 1;
				DEVELOPMENT_TEAM = BH7V49ZZ2G;
				GENERATE_INFOPLIST_FILE = YES;
				IPHONEOS_DEPLOYMENT_TARGET = 14.0;
				MARKETING_VERSION = 1.0;
				PRODUCT_BUNDLE_IDENTIFIER = com.example.practice.ServiceTests;
				PRODUCT_NAME = "$(TARGET_NAME)";
				SUPPORTED_PLATFORMS = "iphoneos iphonesimulator";
				SUPPORTS_MACCATALYST = NO;
				SUPPORTS_MAC_DESIGNED_FOR_IPHONE_IPAD = NO;
				SWIFT_EMIT_LOC_STRINGS = NO;
				SWIFT_VERSION = 5.0;
				TARGETED_DEVICE_FAMILY = 1;
				TEST_HOST = "$(BUILT_PRODUCTS_DIR)/FanFollow.app/FanFollow";
			};
			name = Release;
		};
/* End XCBuildConfiguration section */

/* Begin XCConfigurationList section */
		188CC3FB2A4D7FD900BAB85A /* Build configuration list for PBXProject "FanFollow" */ = {
			isa = XCConfigurationList;
			buildConfigurations = (
				188CC4122A4D7FDB00BAB85A /* Debug */,
				188CC4132A4D7FDB00BAB85A /* Release */,
			);
			defaultConfigurationIsVisible = 0;
			defaultConfigurationName = Release;
		};
		188CC4142A4D7FDB00BAB85A /* Build configuration list for PBXNativeTarget "FanFollow" */ = {
			isa = XCConfigurationList;
			buildConfigurations = (
				188CC4152A4D7FDB00BAB85A /* Debug */,
				188CC4162A4D7FDB00BAB85A /* Release */,
			);
			defaultConfigurationIsVisible = 0;
			defaultConfigurationName = Release;
		};
		18C1E5262A55488900A41AC5 /* Build configuration list for PBXNativeTarget "NetworkServiceTests" */ = {
			isa = XCConfigurationList;
			buildConfigurations = (
				18C1E5272A55488900A41AC5 /* Debug */,
				18C1E5282A55488900A41AC5 /* Release */,
			);
			defaultConfigurationIsVisible = 0;
			defaultConfigurationName = Release;
		};
		EBA8EB552A5FBE2D00998630 /* Build configuration list for PBXNativeTarget "UseCaseTests" */ = {
			isa = XCConfigurationList;
			buildConfigurations = (
				EBA8EB562A5FBE2D00998630 /* Debug */,
				EBA8EB572A5FBE2D00998630 /* Release */,
			);
			defaultConfigurationIsVisible = 0;
			defaultConfigurationName = Release;
		};
		EBAA0A672A56EBEA0033ED0F /* Build configuration list for PBXNativeTarget "RepositoryTests" */ = {
			isa = XCConfigurationList;
			buildConfigurations = (
				EBAA0A652A56EBEA0033ED0F /* Debug */,
				EBAA0A662A56EBEA0033ED0F /* Release */,
			);
			defaultConfigurationIsVisible = 0;
			defaultConfigurationName = Release;
		};
/* End XCConfigurationList section */

/* Begin XCRemoteSwiftPackageReference section */
		18287CEA2A56927A0042E0F2 /* XCRemoteSwiftPackageReference "RxSwift" */ = {
			isa = XCRemoteSwiftPackageReference;
			repositoryURL = "https://github.com/ReactiveX/RxSwift.git";
			requirement = {
				kind = exactVersion;
				version = 6.2.0;
			};
		};
		182CAB4A2A5BA9AD00206EF7 /* XCRemoteSwiftPackageReference "RxDataSources" */ = {
			isa = XCRemoteSwiftPackageReference;
			repositoryURL = "https://github.com/RxSwiftCommunity/RxDataSources.git";
			requirement = {
				kind = exactVersion;
				version = 5.0.2;
			};
		};
		188CC41E2A4D820F00BAB85A /* XCRemoteSwiftPackageReference "SnapKit" */ = {
			isa = XCRemoteSwiftPackageReference;
			repositoryURL = "https://github.com/SnapKit/SnapKit.git";
			requirement = {
				kind = exactVersion;
				version = 5.0.1;
			};
		};
		188CC4212A4D824800BAB85A /* XCRemoteSwiftPackageReference "Then" */ = {
			isa = XCRemoteSwiftPackageReference;
			repositoryURL = "https://github.com/devxoul/Then.git";
			requirement = {
				kind = exactVersion;
				version = 2.6.0;
			};
		};
/* End XCRemoteSwiftPackageReference section */

/* Begin XCSwiftPackageProductDependency section */
		18287CED2A56927A0042E0F2 /* RxCocoa */ = {
			isa = XCSwiftPackageProductDependency;
			package = 18287CEA2A56927A0042E0F2 /* XCRemoteSwiftPackageReference "RxSwift" */;
			productName = RxCocoa;
		};
		18287CEF2A56927A0042E0F2 /* RxRelay */ = {
			isa = XCSwiftPackageProductDependency;
			package = 18287CEA2A56927A0042E0F2 /* XCRemoteSwiftPackageReference "RxSwift" */;
			productName = RxRelay;
		};
		18287CF12A56927A0042E0F2 /* RxSwift */ = {
			isa = XCSwiftPackageProductDependency;
			package = 18287CEA2A56927A0042E0F2 /* XCRemoteSwiftPackageReference "RxSwift" */;
			productName = RxSwift;
		};
		18287CF52A56935F0042E0F2 /* RxBlocking */ = {
			isa = XCSwiftPackageProductDependency;
			package = 18287CEA2A56927A0042E0F2 /* XCRemoteSwiftPackageReference "RxSwift" */;
			productName = RxBlocking;
		};
		18287CF92A56935F0042E0F2 /* RxRelay */ = {
			isa = XCSwiftPackageProductDependency;
			package = 18287CEA2A56927A0042E0F2 /* XCRemoteSwiftPackageReference "RxSwift" */;
			productName = RxRelay;
		};
		18287CFB2A56935F0042E0F2 /* RxSwift */ = {
			isa = XCSwiftPackageProductDependency;
			package = 18287CEA2A56927A0042E0F2 /* XCRemoteSwiftPackageReference "RxSwift" */;
			productName = RxSwift;
		};
		18287CFD2A56935F0042E0F2 /* RxTest */ = {
			isa = XCSwiftPackageProductDependency;
			package = 18287CEA2A56927A0042E0F2 /* XCRemoteSwiftPackageReference "RxSwift" */;
			productName = RxTest;
		};
		182CAB4B2A5BA9AD00206EF7 /* Differentiator */ = {
			isa = XCSwiftPackageProductDependency;
			package = 182CAB4A2A5BA9AD00206EF7 /* XCRemoteSwiftPackageReference "RxDataSources" */;
			productName = Differentiator;
		};
		182CAB4D2A5BA9AD00206EF7 /* RxDataSources */ = {
			isa = XCSwiftPackageProductDependency;
			package = 182CAB4A2A5BA9AD00206EF7 /* XCRemoteSwiftPackageReference "RxDataSources" */;
			productName = RxDataSources;
		};
		188CC41F2A4D820F00BAB85A /* SnapKit */ = {
			isa = XCSwiftPackageProductDependency;
			package = 188CC41E2A4D820F00BAB85A /* XCRemoteSwiftPackageReference "SnapKit" */;
			productName = SnapKit;
		};
		188CC4222A4D824800BAB85A /* Then */ = {
			isa = XCSwiftPackageProductDependency;
			package = 188CC4212A4D824800BAB85A /* XCRemoteSwiftPackageReference "Then" */;
			productName = Then;
		};
		EB82EAC52A60EC3100372BDB /* RxCocoa */ = {
			isa = XCSwiftPackageProductDependency;
			package = 18287CEA2A56927A0042E0F2 /* XCRemoteSwiftPackageReference "RxSwift" */;
			productName = RxCocoa;
		};
		EBA8EB592A5FBE8300998630 /* RxBlocking */ = {
			isa = XCSwiftPackageProductDependency;
			package = 18287CEA2A56927A0042E0F2 /* XCRemoteSwiftPackageReference "RxSwift" */;
			productName = RxBlocking;
		};
		EBA8EB5B2A5FBE8300998630 /* RxRelay */ = {
			isa = XCSwiftPackageProductDependency;
			package = 18287CEA2A56927A0042E0F2 /* XCRemoteSwiftPackageReference "RxSwift" */;
			productName = RxRelay;
		};
		EBA8EB5D2A5FBE8300998630 /* RxSwift */ = {
			isa = XCSwiftPackageProductDependency;
			package = 18287CEA2A56927A0042E0F2 /* XCRemoteSwiftPackageReference "RxSwift" */;
			productName = RxSwift;
		};
		EBA8EB5F2A5FBE8300998630 /* RxTest */ = {
			isa = XCSwiftPackageProductDependency;
			package = 18287CEA2A56927A0042E0F2 /* XCRemoteSwiftPackageReference "RxSwift" */;
			productName = RxTest;
		};
		EBAA0A692A56EC4D0033ED0F /* RxBlocking */ = {
			isa = XCSwiftPackageProductDependency;
			package = 18287CEA2A56927A0042E0F2 /* XCRemoteSwiftPackageReference "RxSwift" */;
			productName = RxBlocking;
		};
		EBAA0A6B2A56EC4D0033ED0F /* RxRelay */ = {
			isa = XCSwiftPackageProductDependency;
			package = 18287CEA2A56927A0042E0F2 /* XCRemoteSwiftPackageReference "RxSwift" */;
			productName = RxRelay;
		};
		EBAA0A6D2A56EC4D0033ED0F /* RxSwift */ = {
			isa = XCSwiftPackageProductDependency;
			package = 18287CEA2A56927A0042E0F2 /* XCRemoteSwiftPackageReference "RxSwift" */;
			productName = RxSwift;
		};
		EBAA0A6F2A56EC4D0033ED0F /* RxTest */ = {
			isa = XCSwiftPackageProductDependency;
			package = 18287CEA2A56927A0042E0F2 /* XCRemoteSwiftPackageReference "RxSwift" */;
			productName = RxTest;
		};
/* End XCSwiftPackageProductDependency section */
	};
	rootObject = 188CC3F82A4D7FD900BAB85A /* Project object */;
}
